// !$*UTF8*$!
{
	archiveVersion = 1;
	classes = {
	};
	objectVersion = 77;
	objects = {

/* Begin PBXBuildFile section */
		BF0D031C2DEDA95900115365 /* libBiliBiliMDDylib.dylib in Copy Files */ = {isa = PBXBuildFile; fileRef = BF0D031B2DEDA95900115365 /* libBiliBiliMDDylib.dylib */; settings = {ATTRIBUTES = (CodeSignOnCopy, ); }; };
		BF0D03212DEDA95900115365 /* JavaScriptCore.framework in Frameworks */ = {isa = PBXBuildFile; fileRef = BF0D03202DEDA95900115365 /* JavaScriptCore.framework */; };
		BF0D03232DEDA95900115365 /* Foundation.framework in Frameworks */ = {isa = PBXBuildFile; fileRef = BF0D03222DEDA95900115365 /* Foundation.framework */; };
		BF0D03252DEDA95900115365 /* UIKit.framework in Frameworks */ = {isa = PBXBuildFile; fileRef = BF0D03242DEDA95900115365 /* UIKit.framework */; };
		BF0D032D2DEDA95900115365 /* MDConfigManager.h in Headers */ = {isa = PBXBuildFile; fileRef = BF0D032C2DEDA95900115365 /* MDConfigManager.h */; };
		BF0D032F2DEDA95900115365 /* MDConfigManager.m in Sources */ = {isa = PBXBuildFile; fileRef = BF0D032E2DEDA95900115365 /* MDConfigManager.m */; };
		BF0D03312DEDA95900115365 /* MDCycriptManager.h in Headers */ = {isa = PBXBuildFile; fileRef = BF0D03302DEDA95900115365 /* MDCycriptManager.h */; };
		BF0D03332DEDA95900115365 /* MDCycriptManager.m in Sources */ = {isa = PBXBuildFile; fileRef = BF0D03322DEDA95900115365 /* MDCycriptManager.m */; };
		BF0D03352DEDA95900115365 /* MDMethodTrace.h in Headers */ = {isa = PBXBuildFile; fileRef = BF0D03342DEDA95900115365 /* MDMethodTrace.h */; };
		BF0D03372DEDA95900115365 /* MDMethodTrace.m in Sources */ = {isa = PBXBuildFile; fileRef = BF0D03362DEDA95900115365 /* MDMethodTrace.m */; };
		BF0D033A2DEDA95900115365 /* a1a2-selectortramps-arm.s in Sources */ = {isa = PBXBuildFile; fileRef = BF0D03392DEDA95900115365 /* a1a2-selectortramps-arm.s */; };
		BF0D033C2DEDA95900115365 /* a1a2-selectortramps-arm64.s in Sources */ = {isa = PBXBuildFile; fileRef = BF0D033B2DEDA95900115365 /* a1a2-selectortramps-arm64.s */; };
		BF0D033E2DEDA95900115365 /* a1a2-selectortramps-i386.s in Sources */ = {isa = PBXBuildFile; fileRef = BF0D033D2DEDA95900115365 /* a1a2-selectortramps-i386.s */; };
		BF0D03402DEDA95900115365 /* a1a2-selectortramps-x86_64.s in Sources */ = {isa = PBXBuildFile; fileRef = BF0D033F2DEDA95900115365 /* a1a2-selectortramps-x86_64.s */; };
		BF0D03422DEDA95900115365 /* a2a3-selectortramps-arm.s in Sources */ = {isa = PBXBuildFile; fileRef = BF0D03412DEDA95900115365 /* a2a3-selectortramps-arm.s */; };
		BF0D03442DEDA95900115365 /* a2a3-selectortramps-i386.s in Sources */ = {isa = PBXBuildFile; fileRef = BF0D03432DEDA95900115365 /* a2a3-selectortramps-i386.s */; };
		BF0D03462DEDA95900115365 /* a2a3-selectortramps-x86_64.s in Sources */ = {isa = PBXBuildFile; fileRef = BF0D03452DEDA95900115365 /* a2a3-selectortramps-x86_64.s */; };
		BF0D03482DEDA95900115365 /* OCMethodTrace.h in Headers */ = {isa = PBXBuildFile; fileRef = BF0D03472DEDA95900115365 /* OCMethodTrace.h */; };
		BF0D034A2DEDA95900115365 /* OCMethodTrace.m in Sources */ = {isa = PBXBuildFile; fileRef = BF0D03492DEDA95900115365 /* OCMethodTrace.m */; };
		BF0D034C2DEDA95900115365 /* OCSelectorTrampolines.h in Headers */ = {isa = PBXBuildFile; fileRef = BF0D034B2DEDA95900115365 /* OCSelectorTrampolines.h */; };
		BF0D034E2DEDA95900115365 /* OCSelectorTrampolines.mm in Sources */ = {isa = PBXBuildFile; fileRef = BF0D034D2DEDA95900115365 /* OCSelectorTrampolines.mm */; };
		BF0D03522DEDA95900115365 /* LLDBTools.h in Headers */ = {isa = PBXBuildFile; fileRef = BF0D03512DEDA95900115365 /* LLDBTools.h */; };
		BF0D03542DEDA95900115365 /* LLDBTools.mm in Sources */ = {isa = PBXBuildFile; fileRef = BF0D03532DEDA95900115365 /* LLDBTools.mm */; };
		BF0D03592DEDA95900115365 /* AntiAntiDebug.m in Sources */ = {isa = PBXBuildFile; fileRef = BF0D03582DEDA95900115365 /* AntiAntiDebug.m */; };
		BF0D035C2DEDA95900115365 /* fishhook.c in Sources */ = {isa = PBXBuildFile; fileRef = BF0D035B2DEDA95900115365 /* fishhook.c */; };
		BF0D035E2DEDA95900115365 /* fishhook.h in Headers */ = {isa = PBXBuildFile; fileRef = BF0D035D2DEDA95900115365 /* fishhook.h */; };
		BF0D03602DEDA95900115365 /* BiliBiliMDDylib.h in Headers */ = {isa = PBXBuildFile; fileRef = BF0D035F2DEDA95900115365 /* BiliBiliMDDylib.h */; };
		BF0D03622DEDA95900115365 /* BiliBiliMDDylib.m in Sources */ = {isa = PBXBuildFile; fileRef = BF0D03612DEDA95900115365 /* BiliBiliMDDylib.m */; };
		BF96C3332E42034900BC252C /* NJLiveIndexFeedBannerV2Entity.h in Headers */ = {isa = PBXBuildFile; fileRef = BF96C2DE2E42034900BC252C /* NJLiveIndexFeedBannerV2Entity.h */; };
		BF96C3342E42034900BC252C /* NJAnimeChannelCardHandler.h in Headers */ = {isa = PBXBuildFile; fileRef = BF96C2C22E42034900BC252C /* NJAnimeChannelCardHandler.h */; };
		BF96C3352E42034900BC252C /* NSURL+NJPath.h in Headers */ = {isa = PBXBuildFile; fileRef = BF96C2AC2E42034900BC252C /* NSURL+NJPath.h */; };
		BF96C3362E42034900BC252C /* NJSettingSkullTableViewCell.h in Headers */ = {isa = PBXBuildFile; fileRef = BF96C3192E42034900BC252C /* NJSettingSkullTableViewCell.h */; };
		BF96C3372E42034900BC252C /* MASCompositeConstraint.h in Headers */ = {isa = PBXBuildFile; fileRef = BF96C31C2E42034900BC252C /* MASCompositeConstraint.h */; };
		BF96C3382E42034900BC252C /* NSArray+MASAdditions.h in Headers */ = {isa = PBXBuildFile; fileRef = BF96C3252E42034900BC252C /* NSArray+MASAdditions.h */; };
		BF96C3392E42034900BC252C /* NJLiveIndexFeedCardHandler.h in Headers */ = {isa = PBXBuildFile; fileRef = BF96C2E22E42034900BC252C /* NJLiveIndexFeedCardHandler.h */; };
		BF96C33A2E42034900BC252C /* NJSearchSquareCardHandler.h in Headers */ = {isa = PBXBuildFile; fileRef = BF96C30D2E42034900BC252C /* NJSearchSquareCardHandler.h */; };
		BF96C33B2E42034900BC252C /* UIImageView+BBSFreeDataWebCache.h in Headers */ = {isa = PBXBuildFile; fileRef = BF96C2B42E42034900BC252C /* UIImageView+BBSFreeDataWebCache.h */; };
		BF96C33C2E42034900BC252C /* NJHotTopicSmallCoverV5Entity.h in Headers */ = {isa = PBXBuildFile; fileRef = BF96C2D02E42034900BC252C /* NJHotTopicSmallCoverV5Entity.h */; };
		BF96C33D2E42034900BC252C /* NJRcmdBannerV8Entry.h in Headers */ = {isa = PBXBuildFile; fileRef = BF96C2EE2E42034900BC252C /* NJRcmdBannerV8Entry.h */; };
		BF96C33E2E42034900BC252C /* NJAnimeChannelBannerEntity.h in Headers */ = {isa = PBXBuildFile; fileRef = BF96C2BE2E42034900BC252C /* NJAnimeChannelBannerEntity.h */; };
		BF96C33F2E42034900BC252C /* ViewController+MASAdditions.h in Headers */ = {isa = PBXBuildFile; fileRef = BF96C32A2E42034900BC252C /* ViewController+MASAdditions.h */; };
		BF96C3402E42034900BC252C /* NJHotTopicCardEntity.h in Headers */ = {isa = PBXBuildFile; fileRef = BF96C2CA2E42034900BC252C /* NJHotTopicCardEntity.h */; };
		BF96C3412E42034900BC252C /* UIImage+NJCategory.h in Headers */ = {isa = PBXBuildFile; fileRef = BF96C2B22E42034900BC252C /* UIImage+NJCategory.h */; };
		BF96C3422E42034900BC252C /* NJHotTopicRcmdOneItemEntity.h in Headers */ = {isa = PBXBuildFile; fileRef = BF96C2CE2E42034900BC252C /* NJHotTopicRcmdOneItemEntity.h */; };
		BF96C3432E42034900BC252C /* MASLayoutConstraint.h in Headers */ = {isa = PBXBuildFile; fileRef = BF96C3202E42034900BC252C /* MASLayoutConstraint.h */; };
		BF96C3442E42034900BC252C /* MASConstraintMaker.h in Headers */ = {isa = PBXBuildFile; fileRef = BF96C31F2E42034900BC252C /* MASConstraintMaker.h */; };
		BF96C3452E42034900BC252C /* Masonry.h in Headers */ = {isa = PBXBuildFile; fileRef = BF96C3212E42034900BC252C /* Masonry.h */; };
		BF96C3462E42034900BC252C /* UIColor+NJColor.h in Headers */ = {isa = PBXBuildFile; fileRef = BF96C2B02E42034900BC252C /* UIColor+NJColor.h */; };
		BF96C3472E42034900BC252C /* NJSearchSquareRecommendEntity.h in Headers */ = {isa = PBXBuildFile; fileRef = BF96C3112E42034900BC252C /* NJSearchSquareRecommendEntity.h */; };
		BF96C3482E42034900BC252C /* NJAnimeChannelCardEntity.h in Headers */ = {isa = PBXBuildFile; fileRef = BF96C2C02E42034900BC252C /* NJAnimeChannelCardEntity.h */; };
		BF96C3492E42034900BC252C /* NJCommonDefine.h in Headers */ = {isa = PBXBuildFile; fileRef = BF96C32E2E42034900BC252C /* NJCommonDefine.h */; };
		BF96C34A2E42034900BC252C /* MASViewConstraint.h in Headers */ = {isa = PBXBuildFile; fileRef = BF96C3242E42034900BC252C /* MASViewConstraint.h */; };
		BF96C34B2E42034900BC252C /* NJLiveIndexFeedBannerV1Entity.h in Headers */ = {isa = PBXBuildFile; fileRef = BF96C2DC2E42034900BC252C /* NJLiveIndexFeedBannerV1Entity.h */; };
		BF96C34C2E42034900BC252C /* NSLayoutConstraint+MASDebugAdditions.h in Headers */ = {isa = PBXBuildFile; fileRef = BF96C3272E42034900BC252C /* NSLayoutConstraint+MASDebugAdditions.h */; };
		BF96C34D2E42034900BC252C /* NJSearchSquareCardEntity.h in Headers */ = {isa = PBXBuildFile; fileRef = BF96C30B2E42034900BC252C /* NJSearchSquareCardEntity.h */; };
		BF96C34E2E42034900BC252C /* NJAnimeChannelDataItem.h in Headers */ = {isa = PBXBuildFile; fileRef = BF96C2C72E42034900BC252C /* NJAnimeChannelDataItem.h */; };
		BF96C34F2E42034900BC252C /* UIViewController+NJFind.h in Headers */ = {isa = PBXBuildFile; fileRef = BF96C2B52E42034900BC252C /* UIViewController+NJFind.h */; };
		BF96C3502E42034900BC252C /* NJLiveSecondGetListDataItem.h in Headers */ = {isa = PBXBuildFile; fileRef = BF96C2E82E42034900BC252C /* NJLiveSecondGetListDataItem.h */; };
		BF96C3512E42034900BC252C /* MASConstraint+Private.h in Headers */ = {isa = PBXBuildFile; fileRef = BF96C31E2E42034900BC252C /* MASConstraint+Private.h */; };
		BF96C3522E42034900BC252C /* NJApiDataItem.h in Headers */ = {isa = PBXBuildFile; fileRef = BF96C3042E42034900BC252C /* NJApiDataItem.h */; };
		BF96C3532E42034900BC252C /* View+MASShorthandAdditions.h in Headers */ = {isa = PBXBuildFile; fileRef = BF96C3292E42034900BC252C /* View+MASShorthandAdditions.h */; };
		BF96C3542E42034900BC252C /* NJSearchSquareDataItem.h in Headers */ = {isa = PBXBuildFile; fileRef = BF96C30F2E42034900BC252C /* NJSearchSquareDataItem.h */; };
		BF96C3552E42034900BC252C /* NJRcmdCardEntry.h in Headers */ = {isa = PBXBuildFile; fileRef = BF96C2F02E42034900BC252C /* NJRcmdCardEntry.h */; };
		BF96C3562E42034900BC252C /* MASConstraint.h in Headers */ = {isa = PBXBuildFile; fileRef = BF96C31D2E42034900BC252C /* MASConstraint.h */; };
		BF96C3572E42034900BC252C /* NJLiveIndexFeedCardEntity.h in Headers */ = {isa = PBXBuildFile; fileRef = BF96C2E02E42034900BC252C /* NJLiveIndexFeedCardEntity.h */; };
		BF96C3582E42034900BC252C /* NJRcmdSmallCoverV2Entry.h in Headers */ = {isa = PBXBuildFile; fileRef = BF96C2F82E42034900BC252C /* NJRcmdSmallCoverV2Entry.h */; };
		BF96C3592E42034900BC252C /* NJLiveIndexFeedActivityCardV1Entity.h in Headers */ = {isa = PBXBuildFile; fileRef = BF96C2DA2E42034900BC252C /* NJLiveIndexFeedActivityCardV1Entity.h */; };
		BF96C35A2E42034900BC252C /* NJAsset.h in Headers */ = {isa = PBXBuildFile; fileRef = BF96C32C2E42034900BC252C /* NJAsset.h */; };
		BF96C35B2E42034900BC252C /* UIApplication+NJCategory.h in Headers */ = {isa = PBXBuildFile; fileRef = BF96C2AE2E42034900BC252C /* UIApplication+NJCategory.h */; };
		BF96C35C2E42034900BC252C /* BAPIAppCardV1Card.h in Headers */ = {isa = PBXBuildFile; fileRef = BF96C2D42E42034900BC252C /* BAPIAppCardV1Card.h */; };
		BF96C35D2E42034900BC252C /* NJRcmdCmDoubleV9Entry.h in Headers */ = {isa = PBXBuildFile; fileRef = BF96C2F42E42034900BC252C /* NJRcmdCmDoubleV9Entry.h */; };
		BF96C35E2E42034900BC252C /* NJApiDataManger.h in Headers */ = {isa = PBXBuildFile; fileRef = BF96C3062E42034900BC252C /* NJApiDataManger.h */; };
		BF96C35F2E42034900BC252C /* View+MASAdditions.h in Headers */ = {isa = PBXBuildFile; fileRef = BF96C3282E42034900BC252C /* View+MASAdditions.h */; };
		BF96C3602E42034900BC252C /* BAPIAppCardV1SmallCoverV5.h in Headers */ = {isa = PBXBuildFile; fileRef = BF96C2D52E42034900BC252C /* BAPIAppCardV1SmallCoverV5.h */; };
		BF96C3612E42034900BC252C /* NJLiveIndexFeedDataItem.h in Headers */ = {isa = PBXBuildFile; fileRef = BF96C2E52E42034900BC252C /* NJLiveIndexFeedDataItem.h */; };
		BF96C3622E42034900BC252C /* NJRcmdCardHandler.h in Headers */ = {isa = PBXBuildFile; fileRef = BF96C2F22E42034900BC252C /* NJRcmdCardHandler.h */; };
		BF96C3632E42034900BC252C /* NJAnimeChannelTipEntity.h in Headers */ = {isa = PBXBuildFile; fileRef = BF96C2C42E42034900BC252C /* NJAnimeChannelTipEntity.h */; };
		BF96C3642E42034900BC252C /* MASViewAttribute.h in Headers */ = {isa = PBXBuildFile; fileRef = BF96C3232E42034900BC252C /* MASViewAttribute.h */; };
		BF96C3652E42034900BC252C /* BAPIAppCardV1Base.h in Headers */ = {isa = PBXBuildFile; fileRef = BF96C2D32E42034900BC252C /* BAPIAppCardV1Base.h */; };
		BF96C3662E42034900BC252C /* MASUtilities.h in Headers */ = {isa = PBXBuildFile; fileRef = BF96C3222E42034900BC252C /* MASUtilities.h */; };
		BF96C3672E42034900BC252C /* NJRcmdCmV2Entry.h in Headers */ = {isa = PBXBuildFile; fileRef = BF96C2F62E42034900BC252C /* NJRcmdCmV2Entry.h */; };
		BF96C3682E42034900BC252C /* NJHotTopicCardHandler.h in Headers */ = {isa = PBXBuildFile; fileRef = BF96C2CC2E42034900BC252C /* NJHotTopicCardHandler.h */; };
		BF96C3692E42034900BC252C /* NJRcmdCardDataItem.h in Headers */ = {isa = PBXBuildFile; fileRef = BF96C2FD2E42034900BC252C /* NJRcmdCardDataItem.h */; };
		BF96C36A2E42034900BC252C /* NSArray+MASShorthandAdditions.h in Headers */ = {isa = PBXBuildFile; fileRef = BF96C3262E42034900BC252C /* NSArray+MASShorthandAdditions.h */; };
		BF96C36B2E42034900BC252C /* NJHotTopicAd.mm in Sources */ = {isa = PBXBuildFile; fileRef = BF96C2D72E42034900BC252C /* NJHotTopicAd.mm */; };
		BF96C36C2E42034900BC252C /* NJNetworkService.mm in Sources */ = {isa = PBXBuildFile; fileRef = BF96C3082E42034900BC252C /* NJNetworkService.mm */; };
		BF96C36D2E42034900BC252C /* NJLiveDetailAd.mm in Sources */ = {isa = PBXBuildFile; fileRef = BF96C2EB2E42034900BC252C /* NJLiveDetailAd.mm */; };
		BF96C36E2E42034900BC252C /* NJRcmdCardEntry.m in Sources */ = {isa = PBXBuildFile; fileRef = BF96C2F12E42034900BC252C /* NJRcmdCardEntry.m */; };
		BF96C36F2E42034900BC252C /* UIViewController+NJFind.m in Sources */ = {isa = PBXBuildFile; fileRef = BF96C2B62E42034900BC252C /* UIViewController+NJFind.m */; };
		BF96C3702E42034900BC252C /* NJHotTopicCardHandler.m in Sources */ = {isa = PBXBuildFile; fileRef = BF96C2CD2E42034900BC252C /* NJHotTopicCardHandler.m */; };
		BF96C3712E42034900BC252C /* NJLiveIndexFeedBannerV1Entity.m in Sources */ = {isa = PBXBuildFile; fileRef = BF96C2DD2E42034900BC252C /* NJLiveIndexFeedBannerV1Entity.m */; };
		BF96C3722E42034900BC252C /* NJSearchResultAd.mm in Sources */ = {isa = PBXBuildFile; fileRef = BF96C3142E42034900BC252C /* NJSearchResultAd.mm */; };
		BF96C3732E42034900BC252C /* NJAsset.m in Sources */ = {isa = PBXBuildFile; fileRef = BF96C32D2E42034900BC252C /* NJAsset.m */; };
		BF96C3742E42034900BC252C /* NJLiveIndexFeedActivityCardV1Entity.m in Sources */ = {isa = PBXBuildFile; fileRef = BF96C2DB2E42034900BC252C /* NJLiveIndexFeedActivityCardV1Entity.m */; };
		BF96C3752E42034900BC252C /* NJLiveIndexFeedCardEntity.m in Sources */ = {isa = PBXBuildFile; fileRef = BF96C2E12E42034900BC252C /* NJLiveIndexFeedCardEntity.m */; };
		BF96C3762E42034900BC252C /* NJSearchSquareDataItem.m in Sources */ = {isa = PBXBuildFile; fileRef = BF96C3102E42034900BC252C /* NJSearchSquareDataItem.m */; };
		BF96C3772E42034900BC252C /* NJRcmdSmallCoverV2Entry.m in Sources */ = {isa = PBXBuildFile; fileRef = BF96C2F92E42034900BC252C /* NJRcmdSmallCoverV2Entry.m */; };
		BF96C3782E42034900BC252C /* NJApiDataItem.m in Sources */ = {isa = PBXBuildFile; fileRef = BF96C3052E42034900BC252C /* NJApiDataItem.m */; };
		BF96C3792E42034900BC252C /* NJHotTopicCardEntity.m in Sources */ = {isa = PBXBuildFile; fileRef = BF96C2CB2E42034900BC252C /* NJHotTopicCardEntity.m */; };
		BF96C37A2E42034900BC252C /* NJHotTopicRcmdOneItemEntity.m in Sources */ = {isa = PBXBuildFile; fileRef = BF96C2CF2E42034900BC252C /* NJHotTopicRcmdOneItemEntity.m */; };
		BF96C37B2E42034900BC252C /* NJLiveIndexFeedCardHandler.m in Sources */ = {isa = PBXBuildFile; fileRef = BF96C2E32E42034900BC252C /* NJLiveIndexFeedCardHandler.m */; };
		BF96C37C2E42034900BC252C /* NJCommonDefine.m in Sources */ = {isa = PBXBuildFile; fileRef = BF96C32F2E42034900BC252C /* NJCommonDefine.m */; };
		BF96C37D2E42034900BC252C /* NJSettingSkullTableViewCell.m in Sources */ = {isa = PBXBuildFile; fileRef = BF96C31A2E42034900BC252C /* NJSettingSkullTableViewCell.m */; };
		BF96C37E2E42034900BC252C /* NJLiveSecondGetListDataItem.m in Sources */ = {isa = PBXBuildFile; fileRef = BF96C2E92E42034900BC252C /* NJLiveSecondGetListDataItem.m */; };
		BF96C37F2E42034900BC252C /* UIColor+NJColor.m in Sources */ = {isa = PBXBuildFile; fileRef = BF96C2B12E42034900BC252C /* UIColor+NJColor.m */; };
		BF96C3802E42034900BC252C /* NJRcmdAd.mm in Sources */ = {isa = PBXBuildFile; fileRef = BF96C2FB2E42034900BC252C /* NJRcmdAd.mm */; };
		BF96C3812E42034900BC252C /* NSURL+NJPath.m in Sources */ = {isa = PBXBuildFile; fileRef = BF96C2AD2E42034900BC252C /* NSURL+NJPath.m */; };
		BF96C3822E42034900BC252C /* NJRcmdCmV2Entry.m in Sources */ = {isa = PBXBuildFile; fileRef = BF96C2F72E42034900BC252C /* NJRcmdCmV2Entry.m */; };
		BF96C3832E42034900BC252C /* NJAnimeChannelDataItem.m in Sources */ = {isa = PBXBuildFile; fileRef = BF96C2C82E42034900BC252C /* NJAnimeChannelDataItem.m */; };
		BF96C3842E42034900BC252C /* NJAnimeChannelCardHandler.m in Sources */ = {isa = PBXBuildFile; fileRef = BF96C2C32E42034900BC252C /* NJAnimeChannelCardHandler.m */; };
		BF96C3852E42034900BC252C /* NJRcmdCmDoubleV9Entry.m in Sources */ = {isa = PBXBuildFile; fileRef = BF96C2F52E42034900BC252C /* NJRcmdCmDoubleV9Entry.m */; };
		BF96C3862E42034900BC252C /* NJHotTopicSmallCoverV5Entity.m in Sources */ = {isa = PBXBuildFile; fileRef = BF96C2D12E42034900BC252C /* NJHotTopicSmallCoverV5Entity.m */; };
		BF96C3872E42034900BC252C /* NJAnimeChannelTipEntity.m in Sources */ = {isa = PBXBuildFile; fileRef = BF96C2C52E42034900BC252C /* NJAnimeChannelTipEntity.m */; };
		BF96C3882E42034900BC252C /* NJLaunchAd.m in Sources */ = {isa = PBXBuildFile; fileRef = BF96C3012E42034900BC252C /* NJLaunchAd.m */; };
		BF96C3892E42034900BC252C /* NJRcmdBannerV8Entry.m in Sources */ = {isa = PBXBuildFile; fileRef = BF96C2EF2E42034900BC252C /* NJRcmdBannerV8Entry.m */; };
		BF96C38A2E42034900BC252C /* UIApplication+NJCategory.m in Sources */ = {isa = PBXBuildFile; fileRef = BF96C2AF2E42034900BC252C /* UIApplication+NJCategory.m */; };
		BF96C38B2E42034900BC252C /* UIImage+NJCategory.m in Sources */ = {isa = PBXBuildFile; fileRef = BF96C2B32E42034900BC252C /* UIImage+NJCategory.m */; };
		BF96C38C2E42034900BC252C /* NJSearchSquareCardEntity.m in Sources */ = {isa = PBXBuildFile; fileRef = BF96C30C2E42034900BC252C /* NJSearchSquareCardEntity.m */; };
		BF96C38D2E42034900BC252C /* NJLiveIndexFeedDataItem.m in Sources */ = {isa = PBXBuildFile; fileRef = BF96C2E62E42034900BC252C /* NJLiveIndexFeedDataItem.m */; };
		BF96C38E2E42034900BC252C /* NJRcmdCardHandler.m in Sources */ = {isa = PBXBuildFile; fileRef = BF96C2F32E42034900BC252C /* NJRcmdCardHandler.m */; };
		BF96C38F2E42034900BC252C /* NJAnimeChannelCardEntity.m in Sources */ = {isa = PBXBuildFile; fileRef = BF96C2C12E42034900BC252C /* NJAnimeChannelCardEntity.m */; };
		BF96C3902E42034900BC252C /* NJDetailAd.mm in Sources */ = {isa = PBXBuildFile; fileRef = BF96C2B82E42034900BC252C /* NJDetailAd.mm */; };
		BF96C3912E42034900BC252C /* NJSetting.mm in Sources */ = {isa = PBXBuildFile; fileRef = BF96C3172E42034900BC252C /* NJSetting.mm */; };
		BF96C3922E42034900BC252C /* NJDebug.mm in Sources */ = {isa = PBXBuildFile; fileRef = BF96C3302E42034900BC252C /* NJDebug.mm */; };
		BF96C3932E42034900BC252C /* NJApiDataManger.m in Sources */ = {isa = PBXBuildFile; fileRef = BF96C3072E42034900BC252C /* NJApiDataManger.m */; };
		BF96C3942E42034900BC252C /* NJRcmdCardDataItem.m in Sources */ = {isa = PBXBuildFile; fileRef = BF96C2FE2E42034900BC252C /* NJRcmdCardDataItem.m */; };
		BF96C3952E42034900BC252C /* NJLiveIndexFeedBannerV2Entity.m in Sources */ = {isa = PBXBuildFile; fileRef = BF96C2DF2E42034900BC252C /* NJLiveIndexFeedBannerV2Entity.m */; };
		BF96C3962E42034900BC252C /* NJDynamicAd.mm in Sources */ = {isa = PBXBuildFile; fileRef = BF96C2BB2E42034900BC252C /* NJDynamicAd.mm */; };
		BF96C3972E42034900BC252C /* NJSearchSquareCardHandler.m in Sources */ = {isa = PBXBuildFile; fileRef = BF96C30E2E42034900BC252C /* NJSearchSquareCardHandler.m */; };
		BF96C3982E42034900BC252C /* NJAnimeChannelBannerEntity.m in Sources */ = {isa = PBXBuildFile; fileRef = BF96C2BF2E42034900BC252C /* NJAnimeChannelBannerEntity.m */; };
		BF96C3992E42034900BC252C /* NJSearchSquareRecommendEntity.m in Sources */ = {isa = PBXBuildFile; fileRef = BF96C3122E42034900BC252C /* NJSearchSquareRecommendEntity.m */; };
/* End PBXBuildFile section */

/* Begin PBXContainerItemProxy section */
		BF0D031D2DEDA95900115365 /* PBXContainerItemProxy */ = {
			isa = PBXContainerItemProxy;
			containerPortal = BF0D02FF2DEDA95900115365 /* Project object */;
			proxyType = 1;
			remoteGlobalIDString = BF0D031A2DEDA95900115365;
			remoteInfo = BiliBiliMDDylib;
		};
/* End PBXContainerItemProxy section */

/* Begin PBXCopyFilesBuildPhase section */
		BF0D03072DEDA95900115365 /* Copy Files */ = {
			isa = PBXCopyFilesBuildPhase;
			buildActionMask = 2147483647;
			dstPath = "";
			dstSubfolderSpec = 10;
			files = (
				BF0D031C2DEDA95900115365 /* libBiliBiliMDDylib.dylib in Copy Files */,
			);
			name = "Copy Files";
			runOnlyForDeploymentPostprocessing = 0;
		};
/* End PBXCopyFilesBuildPhase section */

/* Begin PBXFileReference section */
		BF0D030A2DEDA95900115365 /* BiliBiliMD.app */ = {isa = PBXFileReference; explicitFileType = wrapper.application; includeInIndex = 0; path = BiliBiliMD.app; sourceTree = BUILT_PRODUCTS_DIR; };
		BF0D031B2DEDA95900115365 /* libBiliBiliMDDylib.dylib */ = {isa = PBXFileReference; explicitFileType = "compiled.mach-o.dylib"; includeInIndex = 0; path = libBiliBiliMDDylib.dylib; sourceTree = BUILT_PRODUCTS_DIR; };
		BF0D03202DEDA95900115365 /* JavaScriptCore.framework */ = {isa = PBXFileReference; lastKnownFileType = wrapper.framework; name = JavaScriptCore.framework; path = System/Library/Frameworks/JavaScriptCore.framework; sourceTree = SDKROOT; };
		BF0D03222DEDA95900115365 /* Foundation.framework */ = {isa = PBXFileReference; lastKnownFileType = wrapper.framework; name = Foundation.framework; path = System/Library/Frameworks/Foundation.framework; sourceTree = SDKROOT; };
		BF0D03242DEDA95900115365 /* UIKit.framework */ = {isa = PBXFileReference; lastKnownFileType = wrapper.framework; name = UIKit.framework; path = System/Library/Frameworks/UIKit.framework; sourceTree = SDKROOT; };
		BF0D032C2DEDA95900115365 /* MDConfigManager.h */ = {isa = PBXFileReference; lastKnownFileType = sourcecode.c.h; path = MDConfigManager.h; sourceTree = "<group>"; };
		BF0D032E2DEDA95900115365 /* MDConfigManager.m */ = {isa = PBXFileReference; lastKnownFileType = sourcecode.c.objc; path = MDConfigManager.m; sourceTree = "<group>"; };
		BF0D03302DEDA95900115365 /* MDCycriptManager.h */ = {isa = PBXFileReference; lastKnownFileType = sourcecode.c.h; path = MDCycriptManager.h; sourceTree = "<group>"; };
		BF0D03322DEDA95900115365 /* MDCycriptManager.m */ = {isa = PBXFileReference; lastKnownFileType = sourcecode.c.objc; path = MDCycriptManager.m; sourceTree = "<group>"; };
		BF0D03342DEDA95900115365 /* MDMethodTrace.h */ = {isa = PBXFileReference; lastKnownFileType = sourcecode.c.h; path = MDMethodTrace.h; sourceTree = "<group>"; };
		BF0D03362DEDA95900115365 /* MDMethodTrace.m */ = {isa = PBXFileReference; lastKnownFileType = sourcecode.c.objc; path = MDMethodTrace.m; sourceTree = "<group>"; };
		BF0D03392DEDA95900115365 /* a1a2-selectortramps-arm.s */ = {isa = PBXFileReference; lastKnownFileType = sourcecode.asm; path = "a1a2-selectortramps-arm.s"; sourceTree = "<group>"; };
		BF0D033B2DEDA95900115365 /* a1a2-selectortramps-arm64.s */ = {isa = PBXFileReference; lastKnownFileType = sourcecode.asm; path = "a1a2-selectortramps-arm64.s"; sourceTree = "<group>"; };
		BF0D033D2DEDA95900115365 /* a1a2-selectortramps-i386.s */ = {isa = PBXFileReference; lastKnownFileType = sourcecode.asm; path = "a1a2-selectortramps-i386.s"; sourceTree = "<group>"; };
		BF0D033F2DEDA95900115365 /* a1a2-selectortramps-x86_64.s */ = {isa = PBXFileReference; lastKnownFileType = sourcecode.asm; path = "a1a2-selectortramps-x86_64.s"; sourceTree = "<group>"; };
		BF0D03412DEDA95900115365 /* a2a3-selectortramps-arm.s */ = {isa = PBXFileReference; lastKnownFileType = sourcecode.asm; path = "a2a3-selectortramps-arm.s"; sourceTree = "<group>"; };
		BF0D03432DEDA95900115365 /* a2a3-selectortramps-i386.s */ = {isa = PBXFileReference; lastKnownFileType = sourcecode.asm; path = "a2a3-selectortramps-i386.s"; sourceTree = "<group>"; };
		BF0D03452DEDA95900115365 /* a2a3-selectortramps-x86_64.s */ = {isa = PBXFileReference; lastKnownFileType = sourcecode.asm; path = "a2a3-selectortramps-x86_64.s"; sourceTree = "<group>"; };
		BF0D03472DEDA95900115365 /* OCMethodTrace.h */ = {isa = PBXFileReference; lastKnownFileType = sourcecode.c.h; path = OCMethodTrace.h; sourceTree = "<group>"; };
		BF0D03492DEDA95900115365 /* OCMethodTrace.m */ = {isa = PBXFileReference; lastKnownFileType = sourcecode.c.objc; path = OCMethodTrace.m; sourceTree = "<group>"; };
		BF0D034B2DEDA95900115365 /* OCSelectorTrampolines.h */ = {isa = PBXFileReference; lastKnownFileType = sourcecode.c.h; path = OCSelectorTrampolines.h; sourceTree = "<group>"; };
		BF0D034D2DEDA95900115365 /* OCSelectorTrampolines.mm */ = {isa = PBXFileReference; lastKnownFileType = sourcecode.cpp.objcpp; path = OCSelectorTrampolines.mm; sourceTree = "<group>"; };
		BF0D034F2DEDA95900115365 /* selectortramps.mac */ = {isa = PBXFileReference; lastKnownFileType = text; path = selectortramps.mac; sourceTree = "<group>"; };
		BF0D03512DEDA95900115365 /* LLDBTools.h */ = {isa = PBXFileReference; lastKnownFileType = sourcecode.c.h; path = LLDBTools.h; sourceTree = "<group>"; };
		BF0D03532DEDA95900115365 /* LLDBTools.mm */ = {isa = PBXFileReference; lastKnownFileType = sourcecode.cpp.objcpp; path = LLDBTools.mm; sourceTree = "<group>"; };
		BF0D03562DEDA95900115365 /* BiliBiliMDDylib-Prefix.pch */ = {isa = PBXFileReference; lastKnownFileType = sourcecode.c.h; name = "BiliBiliMDDylib-Prefix.pch"; path = "../BiliBiliMDDylib-Prefix.pch"; sourceTree = "<group>"; };
		BF0D03582DEDA95900115365 /* AntiAntiDebug.m */ = {isa = PBXFileReference; lastKnownFileType = sourcecode.c.objc; path = AntiAntiDebug.m; sourceTree = "<group>"; };
		BF0D035B2DEDA95900115365 /* fishhook.c */ = {isa = PBXFileReference; lastKnownFileType = sourcecode.c.c; path = fishhook.c; sourceTree = "<group>"; };
		BF0D035D2DEDA95900115365 /* fishhook.h */ = {isa = PBXFileReference; lastKnownFileType = sourcecode.c.h; path = fishhook.h; sourceTree = "<group>"; };
		BF0D035F2DEDA95900115365 /* BiliBiliMDDylib.h */ = {isa = PBXFileReference; lastKnownFileType = sourcecode.c.h; path = BiliBiliMDDylib.h; sourceTree = "<group>"; };
		BF0D03612DEDA95900115365 /* BiliBiliMDDylib.m */ = {isa = PBXFileReference; lastKnownFileType = sourcecode.c.objc; path = BiliBiliMDDylib.m; sourceTree = "<group>"; };
		BF96C2AC2E42034900BC252C /* NSURL+NJPath.h */ = {isa = PBXFileReference; lastKnownFileType = sourcecode.c.h; path = "NSURL+NJPath.h"; sourceTree = "<group>"; };
		BF96C2AD2E42034900BC252C /* NSURL+NJPath.m */ = {isa = PBXFileReference; lastKnownFileType = sourcecode.c.objc; path = "NSURL+NJPath.m"; sourceTree = "<group>"; };
		BF96C2AE2E42034900BC252C /* UIApplication+NJCategory.h */ = {isa = PBXFileReference; lastKnownFileType = sourcecode.c.h; path = "UIApplication+NJCategory.h"; sourceTree = "<group>"; };
		BF96C2AF2E42034900BC252C /* UIApplication+NJCategory.m */ = {isa = PBXFileReference; lastKnownFileType = sourcecode.c.objc; path = "UIApplication+NJCategory.m"; sourceTree = "<group>"; };
		BF96C2B02E42034900BC252C /* UIColor+NJColor.h */ = {isa = PBXFileReference; lastKnownFileType = sourcecode.c.h; path = "UIColor+NJColor.h"; sourceTree = "<group>"; };
		BF96C2B12E42034900BC252C /* UIColor+NJColor.m */ = {isa = PBXFileReference; lastKnownFileType = sourcecode.c.objc; path = "UIColor+NJColor.m"; sourceTree = "<group>"; };
		BF96C2B22E42034900BC252C /* UIImage+NJCategory.h */ = {isa = PBXFileReference; lastKnownFileType = sourcecode.c.h; path = "UIImage+NJCategory.h"; sourceTree = "<group>"; };
		BF96C2B32E42034900BC252C /* UIImage+NJCategory.m */ = {isa = PBXFileReference; lastKnownFileType = sourcecode.c.objc; path = "UIImage+NJCategory.m"; sourceTree = "<group>"; };
		BF96C2B42E42034900BC252C /* UIImageView+BBSFreeDataWebCache.h */ = {isa = PBXFileReference; lastKnownFileType = sourcecode.c.h; path = "UIImageView+BBSFreeDataWebCache.h"; sourceTree = "<group>"; };
		BF96C2B52E42034900BC252C /* UIViewController+NJFind.h */ = {isa = PBXFileReference; lastKnownFileType = sourcecode.c.h; path = "UIViewController+NJFind.h"; sourceTree = "<group>"; };
		BF96C2B62E42034900BC252C /* UIViewController+NJFind.m */ = {isa = PBXFileReference; lastKnownFileType = sourcecode.c.objc; path = "UIViewController+NJFind.m"; sourceTree = "<group>"; };
		BF96C2B82E42034900BC252C /* NJDetailAd.mm */ = {isa = PBXFileReference; lastKnownFileType = sourcecode.cpp.objcpp; path = NJDetailAd.mm; sourceTree = "<group>"; };
		BF96C2B92E42034900BC252C /* NJDetailAd.xm */ = {isa = PBXFileReference; lastKnownFileType = text; path = NJDetailAd.xm; sourceTree = "<group>"; };
		BF96C2BB2E42034900BC252C /* NJDynamicAd.mm */ = {isa = PBXFileReference; lastKnownFileType = sourcecode.cpp.objcpp; path = NJDynamicAd.mm; sourceTree = "<group>"; };
		BF96C2BC2E42034900BC252C /* NJDynamicAd.xm */ = {isa = PBXFileReference; lastKnownFileType = text; path = NJDynamicAd.xm; sourceTree = "<group>"; };
		BF96C2BE2E42034900BC252C /* NJAnimeChannelBannerEntity.h */ = {isa = PBXFileReference; lastKnownFileType = sourcecode.c.h; path = NJAnimeChannelBannerEntity.h; sourceTree = "<group>"; };
		BF96C2BF2E42034900BC252C /* NJAnimeChannelBannerEntity.m */ = {isa = PBXFileReference; lastKnownFileType = sourcecode.c.objc; path = NJAnimeChannelBannerEntity.m; sourceTree = "<group>"; };
		BF96C2C02E42034900BC252C /* NJAnimeChannelCardEntity.h */ = {isa = PBXFileReference; lastKnownFileType = sourcecode.c.h; path = NJAnimeChannelCardEntity.h; sourceTree = "<group>"; };
		BF96C2C12E42034900BC252C /* NJAnimeChannelCardEntity.m */ = {isa = PBXFileReference; lastKnownFileType = sourcecode.c.objc; path = NJAnimeChannelCardEntity.m; sourceTree = "<group>"; };
		BF96C2C22E42034900BC252C /* NJAnimeChannelCardHandler.h */ = {isa = PBXFileReference; lastKnownFileType = sourcecode.c.h; path = NJAnimeChannelCardHandler.h; sourceTree = "<group>"; };
		BF96C2C32E42034900BC252C /* NJAnimeChannelCardHandler.m */ = {isa = PBXFileReference; lastKnownFileType = sourcecode.c.objc; path = NJAnimeChannelCardHandler.m; sourceTree = "<group>"; };
		BF96C2C42E42034900BC252C /* NJAnimeChannelTipEntity.h */ = {isa = PBXFileReference; lastKnownFileType = sourcecode.c.h; path = NJAnimeChannelTipEntity.h; sourceTree = "<group>"; };
		BF96C2C52E42034900BC252C /* NJAnimeChannelTipEntity.m */ = {isa = PBXFileReference; lastKnownFileType = sourcecode.c.objc; path = NJAnimeChannelTipEntity.m; sourceTree = "<group>"; };
		BF96C2C72E42034900BC252C /* NJAnimeChannelDataItem.h */ = {isa = PBXFileReference; lastKnownFileType = sourcecode.c.h; path = NJAnimeChannelDataItem.h; sourceTree = "<group>"; };
		BF96C2C82E42034900BC252C /* NJAnimeChannelDataItem.m */ = {isa = PBXFileReference; lastKnownFileType = sourcecode.c.objc; path = NJAnimeChannelDataItem.m; sourceTree = "<group>"; };
		BF96C2CA2E42034900BC252C /* NJHotTopicCardEntity.h */ = {isa = PBXFileReference; lastKnownFileType = sourcecode.c.h; path = NJHotTopicCardEntity.h; sourceTree = "<group>"; };
		BF96C2CB2E42034900BC252C /* NJHotTopicCardEntity.m */ = {isa = PBXFileReference; lastKnownFileType = sourcecode.c.objc; path = NJHotTopicCardEntity.m; sourceTree = "<group>"; };
		BF96C2CC2E42034900BC252C /* NJHotTopicCardHandler.h */ = {isa = PBXFileReference; lastKnownFileType = sourcecode.c.h; path = NJHotTopicCardHandler.h; sourceTree = "<group>"; };
		BF96C2CD2E42034900BC252C /* NJHotTopicCardHandler.m */ = {isa = PBXFileReference; lastKnownFileType = sourcecode.c.objc; path = NJHotTopicCardHandler.m; sourceTree = "<group>"; };
		BF96C2CE2E42034900BC252C /* NJHotTopicRcmdOneItemEntity.h */ = {isa = PBXFileReference; lastKnownFileType = sourcecode.c.h; path = NJHotTopicRcmdOneItemEntity.h; sourceTree = "<group>"; };
		BF96C2CF2E42034900BC252C /* NJHotTopicRcmdOneItemEntity.m */ = {isa = PBXFileReference; lastKnownFileType = sourcecode.c.objc; path = NJHotTopicRcmdOneItemEntity.m; sourceTree = "<group>"; };
		BF96C2D02E42034900BC252C /* NJHotTopicSmallCoverV5Entity.h */ = {isa = PBXFileReference; lastKnownFileType = sourcecode.c.h; path = NJHotTopicSmallCoverV5Entity.h; sourceTree = "<group>"; };
		BF96C2D12E42034900BC252C /* NJHotTopicSmallCoverV5Entity.m */ = {isa = PBXFileReference; lastKnownFileType = sourcecode.c.objc; path = NJHotTopicSmallCoverV5Entity.m; sourceTree = "<group>"; };
		BF96C2D32E42034900BC252C /* BAPIAppCardV1Base.h */ = {isa = PBXFileReference; lastKnownFileType = sourcecode.c.h; path = BAPIAppCardV1Base.h; sourceTree = "<group>"; };
		BF96C2D42E42034900BC252C /* BAPIAppCardV1Card.h */ = {isa = PBXFileReference; lastKnownFileType = sourcecode.c.h; path = BAPIAppCardV1Card.h; sourceTree = "<group>"; };
		BF96C2D52E42034900BC252C /* BAPIAppCardV1SmallCoverV5.h */ = {isa = PBXFileReference; lastKnownFileType = sourcecode.c.h; path = BAPIAppCardV1SmallCoverV5.h; sourceTree = "<group>"; };
		BF96C2D72E42034900BC252C /* NJHotTopicAd.mm */ = {isa = PBXFileReference; lastKnownFileType = sourcecode.cpp.objcpp; path = NJHotTopicAd.mm; sourceTree = "<group>"; };
		BF96C2D82E42034900BC252C /* NJHotTopicAd.xm */ = {isa = PBXFileReference; lastKnownFileType = text; path = NJHotTopicAd.xm; sourceTree = "<group>"; };
		BF96C2DA2E42034900BC252C /* NJLiveIndexFeedActivityCardV1Entity.h */ = {isa = PBXFileReference; lastKnownFileType = sourcecode.c.h; path = NJLiveIndexFeedActivityCardV1Entity.h; sourceTree = "<group>"; };
		BF96C2DB2E42034900BC252C /* NJLiveIndexFeedActivityCardV1Entity.m */ = {isa = PBXFileReference; lastKnownFileType = sourcecode.c.objc; path = NJLiveIndexFeedActivityCardV1Entity.m; sourceTree = "<group>"; };
		BF96C2DC2E42034900BC252C /* NJLiveIndexFeedBannerV1Entity.h */ = {isa = PBXFileReference; lastKnownFileType = sourcecode.c.h; path = NJLiveIndexFeedBannerV1Entity.h; sourceTree = "<group>"; };
		BF96C2DD2E42034900BC252C /* NJLiveIndexFeedBannerV1Entity.m */ = {isa = PBXFileReference; lastKnownFileType = sourcecode.c.objc; path = NJLiveIndexFeedBannerV1Entity.m; sourceTree = "<group>"; };
		BF96C2DE2E42034900BC252C /* NJLiveIndexFeedBannerV2Entity.h */ = {isa = PBXFileReference; lastKnownFileType = sourcecode.c.h; path = NJLiveIndexFeedBannerV2Entity.h; sourceTree = "<group>"; };
		BF96C2DF2E42034900BC252C /* NJLiveIndexFeedBannerV2Entity.m */ = {isa = PBXFileReference; lastKnownFileType = sourcecode.c.objc; path = NJLiveIndexFeedBannerV2Entity.m; sourceTree = "<group>"; };
		BF96C2E02E42034900BC252C /* NJLiveIndexFeedCardEntity.h */ = {isa = PBXFileReference; lastKnownFileType = sourcecode.c.h; path = NJLiveIndexFeedCardEntity.h; sourceTree = "<group>"; };
		BF96C2E12E42034900BC252C /* NJLiveIndexFeedCardEntity.m */ = {isa = PBXFileReference; lastKnownFileType = sourcecode.c.objc; path = NJLiveIndexFeedCardEntity.m; sourceTree = "<group>"; };
		BF96C2E22E42034900BC252C /* NJLiveIndexFeedCardHandler.h */ = {isa = PBXFileReference; lastKnownFileType = sourcecode.c.h; path = NJLiveIndexFeedCardHandler.h; sourceTree = "<group>"; };
		BF96C2E32E42034900BC252C /* NJLiveIndexFeedCardHandler.m */ = {isa = PBXFileReference; lastKnownFileType = sourcecode.c.objc; path = NJLiveIndexFeedCardHandler.m; sourceTree = "<group>"; };
		BF96C2E52E42034900BC252C /* NJLiveIndexFeedDataItem.h */ = {isa = PBXFileReference; lastKnownFileType = sourcecode.c.h; path = NJLiveIndexFeedDataItem.h; sourceTree = "<group>"; };
		BF96C2E62E42034900BC252C /* NJLiveIndexFeedDataItem.m */ = {isa = PBXFileReference; lastKnownFileType = sourcecode.c.objc; path = NJLiveIndexFeedDataItem.m; sourceTree = "<group>"; };
		BF96C2E82E42034900BC252C /* NJLiveSecondGetListDataItem.h */ = {isa = PBXFileReference; lastKnownFileType = sourcecode.c.h; path = NJLiveSecondGetListDataItem.h; sourceTree = "<group>"; };
		BF96C2E92E42034900BC252C /* NJLiveSecondGetListDataItem.m */ = {isa = PBXFileReference; lastKnownFileType = sourcecode.c.objc; path = NJLiveSecondGetListDataItem.m; sourceTree = "<group>"; };
		BF96C2EB2E42034900BC252C /* NJLiveDetailAd.mm */ = {isa = PBXFileReference; lastKnownFileType = sourcecode.cpp.objcpp; path = NJLiveDetailAd.mm; sourceTree = "<group>"; };
		BF96C2EC2E42034900BC252C /* NJLiveDetailAd.xm */ = {isa = PBXFileReference; lastKnownFileType = text; path = NJLiveDetailAd.xm; sourceTree = "<group>"; };
		BF96C2EE2E42034900BC252C /* NJRcmdBannerV8Entry.h */ = {isa = PBXFileReference; lastKnownFileType = sourcecode.c.h; path = NJRcmdBannerV8Entry.h; sourceTree = "<group>"; };
		BF96C2EF2E42034900BC252C /* NJRcmdBannerV8Entry.m */ = {isa = PBXFileReference; lastKnownFileType = sourcecode.c.objc; path = NJRcmdBannerV8Entry.m; sourceTree = "<group>"; };
		BF96C2F02E42034900BC252C /* NJRcmdCardEntry.h */ = {isa = PBXFileReference; lastKnownFileType = sourcecode.c.h; path = NJRcmdCardEntry.h; sourceTree = "<group>"; };
		BF96C2F12E42034900BC252C /* NJRcmdCardEntry.m */ = {isa = PBXFileReference; lastKnownFileType = sourcecode.c.objc; path = NJRcmdCardEntry.m; sourceTree = "<group>"; };
		BF96C2F22E42034900BC252C /* NJRcmdCardHandler.h */ = {isa = PBXFileReference; lastKnownFileType = sourcecode.c.h; path = NJRcmdCardHandler.h; sourceTree = "<group>"; };
		BF96C2F32E42034900BC252C /* NJRcmdCardHandler.m */ = {isa = PBXFileReference; lastKnownFileType = sourcecode.c.objc; path = NJRcmdCardHandler.m; sourceTree = "<group>"; };
		BF96C2F42E42034900BC252C /* NJRcmdCmDoubleV9Entry.h */ = {isa = PBXFileReference; lastKnownFileType = sourcecode.c.h; path = NJRcmdCmDoubleV9Entry.h; sourceTree = "<group>"; };
		BF96C2F52E42034900BC252C /* NJRcmdCmDoubleV9Entry.m */ = {isa = PBXFileReference; lastKnownFileType = sourcecode.c.objc; path = NJRcmdCmDoubleV9Entry.m; sourceTree = "<group>"; };
		BF96C2F62E42034900BC252C /* NJRcmdCmV2Entry.h */ = {isa = PBXFileReference; lastKnownFileType = sourcecode.c.h; path = NJRcmdCmV2Entry.h; sourceTree = "<group>"; };
		BF96C2F72E42034900BC252C /* NJRcmdCmV2Entry.m */ = {isa = PBXFileReference; lastKnownFileType = sourcecode.c.objc; path = NJRcmdCmV2Entry.m; sourceTree = "<group>"; };
		BF96C2F82E42034900BC252C /* NJRcmdSmallCoverV2Entry.h */ = {isa = PBXFileReference; lastKnownFileType = sourcecode.c.h; path = NJRcmdSmallCoverV2Entry.h; sourceTree = "<group>"; };
		BF96C2F92E42034900BC252C /* NJRcmdSmallCoverV2Entry.m */ = {isa = PBXFileReference; lastKnownFileType = sourcecode.c.objc; path = NJRcmdSmallCoverV2Entry.m; sourceTree = "<group>"; };
		BF96C2FB2E42034900BC252C /* NJRcmdAd.mm */ = {isa = PBXFileReference; lastKnownFileType = sourcecode.cpp.objcpp; path = NJRcmdAd.mm; sourceTree = "<group>"; };
		BF96C2FC2E42034900BC252C /* NJRcmdAd.xm */ = {isa = PBXFileReference; lastKnownFileType = text; path = NJRcmdAd.xm; sourceTree = "<group>"; };
		BF96C2FD2E42034900BC252C /* NJRcmdCardDataItem.h */ = {isa = PBXFileReference; lastKnownFileType = sourcecode.c.h; path = NJRcmdCardDataItem.h; sourceTree = "<group>"; };
		BF96C2FE2E42034900BC252C /* NJRcmdCardDataItem.m */ = {isa = PBXFileReference; lastKnownFileType = sourcecode.c.objc; path = NJRcmdCardDataItem.m; sourceTree = "<group>"; };
		BF96C3012E42034900BC252C /* NJLaunchAd.m */ = {isa = PBXFileReference; lastKnownFileType = sourcecode.c.objc; path = NJLaunchAd.m; sourceTree = "<group>"; };
		BF96C3022E42034900BC252C /* NJLaunchAd.x */ = {isa = PBXFileReference; lastKnownFileType = text; path = NJLaunchAd.x; sourceTree = "<group>"; };
		BF96C3042E42034900BC252C /* NJApiDataItem.h */ = {isa = PBXFileReference; lastKnownFileType = sourcecode.c.h; path = NJApiDataItem.h; sourceTree = "<group>"; };
		BF96C3052E42034900BC252C /* NJApiDataItem.m */ = {isa = PBXFileReference; lastKnownFileType = sourcecode.c.objc; path = NJApiDataItem.m; sourceTree = "<group>"; };
		BF96C3062E42034900BC252C /* NJApiDataManger.h */ = {isa = PBXFileReference; lastKnownFileType = sourcecode.c.h; path = NJApiDataManger.h; sourceTree = "<group>"; };
		BF96C3072E42034900BC252C /* NJApiDataManger.m */ = {isa = PBXFileReference; lastKnownFileType = sourcecode.c.objc; path = NJApiDataManger.m; sourceTree = "<group>"; };
		BF96C3082E42034900BC252C /* NJNetworkService.mm */ = {isa = PBXFileReference; lastKnownFileType = sourcecode.cpp.objcpp; path = NJNetworkService.mm; sourceTree = "<group>"; };
		BF96C3092E42034900BC252C /* NJNetworkService.xm */ = {isa = PBXFileReference; lastKnownFileType = text; path = NJNetworkService.xm; sourceTree = "<group>"; };
		BF96C30B2E42034900BC252C /* NJSearchSquareCardEntity.h */ = {isa = PBXFileReference; lastKnownFileType = sourcecode.c.h; path = NJSearchSquareCardEntity.h; sourceTree = "<group>"; };
		BF96C30C2E42034900BC252C /* NJSearchSquareCardEntity.m */ = {isa = PBXFileReference; lastKnownFileType = sourcecode.c.objc; path = NJSearchSquareCardEntity.m; sourceTree = "<group>"; };
		BF96C30D2E42034900BC252C /* NJSearchSquareCardHandler.h */ = {isa = PBXFileReference; lastKnownFileType = sourcecode.c.h; path = NJSearchSquareCardHandler.h; sourceTree = "<group>"; };
		BF96C30E2E42034900BC252C /* NJSearchSquareCardHandler.m */ = {isa = PBXFileReference; lastKnownFileType = sourcecode.c.objc; path = NJSearchSquareCardHandler.m; sourceTree = "<group>"; };
		BF96C30F2E42034900BC252C /* NJSearchSquareDataItem.h */ = {isa = PBXFileReference; lastKnownFileType = sourcecode.c.h; path = NJSearchSquareDataItem.h; sourceTree = "<group>"; };
		BF96C3102E42034900BC252C /* NJSearchSquareDataItem.m */ = {isa = PBXFileReference; lastKnownFileType = sourcecode.c.objc; path = NJSearchSquareDataItem.m; sourceTree = "<group>"; };
		BF96C3112E42034900BC252C /* NJSearchSquareRecommendEntity.h */ = {isa = PBXFileReference; lastKnownFileType = sourcecode.c.h; path = NJSearchSquareRecommendEntity.h; sourceTree = "<group>"; };
		BF96C3122E42034900BC252C /* NJSearchSquareRecommendEntity.m */ = {isa = PBXFileReference; lastKnownFileType = sourcecode.c.objc; path = NJSearchSquareRecommendEntity.m; sourceTree = "<group>"; };
		BF96C3142E42034900BC252C /* NJSearchResultAd.mm */ = {isa = PBXFileReference; lastKnownFileType = sourcecode.cpp.objcpp; path = NJSearchResultAd.mm; sourceTree = "<group>"; };
		BF96C3152E42034900BC252C /* NJSearchResultAd.xm */ = {isa = PBXFileReference; lastKnownFileType = text; path = NJSearchResultAd.xm; sourceTree = "<group>"; };
		BF96C3172E42034900BC252C /* NJSetting.mm */ = {isa = PBXFileReference; lastKnownFileType = sourcecode.cpp.objcpp; path = NJSetting.mm; sourceTree = "<group>"; };
		BF96C3182E42034900BC252C /* NJSetting.xm */ = {isa = PBXFileReference; lastKnownFileType = text; path = NJSetting.xm; sourceTree = "<group>"; };
		BF96C3192E42034900BC252C /* NJSettingSkullTableViewCell.h */ = {isa = PBXFileReference; lastKnownFileType = sourcecode.c.h; path = NJSettingSkullTableViewCell.h; sourceTree = "<group>"; };
		BF96C31A2E42034900BC252C /* NJSettingSkullTableViewCell.m */ = {isa = PBXFileReference; lastKnownFileType = sourcecode.c.objc; path = NJSettingSkullTableViewCell.m; sourceTree = "<group>"; };
		BF96C31C2E42034900BC252C /* MASCompositeConstraint.h */ = {isa = PBXFileReference; lastKnownFileType = sourcecode.c.h; path = MASCompositeConstraint.h; sourceTree = "<group>"; };
		BF96C31D2E42034900BC252C /* MASConstraint.h */ = {isa = PBXFileReference; lastKnownFileType = sourcecode.c.h; path = MASConstraint.h; sourceTree = "<group>"; };
		BF96C31E2E42034900BC252C /* MASConstraint+Private.h */ = {isa = PBXFileReference; lastKnownFileType = sourcecode.c.h; path = "MASConstraint+Private.h"; sourceTree = "<group>"; };
		BF96C31F2E42034900BC252C /* MASConstraintMaker.h */ = {isa = PBXFileReference; lastKnownFileType = sourcecode.c.h; path = MASConstraintMaker.h; sourceTree = "<group>"; };
		BF96C3202E42034900BC252C /* MASLayoutConstraint.h */ = {isa = PBXFileReference; lastKnownFileType = sourcecode.c.h; path = MASLayoutConstraint.h; sourceTree = "<group>"; };
		BF96C3212E42034900BC252C /* Masonry.h */ = {isa = PBXFileReference; lastKnownFileType = sourcecode.c.h; path = Masonry.h; sourceTree = "<group>"; };
		BF96C3222E42034900BC252C /* MASUtilities.h */ = {isa = PBXFileReference; lastKnownFileType = sourcecode.c.h; path = MASUtilities.h; sourceTree = "<group>"; };
		BF96C3232E42034900BC252C /* MASViewAttribute.h */ = {isa = PBXFileReference; lastKnownFileType = sourcecode.c.h; path = MASViewAttribute.h; sourceTree = "<group>"; };
		BF96C3242E42034900BC252C /* MASViewConstraint.h */ = {isa = PBXFileReference; lastKnownFileType = sourcecode.c.h; path = MASViewConstraint.h; sourceTree = "<group>"; };
		BF96C3252E42034900BC252C /* NSArray+MASAdditions.h */ = {isa = PBXFileReference; lastKnownFileType = sourcecode.c.h; path = "NSArray+MASAdditions.h"; sourceTree = "<group>"; };
		BF96C3262E42034900BC252C /* NSArray+MASShorthandAdditions.h */ = {isa = PBXFileReference; lastKnownFileType = sourcecode.c.h; path = "NSArray+MASShorthandAdditions.h"; sourceTree = "<group>"; };
		BF96C3272E42034900BC252C /* NSLayoutConstraint+MASDebugAdditions.h */ = {isa = PBXFileReference; lastKnownFileType = sourcecode.c.h; path = "NSLayoutConstraint+MASDebugAdditions.h"; sourceTree = "<group>"; };
		BF96C3282E42034900BC252C /* View+MASAdditions.h */ = {isa = PBXFileReference; lastKnownFileType = sourcecode.c.h; path = "View+MASAdditions.h"; sourceTree = "<group>"; };
		BF96C3292E42034900BC252C /* View+MASShorthandAdditions.h */ = {isa = PBXFileReference; lastKnownFileType = sourcecode.c.h; path = "View+MASShorthandAdditions.h"; sourceTree = "<group>"; };
		BF96C32A2E42034900BC252C /* ViewController+MASAdditions.h */ = {isa = PBXFileReference; lastKnownFileType = sourcecode.c.h; path = "ViewController+MASAdditions.h"; sourceTree = "<group>"; };
		BF96C32C2E42034900BC252C /* NJAsset.h */ = {isa = PBXFileReference; lastKnownFileType = sourcecode.c.h; path = NJAsset.h; sourceTree = "<group>"; };
		BF96C32D2E42034900BC252C /* NJAsset.m */ = {isa = PBXFileReference; lastKnownFileType = sourcecode.c.objc; path = NJAsset.m; sourceTree = "<group>"; };
		BF96C32E2E42034900BC252C /* NJCommonDefine.h */ = {isa = PBXFileReference; lastKnownFileType = sourcecode.c.h; path = NJCommonDefine.h; sourceTree = "<group>"; };
		BF96C32F2E42034900BC252C /* NJCommonDefine.m */ = {isa = PBXFileReference; lastKnownFileType = sourcecode.c.objc; path = NJCommonDefine.m; sourceTree = "<group>"; };
		BF96C3302E42034900BC252C /* NJDebug.mm */ = {isa = PBXFileReference; lastKnownFileType = sourcecode.cpp.objcpp; path = NJDebug.mm; sourceTree = "<group>"; };
		BF96C3312E42034900BC252C /* NJDebug.xm */ = {isa = PBXFileReference; lastKnownFileType = text; path = NJDebug.xm; sourceTree = "<group>"; };
/* End PBXFileReference section */

/* Begin PBXFileSystemSynchronizedBuildFileExceptionSet section */
		BF0D03632DEDA95900115365 /* Exceptions for "BiliBiliMD" folder in "BiliBiliMD" target */ = {
			isa = PBXFileSystemSynchronizedBuildFileExceptionSet;
			membershipExceptions = (
				icon.png,
				Info.plist,
				"Scripts/quick-resign.sh",
			);
			target = BF0D03092DEDA95900115365 /* BiliBiliMD */;
		};
/* End PBXFileSystemSynchronizedBuildFileExceptionSet section */

/* Begin PBXFileSystemSynchronizedRootGroup section */
		BF0D030C2DEDA95900115365 /* BiliBiliMD */ = {
			isa = PBXFileSystemSynchronizedRootGroup;
			exceptions = (
				BF0D03632DEDA95900115365 /* Exceptions for "BiliBiliMD" folder in "BiliBiliMD" target */,
			);
			path = BiliBiliMD;
			sourceTree = "<group>";
		};
/* End PBXFileSystemSynchronizedRootGroup section */

/* Begin PBXFrameworksBuildPhase section */
		BF0D03042DEDA95900115365 /* Frameworks */ = {
			isa = PBXFrameworksBuildPhase;
			buildActionMask = 2147483647;
			files = (
			);
			runOnlyForDeploymentPostprocessing = 0;
		};
		BF0D03182DEDA95900115365 /* Frameworks */ = {
			isa = PBXFrameworksBuildPhase;
			buildActionMask = 2147483647;
			files = (
				BF0D03212DEDA95900115365 /* JavaScriptCore.framework in Frameworks */,
				BF0D03252DEDA95900115365 /* UIKit.framework in Frameworks */,
				BF0D03232DEDA95900115365 /* Foundation.framework in Frameworks */,
			);
			runOnlyForDeploymentPostprocessing = 0;
		};
/* End PBXFrameworksBuildPhase section */

/* Begin PBXGroup section */
		BF0D02FE2DEDA95900115365 = {
			isa = PBXGroup;
			children = (
				BF0D030C2DEDA95900115365 /* BiliBiliMD */,
				BF0D03262DEDA95900115365 /* BiliBiliMDDylib */,
				BF0D031F2DEDA95900115365 /* Frameworks */,
				BF0D030B2DEDA95900115365 /* Products */,
			);
			sourceTree = "<group>";
		};
		BF0D030B2DEDA95900115365 /* Products */ = {
			isa = PBXGroup;
			children = (
				BF0D030A2DEDA95900115365 /* BiliBiliMD.app */,
				BF0D031B2DEDA95900115365 /* libBiliBiliMDDylib.dylib */,
			);
			name = Products;
			sourceTree = "<group>";
		};
		BF0D031F2DEDA95900115365 /* Frameworks */ = {
			isa = PBXGroup;
			children = (
				BF0D03202DEDA95900115365 /* JavaScriptCore.framework */,
				BF0D03222DEDA95900115365 /* Foundation.framework */,
				BF0D03242DEDA95900115365 /* UIKit.framework */,
			);
			name = Frameworks;
			sourceTree = "<group>";
		};
		BF0D03262DEDA95900115365 /* BiliBiliMDDylib */ = {
			isa = PBXGroup;
			children = (
				BF0D035F2DEDA95900115365 /* BiliBiliMDDylib.h */,
				BF0D03612DEDA95900115365 /* BiliBiliMDDylib.m */,
				BF0D03272DEDA95900115365 /* Logos */,
				BF0D032B2DEDA95900115365 /* Config */,
				BF0D03382DEDA95900115365 /* Trace */,
				BF0D03502DEDA95900115365 /* Tools */,
				BF0D03572DEDA95900115365 /* AntiAntiDebug */,
				BF0D035A2DEDA95900115365 /* fishhook */,
				BF0D03552DEDA95900115365 /* Supporting Files */,
			);
			path = BiliBiliMDDylib;
			sourceTree = "<group>";
		};
		BF0D03272DEDA95900115365 /* Logos */ = {
			isa = PBXGroup;
			children = (
				BF96C2B72E42034900BC252C /* Category */,
				BF96C2BA2E42034900BC252C /* Detail */,
				BF96C2BD2E42034900BC252C /* Dynamic */,
				BF96C3002E42034900BC252C /* Home */,
				BF96C3032E42034900BC252C /* Launch */,
				BF96C30A2E42034900BC252C /* Network */,
				BF96C3162E42034900BC252C /* Search */,
				BF96C31B2E42034900BC252C /* Setting */,
				BF96C3322E42034900BC252C /* Tool */,
			);
			path = Logos;
			sourceTree = "<group>";
		};
		BF0D032B2DEDA95900115365 /* Config */ = {
			isa = PBXGroup;
			children = (
				BF0D032C2DEDA95900115365 /* MDConfigManager.h */,
				BF0D032E2DEDA95900115365 /* MDConfigManager.m */,
				BF0D03302DEDA95900115365 /* MDCycriptManager.h */,
				BF0D03322DEDA95900115365 /* MDCycriptManager.m */,
				BF0D03342DEDA95900115365 /* MDMethodTrace.h */,
				BF0D03362DEDA95900115365 /* MDMethodTrace.m */,
			);
			path = Config;
			sourceTree = "<group>";
		};
		BF0D03382DEDA95900115365 /* Trace */ = {
			isa = PBXGroup;
			children = (
				BF0D03392DEDA95900115365 /* a1a2-selectortramps-arm.s */,
				BF0D033B2DEDA95900115365 /* a1a2-selectortramps-arm64.s */,
				BF0D033D2DEDA95900115365 /* a1a2-selectortramps-i386.s */,
				BF0D033F2DEDA95900115365 /* a1a2-selectortramps-x86_64.s */,
				BF0D03412DEDA95900115365 /* a2a3-selectortramps-arm.s */,
				BF0D03432DEDA95900115365 /* a2a3-selectortramps-i386.s */,
				BF0D03452DEDA95900115365 /* a2a3-selectortramps-x86_64.s */,
				BF0D03472DEDA95900115365 /* OCMethodTrace.h */,
				BF0D03492DEDA95900115365 /* OCMethodTrace.m */,
				BF0D034B2DEDA95900115365 /* OCSelectorTrampolines.h */,
				BF0D034D2DEDA95900115365 /* OCSelectorTrampolines.mm */,
				BF0D034F2DEDA95900115365 /* selectortramps.mac */,
			);
			path = Trace;
			sourceTree = "<group>";
		};
		BF0D03502DEDA95900115365 /* Tools */ = {
			isa = PBXGroup;
			children = (
				BF0D03512DEDA95900115365 /* LLDBTools.h */,
				BF0D03532DEDA95900115365 /* LLDBTools.mm */,
			);
			path = Tools;
			sourceTree = "<group>";
		};
		BF0D03552DEDA95900115365 /* Supporting Files */ = {
			isa = PBXGroup;
			children = (
				BF0D03562DEDA95900115365 /* BiliBiliMDDylib-Prefix.pch */,
			);
			path = "Supporting Files";
			sourceTree = "<group>";
		};
		BF0D03572DEDA95900115365 /* AntiAntiDebug */ = {
			isa = PBXGroup;
			children = (
				BF0D03582DEDA95900115365 /* AntiAntiDebug.m */,
			);
			path = AntiAntiDebug;
			sourceTree = "<group>";
		};
		BF0D035A2DEDA95900115365 /* fishhook */ = {
			isa = PBXGroup;
			children = (
				BF0D035B2DEDA95900115365 /* fishhook.c */,
				BF0D035D2DEDA95900115365 /* fishhook.h */,
			);
			path = fishhook;
			sourceTree = "<group>";
		};
		BF96C2B72E42034900BC252C /* Category */ = {
			isa = PBXGroup;
			children = (
				BF96C2AC2E42034900BC252C /* NSURL+NJPath.h */,
				BF96C2AD2E42034900BC252C /* NSURL+NJPath.m */,
				BF96C2AE2E42034900BC252C /* UIApplication+NJCategory.h */,
				BF96C2AF2E42034900BC252C /* UIApplication+NJCategory.m */,
				BF96C2B02E42034900BC252C /* UIColor+NJColor.h */,
				BF96C2B12E42034900BC252C /* UIColor+NJColor.m */,
				BF96C2B22E42034900BC252C /* UIImage+NJCategory.h */,
				BF96C2B32E42034900BC252C /* UIImage+NJCategory.m */,
				BF96C2B42E42034900BC252C /* UIImageView+BBSFreeDataWebCache.h */,
				BF96C2B52E42034900BC252C /* UIViewController+NJFind.h */,
				BF96C2B62E42034900BC252C /* UIViewController+NJFind.m */,
			);
			path = Category;
			sourceTree = "<group>";
		};
		BF96C2BA2E42034900BC252C /* Detail */ = {
			isa = PBXGroup;
			children = (
				BF96C2B82E42034900BC252C /* NJDetailAd.mm */,
				BF96C2B92E42034900BC252C /* NJDetailAd.xm */,
			);
			path = Detail;
			sourceTree = "<group>";
		};
		BF96C2BD2E42034900BC252C /* Dynamic */ = {
			isa = PBXGroup;
			children = (
				BF96C2BB2E42034900BC252C /* NJDynamicAd.mm */,
				BF96C2BC2E42034900BC252C /* NJDynamicAd.xm */,
			);
			path = Dynamic;
			sourceTree = "<group>";
		};
		BF96C2C62E42034900BC252C /* Entity */ = {
			isa = PBXGroup;
			children = (
				BF96C2BE2E42034900BC252C /* NJAnimeChannelBannerEntity.h */,
				BF96C2BF2E42034900BC252C /* NJAnimeChannelBannerEntity.m */,
				BF96C2C02E42034900BC252C /* NJAnimeChannelCardEntity.h */,
				BF96C2C12E42034900BC252C /* NJAnimeChannelCardEntity.m */,
				BF96C2C22E42034900BC252C /* NJAnimeChannelCardHandler.h */,
				BF96C2C32E42034900BC252C /* NJAnimeChannelCardHandler.m */,
				BF96C2C42E42034900BC252C /* NJAnimeChannelTipEntity.h */,
				BF96C2C52E42034900BC252C /* NJAnimeChannelTipEntity.m */,
			);
			path = Entity;
			sourceTree = "<group>";
		};
		BF96C2C92E42034900BC252C /* Anime */ = {
			isa = PBXGroup;
			children = (
				BF96C2C62E42034900BC252C /* Entity */,
				BF96C2C72E42034900BC252C /* NJAnimeChannelDataItem.h */,
				BF96C2C82E42034900BC252C /* NJAnimeChannelDataItem.m */,
			);
			path = Anime;
			sourceTree = "<group>";
		};
		BF96C2D22E42034900BC252C /* Entity */ = {
			isa = PBXGroup;
			children = (
				BF96C2CA2E42034900BC252C /* NJHotTopicCardEntity.h */,
				BF96C2CB2E42034900BC252C /* NJHotTopicCardEntity.m */,
				BF96C2CC2E42034900BC252C /* NJHotTopicCardHandler.h */,
				BF96C2CD2E42034900BC252C /* NJHotTopicCardHandler.m */,
				BF96C2CE2E42034900BC252C /* NJHotTopicRcmdOneItemEntity.h */,
				BF96C2CF2E42034900BC252C /* NJHotTopicRcmdOneItemEntity.m */,
				BF96C2D02E42034900BC252C /* NJHotTopicSmallCoverV5Entity.h */,
				BF96C2D12E42034900BC252C /* NJHotTopicSmallCoverV5Entity.m */,
			);
			path = Entity;
			sourceTree = "<group>";
		};
		BF96C2D62E42034900BC252C /* Header */ = {
			isa = PBXGroup;
			children = (
				BF96C2D32E42034900BC252C /* BAPIAppCardV1Base.h */,
				BF96C2D42E42034900BC252C /* BAPIAppCardV1Card.h */,
				BF96C2D52E42034900BC252C /* BAPIAppCardV1SmallCoverV5.h */,
			);
			path = Header;
			sourceTree = "<group>";
		};
		BF96C2D92E42034900BC252C /* HotTopic */ = {
			isa = PBXGroup;
			children = (
				BF96C2D22E42034900BC252C /* Entity */,
				BF96C2D62E42034900BC252C /* Header */,
				BF96C2D72E42034900BC252C /* NJHotTopicAd.mm */,
				BF96C2D82E42034900BC252C /* NJHotTopicAd.xm */,
			);
			path = HotTopic;
			sourceTree = "<group>";
		};
		BF96C2E42E42034900BC252C /* Entity */ = {
			isa = PBXGroup;
			children = (
				BF96C2DA2E42034900BC252C /* NJLiveIndexFeedActivityCardV1Entity.h */,
				BF96C2DB2E42034900BC252C /* NJLiveIndexFeedActivityCardV1Entity.m */,
				BF96C2DC2E42034900BC252C /* NJLiveIndexFeedBannerV1Entity.h */,
				BF96C2DD2E42034900BC252C /* NJLiveIndexFeedBannerV1Entity.m */,
				BF96C2DE2E42034900BC252C /* NJLiveIndexFeedBannerV2Entity.h */,
				BF96C2DF2E42034900BC252C /* NJLiveIndexFeedBannerV2Entity.m */,
				BF96C2E02E42034900BC252C /* NJLiveIndexFeedCardEntity.h */,
				BF96C2E12E42034900BC252C /* NJLiveIndexFeedCardEntity.m */,
				BF96C2E22E42034900BC252C /* NJLiveIndexFeedCardHandler.h */,
				BF96C2E32E42034900BC252C /* NJLiveIndexFeedCardHandler.m */,
			);
			path = Entity;
			sourceTree = "<group>";
		};
		BF96C2E72E42034900BC252C /* IndexFeed */ = {
			isa = PBXGroup;
			children = (
				BF96C2E42E42034900BC252C /* Entity */,
				BF96C2E52E42034900BC252C /* NJLiveIndexFeedDataItem.h */,
				BF96C2E62E42034900BC252C /* NJLiveIndexFeedDataItem.m */,
			);
			path = IndexFeed;
			sourceTree = "<group>";
		};
		BF96C2EA2E42034900BC252C /* SecondGetList */ = {
			isa = PBXGroup;
			children = (
				BF96C2E82E42034900BC252C /* NJLiveSecondGetListDataItem.h */,
				BF96C2E92E42034900BC252C /* NJLiveSecondGetListDataItem.m */,
			);
			path = SecondGetList;
			sourceTree = "<group>";
		};
		BF96C2ED2E42034900BC252C /* Live */ = {
			isa = PBXGroup;
			children = (
				BF96C2E72E42034900BC252C /* IndexFeed */,
				BF96C2EA2E42034900BC252C /* SecondGetList */,
				BF96C2EB2E42034900BC252C /* NJLiveDetailAd.mm */,
				BF96C2EC2E42034900BC252C /* NJLiveDetailAd.xm */,
			);
			path = Live;
			sourceTree = "<group>";
		};
		BF96C2FA2E42034900BC252C /* Entry */ = {
			isa = PBXGroup;
			children = (
				BF96C2EE2E42034900BC252C /* NJRcmdBannerV8Entry.h */,
				BF96C2EF2E42034900BC252C /* NJRcmdBannerV8Entry.m */,
				BF96C2F02E42034900BC252C /* NJRcmdCardEntry.h */,
				BF96C2F12E42034900BC252C /* NJRcmdCardEntry.m */,
				BF96C2F22E42034900BC252C /* NJRcmdCardHandler.h */,
				BF96C2F32E42034900BC252C /* NJRcmdCardHandler.m */,
				BF96C2F42E42034900BC252C /* NJRcmdCmDoubleV9Entry.h */,
				BF96C2F52E42034900BC252C /* NJRcmdCmDoubleV9Entry.m */,
				BF96C2F62E42034900BC252C /* NJRcmdCmV2Entry.h */,
				BF96C2F72E42034900BC252C /* NJRcmdCmV2Entry.m */,
				BF96C2F82E42034900BC252C /* NJRcmdSmallCoverV2Entry.h */,
				BF96C2F92E42034900BC252C /* NJRcmdSmallCoverV2Entry.m */,
			);
			path = Entry;
			sourceTree = "<group>";
		};
		BF96C2FF2E42034900BC252C /* Rcmd */ = {
			isa = PBXGroup;
			children = (
				BF96C2FA2E42034900BC252C /* Entry */,
				BF96C2FB2E42034900BC252C /* NJRcmdAd.mm */,
				BF96C2FC2E42034900BC252C /* NJRcmdAd.xm */,
				BF96C2FD2E42034900BC252C /* NJRcmdCardDataItem.h */,
				BF96C2FE2E42034900BC252C /* NJRcmdCardDataItem.m */,
			);
			path = Rcmd;
			sourceTree = "<group>";
		};
		BF96C3002E42034900BC252C /* Home */ = {
			isa = PBXGroup;
			children = (
				BF96C2C92E42034900BC252C /* Anime */,
				BF96C2D92E42034900BC252C /* HotTopic */,
				BF96C2ED2E42034900BC252C /* Live */,
				BF96C2FF2E42034900BC252C /* Rcmd */,
			);
			path = Home;
			sourceTree = "<group>";
		};
		BF96C3032E42034900BC252C /* Launch */ = {
			isa = PBXGroup;
			children = (
				BF96C3012E42034900BC252C /* NJLaunchAd.m */,
				BF96C3022E42034900BC252C /* NJLaunchAd.x */,
			);
			path = Launch;
			sourceTree = "<group>";
		};
		BF96C30A2E42034900BC252C /* Network */ = {
			isa = PBXGroup;
			children = (
				BF96C3042E42034900BC252C /* NJApiDataItem.h */,
				BF96C3052E42034900BC252C /* NJApiDataItem.m */,
				BF96C3062E42034900BC252C /* NJApiDataManger.h */,
				BF96C3072E42034900BC252C /* NJApiDataManger.m */,
				BF96C3082E42034900BC252C /* NJNetworkService.mm */,
				BF96C3092E42034900BC252C /* NJNetworkService.xm */,
			);
			path = Network;
			sourceTree = "<group>";
		};
		BF96C3132E42034900BC252C /* SearchSquare */ = {
			isa = PBXGroup;
			children = (
				BF96C30B2E42034900BC252C /* NJSearchSquareCardEntity.h */,
				BF96C30C2E42034900BC252C /* NJSearchSquareCardEntity.m */,
				BF96C30D2E42034900BC252C /* NJSearchSquareCardHandler.h */,
				BF96C30E2E42034900BC252C /* NJSearchSquareCardHandler.m */,
				BF96C30F2E42034900BC252C /* NJSearchSquareDataItem.h */,
				BF96C3102E42034900BC252C /* NJSearchSquareDataItem.m */,
				BF96C3112E42034900BC252C /* NJSearchSquareRecommendEntity.h */,
				BF96C3122E42034900BC252C /* NJSearchSquareRecommendEntity.m */,
			);
			path = SearchSquare;
			sourceTree = "<group>";
		};
		BF96C3162E42034900BC252C /* Search */ = {
			isa = PBXGroup;
			children = (
				BF96C3132E42034900BC252C /* SearchSquare */,
				BF96C3142E42034900BC252C /* NJSearchResultAd.mm */,
				BF96C3152E42034900BC252C /* NJSearchResultAd.xm */,
			);
			path = Search;
			sourceTree = "<group>";
		};
		BF96C31B2E42034900BC252C /* Setting */ = {
			isa = PBXGroup;
			children = (
				BF96C3172E42034900BC252C /* NJSetting.mm */,
				BF96C3182E42034900BC252C /* NJSetting.xm */,
				BF96C3192E42034900BC252C /* NJSettingSkullTableViewCell.h */,
				BF96C31A2E42034900BC252C /* NJSettingSkullTableViewCell.m */,
			);
			path = Setting;
			sourceTree = "<group>";
		};
		BF96C32B2E42034900BC252C /* Masonry */ = {
			isa = PBXGroup;
			children = (
				BF96C31C2E42034900BC252C /* MASCompositeConstraint.h */,
				BF96C31D2E42034900BC252C /* MASConstraint.h */,
				BF96C31E2E42034900BC252C /* MASConstraint+Private.h */,
				BF96C31F2E42034900BC252C /* MASConstraintMaker.h */,
				BF96C3202E42034900BC252C /* MASLayoutConstraint.h */,
				BF96C3212E42034900BC252C /* Masonry.h */,
				BF96C3222E42034900BC252C /* MASUtilities.h */,
				BF96C3232E42034900BC252C /* MASViewAttribute.h */,
				BF96C3242E42034900BC252C /* MASViewConstraint.h */,
				BF96C3252E42034900BC252C /* NSArray+MASAdditions.h */,
				BF96C3262E42034900BC252C /* NSArray+MASShorthandAdditions.h */,
				BF96C3272E42034900BC252C /* NSLayoutConstraint+MASDebugAdditions.h */,
				BF96C3282E42034900BC252C /* View+MASAdditions.h */,
				BF96C3292E42034900BC252C /* View+MASShorthandAdditions.h */,
				BF96C32A2E42034900BC252C /* ViewController+MASAdditions.h */,
			);
			path = Masonry;
			sourceTree = "<group>";
		};
		BF96C3322E42034900BC252C /* Tool */ = {
			isa = PBXGroup;
			children = (
				BF96C32B2E42034900BC252C /* Masonry */,
				BF96C32C2E42034900BC252C /* NJAsset.h */,
				BF96C32D2E42034900BC252C /* NJAsset.m */,
				BF96C32E2E42034900BC252C /* NJCommonDefine.h */,
				BF96C32F2E42034900BC252C /* NJCommonDefine.m */,
				BF96C3302E42034900BC252C /* NJDebug.mm */,
				BF96C3312E42034900BC252C /* NJDebug.xm */,
			);
			path = Tool;
			sourceTree = "<group>";
		};
/* End PBXGroup section */

/* Begin PBXHeadersBuildPhase section */
		BF0D03192DEDA95900115365 /* Headers */ = {
			isa = PBXHeadersBuildPhase;
			buildActionMask = 2147483647;
			files = (
				BF0D03312DEDA95900115365 /* MDCycriptManager.h in Headers */,
				BF0D03352DEDA95900115365 /* MDMethodTrace.h in Headers */,
				BF96C3332E42034900BC252C /* NJLiveIndexFeedBannerV2Entity.h in Headers */,
				BF96C3342E42034900BC252C /* NJAnimeChannelCardHandler.h in Headers */,
				BF96C3352E42034900BC252C /* NSURL+NJPath.h in Headers */,
				BF96C3362E42034900BC252C /* NJSettingSkullTableViewCell.h in Headers */,
				BF96C3372E42034900BC252C /* MASCompositeConstraint.h in Headers */,
				BF96C3382E42034900BC252C /* NSArray+MASAdditions.h in Headers */,
				BF96C3392E42034900BC252C /* NJLiveIndexFeedCardHandler.h in Headers */,
				BF96C33A2E42034900BC252C /* NJSearchSquareCardHandler.h in Headers */,
				BF96C33B2E42034900BC252C /* UIImageView+BBSFreeDataWebCache.h in Headers */,
				BF96C33C2E42034900BC252C /* NJHotTopicSmallCoverV5Entity.h in Headers */,
				BF96C33D2E42034900BC252C /* NJRcmdBannerV8Entry.h in Headers */,
				BF96C33E2E42034900BC252C /* NJAnimeChannelBannerEntity.h in Headers */,
				BF96C33F2E42034900BC252C /* ViewController+MASAdditions.h in Headers */,
				BF96C3402E42034900BC252C /* NJHotTopicCardEntity.h in Headers */,
				BF96C3412E42034900BC252C /* UIImage+NJCategory.h in Headers */,
				BF96C3422E42034900BC252C /* NJHotTopicRcmdOneItemEntity.h in Headers */,
				BF96C3432E42034900BC252C /* MASLayoutConstraint.h in Headers */,
				BF96C3442E42034900BC252C /* MASConstraintMaker.h in Headers */,
				BF96C3452E42034900BC252C /* Masonry.h in Headers */,
				BF96C3462E42034900BC252C /* UIColor+NJColor.h in Headers */,
				BF96C3472E42034900BC252C /* NJSearchSquareRecommendEntity.h in Headers */,
				BF96C3482E42034900BC252C /* NJAnimeChannelCardEntity.h in Headers */,
				BF96C3492E42034900BC252C /* NJCommonDefine.h in Headers */,
				BF96C34A2E42034900BC252C /* MASViewConstraint.h in Headers */,
				BF96C34B2E42034900BC252C /* NJLiveIndexFeedBannerV1Entity.h in Headers */,
				BF96C34C2E42034900BC252C /* NSLayoutConstraint+MASDebugAdditions.h in Headers */,
				BF96C34D2E42034900BC252C /* NJSearchSquareCardEntity.h in Headers */,
				BF96C34E2E42034900BC252C /* NJAnimeChannelDataItem.h in Headers */,
				BF96C34F2E42034900BC252C /* UIViewController+NJFind.h in Headers */,
				BF96C3502E42034900BC252C /* NJLiveSecondGetListDataItem.h in Headers */,
				BF96C3512E42034900BC252C /* MASConstraint+Private.h in Headers */,
				BF96C3522E42034900BC252C /* NJApiDataItem.h in Headers */,
				BF96C3532E42034900BC252C /* View+MASShorthandAdditions.h in Headers */,
				BF96C3542E42034900BC252C /* NJSearchSquareDataItem.h in Headers */,
				BF96C3552E42034900BC252C /* NJRcmdCardEntry.h in Headers */,
				BF96C3562E42034900BC252C /* MASConstraint.h in Headers */,
				BF96C3572E42034900BC252C /* NJLiveIndexFeedCardEntity.h in Headers */,
				BF96C3582E42034900BC252C /* NJRcmdSmallCoverV2Entry.h in Headers */,
				BF96C3592E42034900BC252C /* NJLiveIndexFeedActivityCardV1Entity.h in Headers */,
				BF96C35A2E42034900BC252C /* NJAsset.h in Headers */,
				BF96C35B2E42034900BC252C /* UIApplication+NJCategory.h in Headers */,
				BF96C35C2E42034900BC252C /* BAPIAppCardV1Card.h in Headers */,
				BF96C35D2E42034900BC252C /* NJRcmdCmDoubleV9Entry.h in Headers */,
				BF96C35E2E42034900BC252C /* NJApiDataManger.h in Headers */,
				BF96C35F2E42034900BC252C /* View+MASAdditions.h in Headers */,
				BF96C3602E42034900BC252C /* BAPIAppCardV1SmallCoverV5.h in Headers */,
				BF96C3612E42034900BC252C /* NJLiveIndexFeedDataItem.h in Headers */,
				BF96C3622E42034900BC252C /* NJRcmdCardHandler.h in Headers */,
				BF96C3632E42034900BC252C /* NJAnimeChannelTipEntity.h in Headers */,
				BF96C3642E42034900BC252C /* MASViewAttribute.h in Headers */,
				BF96C3652E42034900BC252C /* BAPIAppCardV1Base.h in Headers */,
				BF96C3662E42034900BC252C /* MASUtilities.h in Headers */,
				BF96C3672E42034900BC252C /* NJRcmdCmV2Entry.h in Headers */,
				BF96C3682E42034900BC252C /* NJHotTopicCardHandler.h in Headers */,
				BF96C3692E42034900BC252C /* NJRcmdCardDataItem.h in Headers */,
				BF96C36A2E42034900BC252C /* NSArray+MASShorthandAdditions.h in Headers */,
				BF0D035E2DEDA95900115365 /* fishhook.h in Headers */,
				BF0D03522DEDA95900115365 /* LLDBTools.h in Headers */,
				BF0D03602DEDA95900115365 /* BiliBiliMDDylib.h in Headers */,
				BF0D032D2DEDA95900115365 /* MDConfigManager.h in Headers */,
				BF0D034C2DEDA95900115365 /* OCSelectorTrampolines.h in Headers */,
				BF0D03482DEDA95900115365 /* OCMethodTrace.h in Headers */,
			);
			runOnlyForDeploymentPostprocessing = 0;
		};
/* End PBXHeadersBuildPhase section */

/* Begin PBXNativeTarget section */
		BF0D03092DEDA95900115365 /* BiliBiliMD */ = {
			isa = PBXNativeTarget;
			buildConfigurationList = BF0D03672DEDA95900115365 /* Build configuration list for PBXNativeTarget "BiliBiliMD" */;
			buildPhases = (
				BF0D03032DEDA95900115365 /* Sources */,
				BF0D03042DEDA95900115365 /* Frameworks */,
				BF0D03052DEDA95900115365 /* ShellScript */,
				BF0D03062DEDA95900115365 /* Resources */,
				BF0D03072DEDA95900115365 /* Copy Files */,
				BF0D03082DEDA95900115365 /* ShellScript */,
			);
			buildRules = (
			);
			dependencies = (
				BF0D031E2DEDA95900115365 /* PBXTargetDependency */,
			);
			fileSystemSynchronizedGroups = (
				BF0D030C2DEDA95900115365 /* BiliBiliMD */,
			);
			name = BiliBiliMD;
			packageProductDependencies = (
			);
			productName = BiliBiliMD;
			productReference = BF0D030A2DEDA95900115365 /* BiliBiliMD.app */;
			productType = "com.apple.product-type.application";
		};
		BF0D031A2DEDA95900115365 /* BiliBiliMDDylib */ = {
			isa = PBXNativeTarget;
			buildConfigurationList = BF0D03642DEDA95900115365 /* Build configuration list for PBXNativeTarget "BiliBiliMDDylib" */;
			buildPhases = (
				BF0D03162DEDA95900115365 /* ShellScript */,
				BF0D03172DEDA95900115365 /* Sources */,
				BF0D03182DEDA95900115365 /* Frameworks */,
				BF0D03192DEDA95900115365 /* Headers */,
			);
			buildRules = (
			);
			dependencies = (
			);
			name = BiliBiliMDDylib;
			packageProductDependencies = (
			);
			productName = BiliBiliMDDylib;
			productReference = BF0D031B2DEDA95900115365 /* libBiliBiliMDDylib.dylib */;
			productType = "com.apple.product-type.library.dynamic";
		};
/* End PBXNativeTarget section */

/* Begin PBXProject section */
		BF0D02FF2DEDA95900115365 /* Project object */ = {
			isa = PBXProject;
			attributes = {
				BuildIndependentTargetsInParallel = 1;
				LastUpgradeCheck = 1620;
				TargetAttributes = {
					BF0D03092DEDA95900115365 = {
						CreatedOnToolsVersion = 16.2;
					};
					BF0D031A2DEDA95900115365 = {
						CreatedOnToolsVersion = 16.2;
					};
				};
			};
			buildConfigurationList = BF0D03022DEDA95900115365 /* Build configuration list for PBXProject "BiliBiliMD" */;
			developmentRegion = en;
			hasScannedForEncodings = 0;
			knownRegions = (
				en,
				Base,
			);
			mainGroup = BF0D02FE2DEDA95900115365;
			minimizedProjectReferenceProxies = 1;
			preferredProjectObjectVersion = 77;
			productRefGroup = BF0D030B2DEDA95900115365 /* Products */;
			projectDirPath = "";
			projectRoot = "";
			targets = (
				BF0D03092DEDA95900115365 /* BiliBiliMD */,
				BF0D031A2DEDA95900115365 /* BiliBiliMDDylib */,
			);
		};
/* End PBXProject section */

/* Begin PBXResourcesBuildPhase section */
		BF0D03062DEDA95900115365 /* Resources */ = {
			isa = PBXResourcesBuildPhase;
			buildActionMask = 2147483647;
			files = (
			);
			runOnlyForDeploymentPostprocessing = 0;
		};
/* End PBXResourcesBuildPhase section */

/* Begin PBXShellScriptBuildPhase section */
		BF0D03052DEDA95900115365 /* ShellScript */ = {
			isa = PBXShellScriptBuildPhase;
			buildActionMask = 2147483647;
			files = (
			);
			inputFileListPaths = (
			);
			inputPaths = (
			);
			outputFileListPaths = (
			);
			outputPaths = (
			);
			runOnlyForDeploymentPostprocessing = 0;
			shellPath = /bin/sh;
			shellScript = "/opt/MonkeyDev/Tools/pack.sh\n";
		};
		BF0D03082DEDA95900115365 /* ShellScript */ = {
			isa = PBXShellScriptBuildPhase;
			buildActionMask = 2147483647;
			files = (
			);
			inputFileListPaths = (
			);
			inputPaths = (
			);
			outputFileListPaths = (
			);
			outputPaths = (
			);
			runOnlyForDeploymentPostprocessing = 0;
			shellPath = /bin/sh;
			shellScript = "/opt/MonkeyDev/Tools/pack.sh codesign\n";
		};
		BF0D03162DEDA95900115365 /* ShellScript */ = {
			isa = PBXShellScriptBuildPhase;
			buildActionMask = 2147483647;
			files = (
			);
			inputFileListPaths = (
			);
			inputPaths = (
			);
			outputFileListPaths = (
			);
			outputPaths = (
			);
			runOnlyForDeploymentPostprocessing = 0;
			shellPath = /bin/sh;
			shellScript = "/opt/MonkeyDev/bin/md --xcbp-logos\n";
		};
/* End PBXShellScriptBuildPhase section */

/* Begin PBXSourcesBuildPhase section */
		BF0D03032DEDA95900115365 /* Sources */ = {
			isa = PBXSourcesBuildPhase;
			buildActionMask = 2147483647;
			files = (
			);
			runOnlyForDeploymentPostprocessing = 0;
		};
		BF0D03172DEDA95900115365 /* Sources */ = {
			isa = PBXSourcesBuildPhase;
			buildActionMask = 2147483647;
			files = (
				BF0D03622DEDA95900115365 /* BiliBiliMDDylib.m in Sources */,
				BF0D03332DEDA95900115365 /* MDCycriptManager.m in Sources */,
				BF0D033C2DEDA95900115365 /* a1a2-selectortramps-arm64.s in Sources */,
				BF0D033A2DEDA95900115365 /* a1a2-selectortramps-arm.s in Sources */,
				BF0D03402DEDA95900115365 /* a1a2-selectortramps-x86_64.s in Sources */,
				BF0D034A2DEDA95900115365 /* OCMethodTrace.m in Sources */,
				BF0D032F2DEDA95900115365 /* MDConfigManager.m in Sources */,
				BF0D035C2DEDA95900115365 /* fishhook.c in Sources */,
				BF0D03592DEDA95900115365 /* AntiAntiDebug.m in Sources */,
				BF0D034E2DEDA95900115365 /* OCSelectorTrampolines.mm in Sources */,
				BF0D033E2DEDA95900115365 /* a1a2-selectortramps-i386.s in Sources */,
				BF0D03442DEDA95900115365 /* a2a3-selectortramps-i386.s in Sources */,
				BF0D03422DEDA95900115365 /* a2a3-selectortramps-arm.s in Sources */,
				BF0D03542DEDA95900115365 /* LLDBTools.mm in Sources */,
				BF96C36B2E42034900BC252C /* NJHotTopicAd.mm in Sources */,
				BF96C36C2E42034900BC252C /* NJNetworkService.mm in Sources */,
				BF96C36D2E42034900BC252C /* NJLiveDetailAd.mm in Sources */,
				BF96C36E2E42034900BC252C /* NJRcmdCardEntry.m in Sources */,
				BF96C36F2E42034900BC252C /* UIViewController+NJFind.m in Sources */,
				BF96C3702E42034900BC252C /* NJHotTopicCardHandler.m in Sources */,
				BF96C3712E42034900BC252C /* NJLiveIndexFeedBannerV1Entity.m in Sources */,
				BF96C3722E42034900BC252C /* NJSearchResultAd.mm in Sources */,
				BF96C3732E42034900BC252C /* NJAsset.m in Sources */,
				BF96C3742E42034900BC252C /* NJLiveIndexFeedActivityCardV1Entity.m in Sources */,
				BF96C3752E42034900BC252C /* NJLiveIndexFeedCardEntity.m in Sources */,
				BF96C3762E42034900BC252C /* NJSearchSquareDataItem.m in Sources */,
				BF96C3772E42034900BC252C /* NJRcmdSmallCoverV2Entry.m in Sources */,
				BF96C3782E42034900BC252C /* NJApiDataItem.m in Sources */,
				BF96C3792E42034900BC252C /* NJHotTopicCardEntity.m in Sources */,
				BF96C37A2E42034900BC252C /* NJHotTopicRcmdOneItemEntity.m in Sources */,
				BF96C37B2E42034900BC252C /* NJLiveIndexFeedCardHandler.m in Sources */,
				BF96C37C2E42034900BC252C /* NJCommonDefine.m in Sources */,
				BF96C37D2E42034900BC252C /* NJSettingSkullTableViewCell.m in Sources */,
				BF96C37E2E42034900BC252C /* NJLiveSecondGetListDataItem.m in Sources */,
				BF96C37F2E42034900BC252C /* UIColor+NJColor.m in Sources */,
				BF96C3802E42034900BC252C /* NJRcmdAd.mm in Sources */,
				BF96C3812E42034900BC252C /* NSURL+NJPath.m in Sources */,
				BF96C3822E42034900BC252C /* NJRcmdCmV2Entry.m in Sources */,
				BF96C3832E42034900BC252C /* NJAnimeChannelDataItem.m in Sources */,
				BF96C3842E42034900BC252C /* NJAnimeChannelCardHandler.m in Sources */,
				BF96C3852E42034900BC252C /* NJRcmdCmDoubleV9Entry.m in Sources */,
				BF96C3862E42034900BC252C /* NJHotTopicSmallCoverV5Entity.m in Sources */,
				BF96C3872E42034900BC252C /* NJAnimeChannelTipEntity.m in Sources */,
				BF96C3882E42034900BC252C /* NJLaunchAd.m in Sources */,
				BF96C3892E42034900BC252C /* NJRcmdBannerV8Entry.m in Sources */,
				BF96C38A2E42034900BC252C /* UIApplication+NJCategory.m in Sources */,
				BF96C38B2E42034900BC252C /* UIImage+NJCategory.m in Sources */,
				BF96C38C2E42034900BC252C /* NJSearchSquareCardEntity.m in Sources */,
				BF96C38D2E42034900BC252C /* NJLiveIndexFeedDataItem.m in Sources */,
				BF96C38E2E42034900BC252C /* NJRcmdCardHandler.m in Sources */,
				BF96C38F2E42034900BC252C /* NJAnimeChannelCardEntity.m in Sources */,
				BF96C3902E42034900BC252C /* NJDetailAd.mm in Sources */,
				BF96C3912E42034900BC252C /* NJSetting.mm in Sources */,
				BF96C3922E42034900BC252C /* NJDebug.mm in Sources */,
				BF96C3932E42034900BC252C /* NJApiDataManger.m in Sources */,
				BF96C3942E42034900BC252C /* NJRcmdCardDataItem.m in Sources */,
				BF96C3952E42034900BC252C /* NJLiveIndexFeedBannerV2Entity.m in Sources */,
				BF96C3962E42034900BC252C /* NJDynamicAd.mm in Sources */,
				BF96C3972E42034900BC252C /* NJSearchSquareCardHandler.m in Sources */,
				BF96C3982E42034900BC252C /* NJAnimeChannelBannerEntity.m in Sources */,
				BF96C3992E42034900BC252C /* NJSearchSquareRecommendEntity.m in Sources */,
				BF0D03462DEDA95900115365 /* a2a3-selectortramps-x86_64.s in Sources */,
				BF0D03372DEDA95900115365 /* MDMethodTrace.m in Sources */,
			);
			runOnlyForDeploymentPostprocessing = 0;
		};
/* End PBXSourcesBuildPhase section */

/* Begin PBXTargetDependency section */
		BF0D031E2DEDA95900115365 /* PBXTargetDependency */ = {
			isa = PBXTargetDependency;
			target = BF0D031A2DEDA95900115365 /* BiliBiliMDDylib */;
			targetProxy = BF0D031D2DEDA95900115365 /* PBXContainerItemProxy */;
		};
/* End PBXTargetDependency section */

/* Begin XCBuildConfiguration section */
		BF0D03652DEDA95900115365 /* Debug */ = {
			isa = XCBuildConfiguration;
			buildSettings = {
				CODE_SIGN_STYLE = Automatic;
				DEVELOPMENT_TEAM = E435LNP339;
				DYLIB_COMPATIBILITY_VERSION = 1;
				DYLIB_CURRENT_VERSION = 1;
				ENABLE_BITCODE = NO;
				ENABLE_USER_SCRIPT_SANDBOXING = NO;
				EXCLUDED_RECURSIVE_SEARCH_PATH_SUBDIRECTORIES = "*.nib *.lproj *.gch (*) .DS_Store CVS .svn .git .hg *.xcodeproj *.xcode *.pbproj *.pbxproj";
				EXECUTABLE_PREFIX = lib;
				FRAMEWORK_SEARCH_PATHS = (
					"$(inherited)",
					"$(MonkeyDevPath)/Frameworks/**",
					"$(MonkeyDevPath)/Librarys/**",
					"$(MonkeyDevTheosPath)/vendor/lib",
				);
				GCC_C_LANGUAGE_STANDARD = gnu99;
				GCC_PRECOMPILE_PREFIX_HEADER = YES;
				GCC_PREFIX_HEADER = "BiliBiliMDDylib/BiliBiliMDDylib-Prefix.pch";
				GCC_SYMBOLS_PRIVATE_EXTERN = NO;
				GCC_WARN_ABOUT_MISSING_PROTOTYPES = YES;
				GCC_WARN_ABOUT_RETURN_TYPE = YES;
				HEADER_SEARCH_PATHS = (
					"$(inherited)",
					"$(MonkeyDevPath)/include",
					"$(MonkeyDevTheosPath)/vendor/include/**",
				);
				INSTALL_PATH = "@executable_path/Frameworks/libBiliBiliMDDylib.dylib";
				LD_RUNPATH_SEARCH_PATHS = (
					"$(inherited)",
					"@executable_path/Frameworks",
				);
				LIBRARY_SEARCH_PATHS = (
					"$(inherited)",
					"$(MonkeyDevPath)/Frameworks",
					"$(MonkeyDevTheosPath)/vendor/lib/**",
				);
				MonkeyDevPath = /opt/MonkeyDev;
				MonkeyDevTheosPath = /opt/theos;
				OTHER_CFLAGS = (
					"$(inherited)",
					"-DTHEOS_INSTANCE_NAME=\"\\\"BiliBiliMDDylib\\\"\"",
				);
				OTHER_LDFLAGS = (
					"$(inherited)",
					"-weak_library",
					"$(MonkeyDevPath)/Frameworks/libsubstrate.dylib",
					"-lcycript",
					"-framework",
					RevealServer,
				);
				PRODUCT_NAME = "$(TARGET_NAME)";
				TARGETED_DEVICE_FAMILY = "1,2";
				VALIDATE_PRODUCT = NO;
			};
			name = Debug;
		};
		BF0D03662DEDA95900115365 /* Release */ = {
			isa = XCBuildConfiguration;
			buildSettings = {
				CODE_SIGN_STYLE = Automatic;
				COPY_PHASE_STRIP = YES;
				DEVELOPMENT_TEAM = E435LNP339;
				DYLIB_COMPATIBILITY_VERSION = 1;
				DYLIB_CURRENT_VERSION = 1;
				ENABLE_BITCODE = NO;
				ENABLE_USER_SCRIPT_SANDBOXING = NO;
				EXCLUDED_RECURSIVE_SEARCH_PATH_SUBDIRECTORIES = "*.nib *.lproj *.gch (*) .DS_Store CVS .svn .git .hg *.xcodeproj *.xcode *.pbproj *.pbxproj";
				EXECUTABLE_PREFIX = lib;
				FRAMEWORK_SEARCH_PATHS = (
					"$(inherited)",
					"$(MonkeyDevPath)/Frameworks/**",
					"$(MonkeyDevPath)/Librarys/**",
					"$(MonkeyDevTheosPath)/vendor/lib",
				);
				GCC_C_LANGUAGE_STANDARD = gnu99;
				GCC_PRECOMPILE_PREFIX_HEADER = YES;
				GCC_PREFIX_HEADER = "BiliBiliMDDylib/BiliBiliMDDylib-Prefix.pch";
				GCC_WARN_ABOUT_MISSING_PROTOTYPES = YES;
				GCC_WARN_ABOUT_RETURN_TYPE = YES;
				HEADER_SEARCH_PATHS = (
					"$(inherited)",
					"$(MonkeyDevPath)/include",
					"$(MonkeyDevTheosPath)/vendor/include/**",
				);
				INSTALL_PATH = "@executable_path/Frameworks/libBiliBiliMDDylib.dylib";
				LD_RUNPATH_SEARCH_PATHS = (
					"$(inherited)",
					"@executable_path/Frameworks",
				);
				LIBRARY_SEARCH_PATHS = (
					"$(inherited)",
					"$(MonkeyDevPath)/Frameworks",
					"$(MonkeyDevTheosPath)/vendor/lib/**",
				);
				MonkeyDevPath = /opt/MonkeyDev;
				MonkeyDevTheosPath = /opt/theos;
				OTHER_CFLAGS = (
					"$(inherited)",
					"-DTHEOS_INSTANCE_NAME=\"\\\"BiliBiliMDDylib\\\"\"",
				);
				OTHER_LDFLAGS = (
					"$(inherited)",
					"-weak_library",
					"$(MonkeyDevPath)/Frameworks/libsubstrate.dylib",
				);
				PRODUCT_NAME = "$(TARGET_NAME)";
				TARGETED_DEVICE_FAMILY = "1,2";
			};
			name = Release;
		};
		BF0D03682DEDA95900115365 /* Debug */ = {
			isa = XCBuildConfiguration;
			buildSettings = {
				CODE_SIGN_STYLE = Automatic;
				CURRENT_PROJECT_VERSION = 1;
				DEVELOPMENT_TEAM = E435LNP339;
				ENABLE_BITCODE = NO;
				ENABLE_USER_SCRIPT_SANDBOXING = NO;
				GENERATE_INFOPLIST_FILE = YES;
				MARKETING_VERSION = 1.0;
				MONKEYDEV_ADD_SUBSTRATE = YES;
				MONKEYDEV_CLASS_DUMP = NO;
				MONKEYDEV_DEFAULT_BUNDLEID = NO;
				MONKEYDEV_INSERT_DYLIB = YES;
				MONKEYDEV_RESTORE_SYMBOL = NO;
				MONKEYDEV_TARGET_APP = "哔哩哔哩";
				PODS_CONFIGURATION_BUILD_DIR = "$BUILD_DIR/$(CONFIGURATION)$(EFFECTIVE_PLATFORM_NAME)";
				PODS_ROOT = "${SRCROOT}/Pods";
				PRODUCT_BUNDLE_IDENTIFIER = com.cxz.test.BiliBiliMD;
				PRODUCT_NAME = "$(TARGET_NAME)";
				SWIFT_EMIT_LOC_STRINGS = YES;
				TARGETED_DEVICE_FAMILY = "1,2";
			};
			name = Debug;
		};
		BF0D03692DEDA95900115365 /* Release */ = {
			isa = XCBuildConfiguration;
			buildSettings = {
				CODE_SIGN_STYLE = Automatic;
				CURRENT_PROJECT_VERSION = 1;
				DEVELOPMENT_TEAM = E435LNP339;
				ENABLE_BITCODE = NO;
				ENABLE_USER_SCRIPT_SANDBOXING = NO;
				GENERATE_INFOPLIST_FILE = YES;
				MARKETING_VERSION = 1.0;
				MONKEYDEV_ADD_SUBSTRATE = YES;
				MONKEYDEV_CLASS_DUMP = NO;
				MONKEYDEV_DEFAULT_BUNDLEID = NO;
				MONKEYDEV_INSERT_DYLIB = YES;
				MONKEYDEV_RESTORE_SYMBOL = NO;
				MONKEYDEV_TARGET_APP = "哔哩哔哩";
				PODS_CONFIGURATION_BUILD_DIR = "$BUILD_DIR/$(CONFIGURATION)$(EFFECTIVE_PLATFORM_NAME)";
				PODS_ROOT = "${SRCROOT}/Pods";
				PRODUCT_BUNDLE_IDENTIFIER = com.cxz.test.BiliBiliMD;
				PRODUCT_NAME = "$(TARGET_NAME)";
				SWIFT_EMIT_LOC_STRINGS = YES;
				TARGETED_DEVICE_FAMILY = "1,2";
			};
			name = Release;
		};
		BF0D036A2DEDA95900115365 /* Debug */ = {
			isa = XCBuildConfiguration;
			buildSettings = {
				ALWAYS_SEARCH_USER_PATHS = NO;
				ASSETCATALOG_COMPILER_GENERATE_SWIFT_ASSET_SYMBOL_EXTENSIONS = YES;
				CLANG_ANALYZER_NONNULL = YES;
				CLANG_ANALYZER_NUMBER_OBJECT_CONVERSION = YES_AGGRESSIVE;
				CLANG_CXX_LANGUAGE_STANDARD = "gnu++20";
				CLANG_ENABLE_MODULES = YES;
				CLANG_ENABLE_OBJC_ARC = YES;
				CLANG_ENABLE_OBJC_WEAK = YES;
				CLANG_WARN_BLOCK_CAPTURE_AUTORELEASING = YES;
				CLANG_WARN_BOOL_CONVERSION = YES;
				CLANG_WARN_COMMA = YES;
				CLANG_WARN_CONSTANT_CONVERSION = YES;
				CLANG_WARN_DEPRECATED_OBJC_IMPLEMENTATIONS = YES;
				CLANG_WARN_DIRECT_OBJC_ISA_USAGE = YES_ERROR;
				CLANG_WARN_DOCUMENTATION_COMMENTS = YES;
				CLANG_WARN_EMPTY_BODY = YES;
				CLANG_WARN_ENUM_CONVERSION = YES;
				CLANG_WARN_INFINITE_RECURSION = YES;
				CLANG_WARN_INT_CONVERSION = YES;
				CLANG_WARN_NON_LITERAL_NULL_CONVERSION = YES;
				CLANG_WARN_OBJC_IMPLICIT_RETAIN_SELF = YES;
				CLANG_WARN_OBJC_LITERAL_CONVERSION = YES;
				CLANG_WARN_OBJC_ROOT_CLASS = YES_ERROR;
				CLANG_WARN_QUOTED_INCLUDE_IN_FRAMEWORK_HEADER = YES;
				CLANG_WARN_RANGE_LOOP_ANALYSIS = YES;
				CLANG_WARN_STRICT_PROTOTYPES = YES;
				CLANG_WARN_SUSPICIOUS_MOVE = YES;
				CLANG_WARN_UNGUARDED_AVAILABILITY = YES_AGGRESSIVE;
				CLANG_WARN_UNREACHABLE_CODE = YES;
				CLANG_WARN__DUPLICATE_METHOD_MATCH = YES;
				COPY_PHASE_STRIP = NO;
				DEBUG_INFORMATION_FORMAT = dwarf;
				ENABLE_STRICT_OBJC_MSGSEND = YES;
				ENABLE_TESTABILITY = YES;
				ENABLE_USER_SCRIPT_SANDBOXING = YES;
				GCC_C_LANGUAGE_STANDARD = gnu17;
				GCC_DYNAMIC_NO_PIC = NO;
				GCC_NO_COMMON_BLOCKS = YES;
				GCC_OPTIMIZATION_LEVEL = 0;
				GCC_PREPROCESSOR_DEFINITIONS = (
					"DEBUG=1",
					"$(inherited)",
				);
				GCC_WARN_64_TO_32_BIT_CONVERSION = YES;
				GCC_WARN_ABOUT_RETURN_TYPE = YES_ERROR;
				GCC_WARN_UNDECLARED_SELECTOR = YES;
				GCC_WARN_UNINITIALIZED_AUTOS = YES_AGGRESSIVE;
				GCC_WARN_UNUSED_FUNCTION = YES;
				GCC_WARN_UNUSED_VARIABLE = YES;
				IPHONEOS_DEPLOYMENT_TARGET = 13.0;
				LOCALIZATION_PREFERS_STRING_CATALOGS = YES;
				MTL_ENABLE_DEBUG_INFO = INCLUDE_SOURCE;
				MTL_FAST_MATH = YES;
				ONLY_ACTIVE_ARCH = YES;
				SDKROOT = iphoneos;
			};
			name = Debug;
		};
		BF0D036B2DEDA95900115365 /* Release */ = {
			isa = XCBuildConfiguration;
			buildSettings = {
				ALWAYS_SEARCH_USER_PATHS = NO;
				ASSETCATALOG_COMPILER_GENERATE_SWIFT_ASSET_SYMBOL_EXTENSIONS = YES;
				CLANG_ANALYZER_NONNULL = YES;
				CLANG_ANALYZER_NUMBER_OBJECT_CONVERSION = YES_AGGRESSIVE;
				CLANG_CXX_LANGUAGE_STANDARD = "gnu++20";
				CLANG_ENABLE_MODULES = YES;
				CLANG_ENABLE_OBJC_ARC = YES;
				CLANG_ENABLE_OBJC_WEAK = YES;
				CLANG_WARN_BLOCK_CAPTURE_AUTORELEASING = YES;
				CLANG_WARN_BOOL_CONVERSION = YES;
				CLANG_WARN_COMMA = YES;
				CLANG_WARN_CONSTANT_CONVERSION = YES;
				CLANG_WARN_DEPRECATED_OBJC_IMPLEMENTATIONS = YES;
				CLANG_WARN_DIRECT_OBJC_ISA_USAGE = YES_ERROR;
				CLANG_WARN_DOCUMENTATION_COMMENTS = YES;
				CLANG_WARN_EMPTY_BODY = YES;
				CLANG_WARN_ENUM_CONVERSION = YES;
				CLANG_WARN_INFINITE_RECURSION = YES;
				CLANG_WARN_INT_CONVERSION = YES;
				CLANG_WARN_NON_LITERAL_NULL_CONVERSION = YES;
				CLANG_WARN_OBJC_IMPLICIT_RETAIN_SELF = YES;
				CLANG_WARN_OBJC_LITERAL_CONVERSION = YES;
				CLANG_WARN_OBJC_ROOT_CLASS = YES_ERROR;
				CLANG_WARN_QUOTED_INCLUDE_IN_FRAMEWORK_HEADER = YES;
				CLANG_WARN_RANGE_LOOP_ANALYSIS = YES;
				CLANG_WARN_STRICT_PROTOTYPES = YES;
				CLANG_WARN_SUSPICIOUS_MOVE = YES;
				CLANG_WARN_UNGUARDED_AVAILABILITY = YES_AGGRESSIVE;
				CLANG_WARN_UNREACHABLE_CODE = YES;
				CLANG_WARN__DUPLICATE_METHOD_MATCH = YES;
				COPY_PHASE_STRIP = NO;
				DEBUG_INFORMATION_FORMAT = "dwarf-with-dsym";
				ENABLE_NS_ASSERTIONS = NO;
				ENABLE_STRICT_OBJC_MSGSEND = YES;
				ENABLE_USER_SCRIPT_SANDBOXING = YES;
				GCC_C_LANGUAGE_STANDARD = gnu17;
				GCC_NO_COMMON_BLOCKS = YES;
				GCC_WARN_64_TO_32_BIT_CONVERSION = YES;
				GCC_WARN_ABOUT_RETURN_TYPE = YES_ERROR;
				GCC_WARN_UNDECLARED_SELECTOR = YES;
				GCC_WARN_UNINITIALIZED_AUTOS = YES_AGGRESSIVE;
				GCC_WARN_UNUSED_FUNCTION = YES;
				GCC_WARN_UNUSED_VARIABLE = YES;
				IPHONEOS_DEPLOYMENT_TARGET = 13.0;
				LOCALIZATION_PREFERS_STRING_CATALOGS = YES;
				MTL_ENABLE_DEBUG_INFO = NO;
				MTL_FAST_MATH = YES;
				SDKROOT = iphoneos;
				VALIDATE_PRODUCT = YES;
			};
			name = Release;
		};
/* End XCBuildConfiguration section */

/* Begin XCConfigurationList section */
		BF0D03022DEDA95900115365 /* Build configuration list for PBXProject "BiliBiliMD" */ = {
			isa = XCConfigurationList;
			buildConfigurations = (
				BF0D036A2DEDA95900115365 /* Debug */,
				BF0D036B2DEDA95900115365 /* Release */,
			);
			defaultConfigurationIsVisible = 0;
			defaultConfigurationName = Release;
		};
		BF0D03642DEDA95900115365 /* Build configuration list for PBXNativeTarget "BiliBiliMDDylib" */ = {
			isa = XCConfigurationList;
			buildConfigurations = (
				BF0D03652DEDA95900115365 /* Debug */,
				BF0D03662DEDA95900115365 /* Release */,
			);
			defaultConfigurationIsVisible = 0;
			defaultConfigurationName = Release;
		};
		BF0D03672DEDA95900115365 /* Build configuration list for PBXNativeTarget "BiliBiliMD" */ = {
			isa = XCConfigurationList;
			buildConfigurations = (
				BF0D03682DEDA95900115365 /* Debug */,
				BF0D03692DEDA95900115365 /* Release */,
			);
			defaultConfigurationIsVisible = 0;
			defaultConfigurationName = Release;
		};
/* End XCConfigurationList section */
	};
	rootObject = BF0D02FF2DEDA95900115365 /* Project object */;
}
