// !$*UTF8*$!
{
	archiveVersion = 1;
	classes = {
	};
	objectVersion = 77;
	objects = {

/* Begin PBXBuildFile section */
		BF0D031C2DEDA95900115365 /* libBiliBiliMDDylib.dylib in Copy Files */ = {isa = PBXBuildFile; fileRef = BF0D031B2DEDA95900115365 /* libBiliBiliMDDylib.dylib */; settings = {ATTRIBUTES = (CodeSignOnCopy, ); }; };
		BF0D03212DEDA95900115365 /* JavaScriptCore.framework in Frameworks */ = {isa = PBXBuildFile; fileRef = BF0D03202DEDA95900115365 /* JavaScriptCore.framework */; };
		BF0D03232DEDA95900115365 /* Foundation.framework in Frameworks */ = {isa = PBXBuildFile; fileRef = BF0D03222DEDA95900115365 /* Foundation.framework */; };
		BF0D03252DEDA95900115365 /* UIKit.framework in Frameworks */ = {isa = PBXBuildFile; fileRef = BF0D03242DEDA95900115365 /* UIKit.framework */; };
		BF0D032D2DEDA95900115365 /* MDConfigManager.h in Headers */ = {isa = PBXBuildFile; fileRef = BF0D032C2DEDA95900115365 /* MDConfigManager.h */; };
		BF0D032F2DEDA95900115365 /* MDConfigManager.m in Sources */ = {isa = PBXBuildFile; fileRef = BF0D032E2DEDA95900115365 /* MDConfigManager.m */; };
		BF0D03312DEDA95900115365 /* MDCycriptManager.h in Headers */ = {isa = PBXBuildFile; fileRef = BF0D03302DEDA95900115365 /* MDCycriptManager.h */; };
		BF0D03332DEDA95900115365 /* MDCycriptManager.m in Sources */ = {isa = PBXBuildFile; fileRef = BF0D03322DEDA95900115365 /* MDCycriptManager.m */; };
		BF0D03352DEDA95900115365 /* MDMethodTrace.h in Headers */ = {isa = PBXBuildFile; fileRef = BF0D03342DEDA95900115365 /* MDMethodTrace.h */; };
		BF0D03372DEDA95900115365 /* MDMethodTrace.m in Sources */ = {isa = PBXBuildFile; fileRef = BF0D03362DEDA95900115365 /* MDMethodTrace.m */; };
		BF0D033A2DEDA95900115365 /* a1a2-selectortramps-arm.s in Sources */ = {isa = PBXBuildFile; fileRef = BF0D03392DEDA95900115365 /* a1a2-selectortramps-arm.s */; };
		BF0D033C2DEDA95900115365 /* a1a2-selectortramps-arm64.s in Sources */ = {isa = PBXBuildFile; fileRef = BF0D033B2DEDA95900115365 /* a1a2-selectortramps-arm64.s */; };
		BF0D033E2DEDA95900115365 /* a1a2-selectortramps-i386.s in Sources */ = {isa = PBXBuildFile; fileRef = BF0D033D2DEDA95900115365 /* a1a2-selectortramps-i386.s */; };
		BF0D03402DEDA95900115365 /* a1a2-selectortramps-x86_64.s in Sources */ = {isa = PBXBuildFile; fileRef = BF0D033F2DEDA95900115365 /* a1a2-selectortramps-x86_64.s */; };
		BF0D03422DEDA95900115365 /* a2a3-selectortramps-arm.s in Sources */ = {isa = PBXBuildFile; fileRef = BF0D03412DEDA95900115365 /* a2a3-selectortramps-arm.s */; };
		BF0D03442DEDA95900115365 /* a2a3-selectortramps-i386.s in Sources */ = {isa = PBXBuildFile; fileRef = BF0D03432DEDA95900115365 /* a2a3-selectortramps-i386.s */; };
		BF0D03462DEDA95900115365 /* a2a3-selectortramps-x86_64.s in Sources */ = {isa = PBXBuildFile; fileRef = BF0D03452DEDA95900115365 /* a2a3-selectortramps-x86_64.s */; };
		BF0D03482DEDA95900115365 /* OCMethodTrace.h in Headers */ = {isa = PBXBuildFile; fileRef = BF0D03472DEDA95900115365 /* OCMethodTrace.h */; };
		BF0D034A2DEDA95900115365 /* OCMethodTrace.m in Sources */ = {isa = PBXBuildFile; fileRef = BF0D03492DEDA95900115365 /* OCMethodTrace.m */; };
		BF0D034C2DEDA95900115365 /* OCSelectorTrampolines.h in Headers */ = {isa = PBXBuildFile; fileRef = BF0D034B2DEDA95900115365 /* OCSelectorTrampolines.h */; };
		BF0D034E2DEDA95900115365 /* OCSelectorTrampolines.mm in Sources */ = {isa = PBXBuildFile; fileRef = BF0D034D2DEDA95900115365 /* OCSelectorTrampolines.mm */; };
		BF0D03522DEDA95900115365 /* LLDBTools.h in Headers */ = {isa = PBXBuildFile; fileRef = BF0D03512DEDA95900115365 /* LLDBTools.h */; };
		BF0D03542DEDA95900115365 /* LLDBTools.mm in Sources */ = {isa = PBXBuildFile; fileRef = BF0D03532DEDA95900115365 /* LLDBTools.mm */; };
		BF0D03592DEDA95900115365 /* AntiAntiDebug.m in Sources */ = {isa = PBXBuildFile; fileRef = BF0D03582DEDA95900115365 /* AntiAntiDebug.m */; };
		BF0D035C2DEDA95900115365 /* fishhook.c in Sources */ = {isa = PBXBuildFile; fileRef = BF0D035B2DEDA95900115365 /* fishhook.c */; };
		BF0D035E2DEDA95900115365 /* fishhook.h in Headers */ = {isa = PBXBuildFile; fileRef = BF0D035D2DEDA95900115365 /* fishhook.h */; };
		BF0D03602DEDA95900115365 /* BiliBiliMDDylib.h in Headers */ = {isa = PBXBuildFile; fileRef = BF0D035F2DEDA95900115365 /* BiliBiliMDDylib.h */; };
		BF0D03622DEDA95900115365 /* BiliBiliMDDylib.m in Sources */ = {isa = PBXBuildFile; fileRef = BF0D03612DEDA95900115365 /* BiliBiliMDDylib.m */; };
		BFB53D152E23D77D0052AAA7 /* NJAnimeChannelCardEntity.h in Headers */ = {isa = PBXBuildFile; fileRef = BFB53CC82E23D77D0052AAA7 /* NJAnimeChannelCardEntity.h */; };
		BFB53D162E23D77D0052AAA7 /* NJRcmdCardHandler.h in Headers */ = {isa = PBXBuildFile; fileRef = BFB53CEB2E23D77D0052AAA7 /* NJRcmdCardHandler.h */; };
		BFB53D172E23D77D0052AAA7 /* NJRcmdSmallCoverV2Entry.h in Headers */ = {isa = PBXBuildFile; fileRef = BFB53CF12E23D77D0052AAA7 /* NJRcmdSmallCoverV2Entry.h */; };
		BFB53D182E23D77D0052AAA7 /* NJRcmdCardDataItem.h in Headers */ = {isa = PBXBuildFile; fileRef = BFB53CF62E23D77D0052AAA7 /* NJRcmdCardDataItem.h */; };
		BFB53D192E23D77D0052AAA7 /* NJSearchSquareRecommendEntity.h in Headers */ = {isa = PBXBuildFile; fileRef = BFB53D0F2E23D77D0052AAA7 /* NJSearchSquareRecommendEntity.h */; };
		BFB53D1A2E23D77D0052AAA7 /* NJSearchSquareCardEntity.h in Headers */ = {isa = PBXBuildFile; fileRef = BFB53D092E23D77D0052AAA7 /* NJSearchSquareCardEntity.h */; };
		BFB53D1B2E23D77D0052AAA7 /* NJLiveIndexFeedCardHandler.h in Headers */ = {isa = PBXBuildFile; fileRef = BFB53CDB2E23D77D0052AAA7 /* NJLiveIndexFeedCardHandler.h */; };
		BFB53D1C2E23D77D0052AAA7 /* NJLiveIndexFeedBannerV2Entity.h in Headers */ = {isa = PBXBuildFile; fileRef = BFB53CD72E23D77D0052AAA7 /* NJLiveIndexFeedBannerV2Entity.h */; };
		BFB53D1D2E23D77D0052AAA7 /* NJApiDataItem.h in Headers */ = {isa = PBXBuildFile; fileRef = BFB53CFA2E23D77D0052AAA7 /* NJApiDataItem.h */; };
		BFB53D1E2E23D77D0052AAA7 /* NJRcmdCardEntry.h in Headers */ = {isa = PBXBuildFile; fileRef = BFB53CE92E23D77D0052AAA7 /* NJRcmdCardEntry.h */; };
		BFB53D1F2E23D77D0052AAA7 /* NJAnimeChannelCardHandler.h in Headers */ = {isa = PBXBuildFile; fileRef = BFB53CCA2E23D77D0052AAA7 /* NJAnimeChannelCardHandler.h */; };
		BFB53D202E23D77D0052AAA7 /* NJLiveIndexFeedActivityCardV1Entity.h in Headers */ = {isa = PBXBuildFile; fileRef = BFB53CD32E23D77D0052AAA7 /* NJLiveIndexFeedActivityCardV1Entity.h */; };
		BFB53D212E23D77D0052AAA7 /* NJSearchSquareCardHandler.h in Headers */ = {isa = PBXBuildFile; fileRef = BFB53D0B2E23D77D0052AAA7 /* NJSearchSquareCardHandler.h */; };
		BFB53D222E23D77D0052AAA7 /* NSURL+NJPath.h in Headers */ = {isa = PBXBuildFile; fileRef = BFB53CBC2E23D77D0052AAA7 /* NSURL+NJPath.h */; };
		BFB53D232E23D77D0052AAA7 /* NJAnimeChannelDataItem.h in Headers */ = {isa = PBXBuildFile; fileRef = BFB53CCD2E23D77D0052AAA7 /* NJAnimeChannelDataItem.h */; };
		BFB53D242E23D77D0052AAA7 /* NJLiveIndexFeedDataItem.h in Headers */ = {isa = PBXBuildFile; fileRef = BFB53CDE2E23D77D0052AAA7 /* NJLiveIndexFeedDataItem.h */; };
		BFB53D252E23D77D0052AAA7 /* NJApiDataManger.h in Headers */ = {isa = PBXBuildFile; fileRef = BFB53CFC2E23D77D0052AAA7 /* NJApiDataManger.h */; };
		BFB53D262E23D77D0052AAA7 /* NJAnimeChannelBannerEntity.h in Headers */ = {isa = PBXBuildFile; fileRef = BFB53CC62E23D77D0052AAA7 /* NJAnimeChannelBannerEntity.h */; };
		BFB53D272E23D77D0052AAA7 /* NJLiveSecondGetListDataItem.h in Headers */ = {isa = PBXBuildFile; fileRef = BFB53CE12E23D77D0052AAA7 /* NJLiveSecondGetListDataItem.h */; };
		BFB53D282E23D77D0052AAA7 /* UIViewController+NJFind.h in Headers */ = {isa = PBXBuildFile; fileRef = BFB53CC02E23D77D0052AAA7 /* UIViewController+NJFind.h */; };
		BFB53D292E23D77D0052AAA7 /* NJLiveIndexFeedCardEntity.h in Headers */ = {isa = PBXBuildFile; fileRef = BFB53CD92E23D77D0052AAA7 /* NJLiveIndexFeedCardEntity.h */; };
		BFB53D2A2E23D77D0052AAA7 /* NJRcmdBannerV8Entry.h in Headers */ = {isa = PBXBuildFile; fileRef = BFB53CE72E23D77D0052AAA7 /* NJRcmdBannerV8Entry.h */; };
		BFB53D2B2E23D77D0052AAA7 /* NJSearchSquareDataItem.h in Headers */ = {isa = PBXBuildFile; fileRef = BFB53D0D2E23D77D0052AAA7 /* NJSearchSquareDataItem.h */; };
		BFB53D2C2E23D77D0052AAA7 /* NJRcmdCmDoubleV9Entry.h in Headers */ = {isa = PBXBuildFile; fileRef = BFB53CED2E23D77D0052AAA7 /* NJRcmdCmDoubleV9Entry.h */; };
		BFB53D2D2E23D77D0052AAA7 /* NJCommonDefine.h in Headers */ = {isa = PBXBuildFile; fileRef = BFB53D012E23D77D0052AAA7 /* NJCommonDefine.h */; };
		BFB53D2E2E23D77D0052AAA7 /* NJRcmdCmV2Entry.h in Headers */ = {isa = PBXBuildFile; fileRef = BFB53CEF2E23D77D0052AAA7 /* NJRcmdCmV2Entry.h */; };
		BFB53D2F2E23D77D0052AAA7 /* NJLiveIndexFeedBannerV1Entity.h in Headers */ = {isa = PBXBuildFile; fileRef = BFB53CD52E23D77D0052AAA7 /* NJLiveIndexFeedBannerV1Entity.h */; };
		BFB53D302E23D77D0052AAA7 /* UIApplication+NJCategory.h in Headers */ = {isa = PBXBuildFile; fileRef = BFB53CBE2E23D77D0052AAA7 /* UIApplication+NJCategory.h */; };
		BFB53D312E23D77D0052AAA7 /* NJRcmdCmDoubleV9Entry.m in Sources */ = {isa = PBXBuildFile; fileRef = BFB53CEE2E23D77D0052AAA7 /* NJRcmdCmDoubleV9Entry.m */; };
		BFB53D322E23D77D0052AAA7 /* NJAnimeChannelBannerEntity.m in Sources */ = {isa = PBXBuildFile; fileRef = BFB53CC72E23D77D0052AAA7 /* NJAnimeChannelBannerEntity.m */; };
		BFB53D332E23D77D0052AAA7 /* NJRcmdCardDataItem.m in Sources */ = {isa = PBXBuildFile; fileRef = BFB53CF72E23D77D0052AAA7 /* NJRcmdCardDataItem.m */; };
		BFB53D342E23D77D0052AAA7 /* NJLiveSecondGetListDataItem.m in Sources */ = {isa = PBXBuildFile; fileRef = BFB53CE22E23D77D0052AAA7 /* NJLiveSecondGetListDataItem.m */; };
		BFB53D352E23D77D0052AAA7 /* NJDetailAd.mm in Sources */ = {isa = PBXBuildFile; fileRef = BFB53D052E23D77D0052AAA7 /* NJDetailAd.mm */; };
		BFB53D362E23D77D0052AAA7 /* NJNetworkService.mm in Sources */ = {isa = PBXBuildFile; fileRef = BFB53CFE2E23D77D0052AAA7 /* NJNetworkService.mm */; };
		BFB53D372E23D77D0052AAA7 /* NJLiveIndexFeedCardEntity.m in Sources */ = {isa = PBXBuildFile; fileRef = BFB53CDA2E23D77D0052AAA7 /* NJLiveIndexFeedCardEntity.m */; };
		BFB53D382E23D77D0052AAA7 /* NJApiDataManger.m in Sources */ = {isa = PBXBuildFile; fileRef = BFB53CFD2E23D77D0052AAA7 /* NJApiDataManger.m */; };
		BFB53D392E23D77D0052AAA7 /* NJDynamicAd.mm in Sources */ = {isa = PBXBuildFile; fileRef = BFB53CC32E23D77D0052AAA7 /* NJDynamicAd.mm */; };
		BFB53D3A2E23D77D0052AAA7 /* NJCommonDefine.m in Sources */ = {isa = PBXBuildFile; fileRef = BFB53D022E23D77D0052AAA7 /* NJCommonDefine.m */; };
		BFB53D3B2E23D77D0052AAA7 /* NJAnimeChannelCardHandler.m in Sources */ = {isa = PBXBuildFile; fileRef = BFB53CCB2E23D77D0052AAA7 /* NJAnimeChannelCardHandler.m */; };
		BFB53D3C2E23D77D0052AAA7 /* UIViewController+NJFind.m in Sources */ = {isa = PBXBuildFile; fileRef = BFB53CC12E23D77D0052AAA7 /* UIViewController+NJFind.m */; };
		BFB53D3D2E23D77D0052AAA7 /* NJRcmdCardEntry.m in Sources */ = {isa = PBXBuildFile; fileRef = BFB53CEA2E23D77D0052AAA7 /* NJRcmdCardEntry.m */; };
		BFB53D3E2E23D77D0052AAA7 /* NJSearchSquareCardEntity.m in Sources */ = {isa = PBXBuildFile; fileRef = BFB53D0A2E23D77D0052AAA7 /* NJSearchSquareCardEntity.m */; };
		BFB53D3F2E23D77D0052AAA7 /* NJSearchResultAd.mm in Sources */ = {isa = PBXBuildFile; fileRef = BFB53D122E23D77D0052AAA7 /* NJSearchResultAd.mm */; };
		BFB53D402E23D77D0052AAA7 /* NJLiveIndexFeedActivityCardV1Entity.m in Sources */ = {isa = PBXBuildFile; fileRef = BFB53CD42E23D77D0052AAA7 /* NJLiveIndexFeedActivityCardV1Entity.m */; };
		BFB53D412E23D77D0052AAA7 /* NJLiveDetailAd.mm in Sources */ = {isa = PBXBuildFile; fileRef = BFB53CE42E23D77D0052AAA7 /* NJLiveDetailAd.mm */; };
		BFB53D422E23D77D0052AAA7 /* NJSearchSquareRecommendEntity.m in Sources */ = {isa = PBXBuildFile; fileRef = BFB53D102E23D77D0052AAA7 /* NJSearchSquareRecommendEntity.m */; };
		BFB53D432E23D77D0052AAA7 /* NJLiveIndexFeedDataItem.m in Sources */ = {isa = PBXBuildFile; fileRef = BFB53CDF2E23D77D0052AAA7 /* NJLiveIndexFeedDataItem.m */; };
		BFB53D442E23D77D0052AAA7 /* NJLiveIndexFeedCardHandler.m in Sources */ = {isa = PBXBuildFile; fileRef = BFB53CDC2E23D77D0052AAA7 /* NJLiveIndexFeedCardHandler.m */; };
		BFB53D452E23D77D0052AAA7 /* NJLiveIndexFeedBannerV1Entity.m in Sources */ = {isa = PBXBuildFile; fileRef = BFB53CD62E23D77D0052AAA7 /* NJLiveIndexFeedBannerV1Entity.m */; };
		BFB53D462E23D77D0052AAA7 /* NJRcmdCmV2Entry.m in Sources */ = {isa = PBXBuildFile; fileRef = BFB53CF02E23D77D0052AAA7 /* NJRcmdCmV2Entry.m */; };
		BFB53D472E23D77D0052AAA7 /* NJHotTopicAd.mm in Sources */ = {isa = PBXBuildFile; fileRef = BFB53CD02E23D77D0052AAA7 /* NJHotTopicAd.mm */; };
		BFB53D482E23D77D0052AAA7 /* UIApplication+NJCategory.m in Sources */ = {isa = PBXBuildFile; fileRef = BFB53CBF2E23D77D0052AAA7 /* UIApplication+NJCategory.m */; };
		BFB53D492E23D77D0052AAA7 /* NJLiveIndexFeedBannerV2Entity.m in Sources */ = {isa = PBXBuildFile; fileRef = BFB53CD82E23D77D0052AAA7 /* NJLiveIndexFeedBannerV2Entity.m */; };
		BFB53D4A2E23D77D0052AAA7 /* NJAnimeChannelCardEntity.m in Sources */ = {isa = PBXBuildFile; fileRef = BFB53CC92E23D77D0052AAA7 /* NJAnimeChannelCardEntity.m */; };
		BFB53D4B2E23D77D0052AAA7 /* NJRcmdAd.mm in Sources */ = {isa = PBXBuildFile; fileRef = BFB53CF42E23D77D0052AAA7 /* NJRcmdAd.mm */; };
		BFB53D4C2E23D77D0052AAA7 /* NJLaunchAd.m in Sources */ = {isa = PBXBuildFile; fileRef = BFB53D072E23D77D0052AAA7 /* NJLaunchAd.m */; };
		BFB53D4D2E23D77D0052AAA7 /* NJDebug.mm in Sources */ = {isa = PBXBuildFile; fileRef = BFB53D032E23D77D0052AAA7 /* NJDebug.mm */; };
		BFB53D4E2E23D77D0052AAA7 /* NJRcmdBannerV8Entry.m in Sources */ = {isa = PBXBuildFile; fileRef = BFB53CE82E23D77D0052AAA7 /* NJRcmdBannerV8Entry.m */; };
		BFB53D4F2E23D77D0052AAA7 /* NJRcmdCardHandler.m in Sources */ = {isa = PBXBuildFile; fileRef = BFB53CEC2E23D77D0052AAA7 /* NJRcmdCardHandler.m */; };
		BFB53D502E23D77D0052AAA7 /* NJAnimeChannelDataItem.m in Sources */ = {isa = PBXBuildFile; fileRef = BFB53CCE2E23D77D0052AAA7 /* NJAnimeChannelDataItem.m */; };
		BFB53D512E23D77D0052AAA7 /* NJSearchSquareDataItem.m in Sources */ = {isa = PBXBuildFile; fileRef = BFB53D0E2E23D77D0052AAA7 /* NJSearchSquareDataItem.m */; };
		BFB53D522E23D77D0052AAA7 /* NSURL+NJPath.m in Sources */ = {isa = PBXBuildFile; fileRef = BFB53CBD2E23D77D0052AAA7 /* NSURL+NJPath.m */; };
		BFB53D532E23D77D0052AAA7 /* NJRcmdSmallCoverV2Entry.m in Sources */ = {isa = PBXBuildFile; fileRef = BFB53CF22E23D77D0052AAA7 /* NJRcmdSmallCoverV2Entry.m */; };
		BFB53D542E23D77D0052AAA7 /* NJSearchSquareCardHandler.m in Sources */ = {isa = PBXBuildFile; fileRef = BFB53D0C2E23D77D0052AAA7 /* NJSearchSquareCardHandler.m */; };
		BFB53D552E23D77D0052AAA7 /* NJApiDataItem.m in Sources */ = {isa = PBXBuildFile; fileRef = BFB53CFB2E23D77D0052AAA7 /* NJApiDataItem.m */; };
/* End PBXBuildFile section */

/* Begin PBXContainerItemProxy section */
		BF0D031D2DEDA95900115365 /* PBXContainerItemProxy */ = {
			isa = PBXContainerItemProxy;
			containerPortal = BF0D02FF2DEDA95900115365 /* Project object */;
			proxyType = 1;
			remoteGlobalIDString = BF0D031A2DEDA95900115365;
			remoteInfo = BiliBiliMDDylib;
		};
/* End PBXContainerItemProxy section */

/* Begin PBXCopyFilesBuildPhase section */
		BF0D03072DEDA95900115365 /* Copy Files */ = {
			isa = PBXCopyFilesBuildPhase;
			buildActionMask = 2147483647;
			dstPath = "";
			dstSubfolderSpec = 10;
			files = (
				BF0D031C2DEDA95900115365 /* libBiliBiliMDDylib.dylib in Copy Files */,
			);
			name = "Copy Files";
			runOnlyForDeploymentPostprocessing = 0;
		};
/* End PBXCopyFilesBuildPhase section */

/* Begin PBXFileReference section */
		BF0D030A2DEDA95900115365 /* BiliBiliMD.app */ = {isa = PBXFileReference; explicitFileType = wrapper.application; includeInIndex = 0; path = BiliBiliMD.app; sourceTree = BUILT_PRODUCTS_DIR; };
		BF0D031B2DEDA95900115365 /* libBiliBiliMDDylib.dylib */ = {isa = PBXFileReference; explicitFileType = "compiled.mach-o.dylib"; includeInIndex = 0; path = libBiliBiliMDDylib.dylib; sourceTree = BUILT_PRODUCTS_DIR; };
		BF0D03202DEDA95900115365 /* JavaScriptCore.framework */ = {isa = PBXFileReference; lastKnownFileType = wrapper.framework; name = JavaScriptCore.framework; path = System/Library/Frameworks/JavaScriptCore.framework; sourceTree = SDKROOT; };
		BF0D03222DEDA95900115365 /* Foundation.framework */ = {isa = PBXFileReference; lastKnownFileType = wrapper.framework; name = Foundation.framework; path = System/Library/Frameworks/Foundation.framework; sourceTree = SDKROOT; };
		BF0D03242DEDA95900115365 /* UIKit.framework */ = {isa = PBXFileReference; lastKnownFileType = wrapper.framework; name = UIKit.framework; path = System/Library/Frameworks/UIKit.framework; sourceTree = SDKROOT; };
		BF0D032C2DEDA95900115365 /* MDConfigManager.h */ = {isa = PBXFileReference; lastKnownFileType = sourcecode.c.h; path = MDConfigManager.h; sourceTree = "<group>"; };
		BF0D032E2DEDA95900115365 /* MDConfigManager.m */ = {isa = PBXFileReference; lastKnownFileType = sourcecode.c.objc; path = MDConfigManager.m; sourceTree = "<group>"; };
		BF0D03302DEDA95900115365 /* MDCycriptManager.h */ = {isa = PBXFileReference; lastKnownFileType = sourcecode.c.h; path = MDCycriptManager.h; sourceTree = "<group>"; };
		BF0D03322DEDA95900115365 /* MDCycriptManager.m */ = {isa = PBXFileReference; lastKnownFileType = sourcecode.c.objc; path = MDCycriptManager.m; sourceTree = "<group>"; };
		BF0D03342DEDA95900115365 /* MDMethodTrace.h */ = {isa = PBXFileReference; lastKnownFileType = sourcecode.c.h; path = MDMethodTrace.h; sourceTree = "<group>"; };
		BF0D03362DEDA95900115365 /* MDMethodTrace.m */ = {isa = PBXFileReference; lastKnownFileType = sourcecode.c.objc; path = MDMethodTrace.m; sourceTree = "<group>"; };
		BF0D03392DEDA95900115365 /* a1a2-selectortramps-arm.s */ = {isa = PBXFileReference; lastKnownFileType = sourcecode.asm; path = "a1a2-selectortramps-arm.s"; sourceTree = "<group>"; };
		BF0D033B2DEDA95900115365 /* a1a2-selectortramps-arm64.s */ = {isa = PBXFileReference; lastKnownFileType = sourcecode.asm; path = "a1a2-selectortramps-arm64.s"; sourceTree = "<group>"; };
		BF0D033D2DEDA95900115365 /* a1a2-selectortramps-i386.s */ = {isa = PBXFileReference; lastKnownFileType = sourcecode.asm; path = "a1a2-selectortramps-i386.s"; sourceTree = "<group>"; };
		BF0D033F2DEDA95900115365 /* a1a2-selectortramps-x86_64.s */ = {isa = PBXFileReference; lastKnownFileType = sourcecode.asm; path = "a1a2-selectortramps-x86_64.s"; sourceTree = "<group>"; };
		BF0D03412DEDA95900115365 /* a2a3-selectortramps-arm.s */ = {isa = PBXFileReference; lastKnownFileType = sourcecode.asm; path = "a2a3-selectortramps-arm.s"; sourceTree = "<group>"; };
		BF0D03432DEDA95900115365 /* a2a3-selectortramps-i386.s */ = {isa = PBXFileReference; lastKnownFileType = sourcecode.asm; path = "a2a3-selectortramps-i386.s"; sourceTree = "<group>"; };
		BF0D03452DEDA95900115365 /* a2a3-selectortramps-x86_64.s */ = {isa = PBXFileReference; lastKnownFileType = sourcecode.asm; path = "a2a3-selectortramps-x86_64.s"; sourceTree = "<group>"; };
		BF0D03472DEDA95900115365 /* OCMethodTrace.h */ = {isa = PBXFileReference; lastKnownFileType = sourcecode.c.h; path = OCMethodTrace.h; sourceTree = "<group>"; };
		BF0D03492DEDA95900115365 /* OCMethodTrace.m */ = {isa = PBXFileReference; lastKnownFileType = sourcecode.c.objc; path = OCMethodTrace.m; sourceTree = "<group>"; };
		BF0D034B2DEDA95900115365 /* OCSelectorTrampolines.h */ = {isa = PBXFileReference; lastKnownFileType = sourcecode.c.h; path = OCSelectorTrampolines.h; sourceTree = "<group>"; };
		BF0D034D2DEDA95900115365 /* OCSelectorTrampolines.mm */ = {isa = PBXFileReference; lastKnownFileType = sourcecode.cpp.objcpp; path = OCSelectorTrampolines.mm; sourceTree = "<group>"; };
		BF0D034F2DEDA95900115365 /* selectortramps.mac */ = {isa = PBXFileReference; lastKnownFileType = text; path = selectortramps.mac; sourceTree = "<group>"; };
		BF0D03512DEDA95900115365 /* LLDBTools.h */ = {isa = PBXFileReference; lastKnownFileType = sourcecode.c.h; path = LLDBTools.h; sourceTree = "<group>"; };
		BF0D03532DEDA95900115365 /* LLDBTools.mm */ = {isa = PBXFileReference; lastKnownFileType = sourcecode.cpp.objcpp; path = LLDBTools.mm; sourceTree = "<group>"; };
		BF0D03562DEDA95900115365 /* BiliBiliMDDylib-Prefix.pch */ = {isa = PBXFileReference; lastKnownFileType = sourcecode.c.h; name = "BiliBiliMDDylib-Prefix.pch"; path = "../BiliBiliMDDylib-Prefix.pch"; sourceTree = "<group>"; };
		BF0D03582DEDA95900115365 /* AntiAntiDebug.m */ = {isa = PBXFileReference; lastKnownFileType = sourcecode.c.objc; path = AntiAntiDebug.m; sourceTree = "<group>"; };
		BF0D035B2DEDA95900115365 /* fishhook.c */ = {isa = PBXFileReference; lastKnownFileType = sourcecode.c.c; path = fishhook.c; sourceTree = "<group>"; };
		BF0D035D2DEDA95900115365 /* fishhook.h */ = {isa = PBXFileReference; lastKnownFileType = sourcecode.c.h; path = fishhook.h; sourceTree = "<group>"; };
		BF0D035F2DEDA95900115365 /* BiliBiliMDDylib.h */ = {isa = PBXFileReference; lastKnownFileType = sourcecode.c.h; path = BiliBiliMDDylib.h; sourceTree = "<group>"; };
		BF0D03612DEDA95900115365 /* BiliBiliMDDylib.m */ = {isa = PBXFileReference; lastKnownFileType = sourcecode.c.objc; path = BiliBiliMDDylib.m; sourceTree = "<group>"; };
		BFB53CBC2E23D77D0052AAA7 /* NSURL+NJPath.h */ = {isa = PBXFileReference; lastKnownFileType = sourcecode.c.h; path = "NSURL+NJPath.h"; sourceTree = "<group>"; };
		BFB53CBD2E23D77D0052AAA7 /* NSURL+NJPath.m */ = {isa = PBXFileReference; lastKnownFileType = sourcecode.c.objc; path = "NSURL+NJPath.m"; sourceTree = "<group>"; };
		BFB53CBE2E23D77D0052AAA7 /* UIApplication+NJCategory.h */ = {isa = PBXFileReference; lastKnownFileType = sourcecode.c.h; path = "UIApplication+NJCategory.h"; sourceTree = "<group>"; };
		BFB53CBF2E23D77D0052AAA7 /* UIApplication+NJCategory.m */ = {isa = PBXFileReference; lastKnownFileType = sourcecode.c.objc; path = "UIApplication+NJCategory.m"; sourceTree = "<group>"; };
		BFB53CC02E23D77D0052AAA7 /* UIViewController+NJFind.h */ = {isa = PBXFileReference; lastKnownFileType = sourcecode.c.h; path = "UIViewController+NJFind.h"; sourceTree = "<group>"; };
		BFB53CC12E23D77D0052AAA7 /* UIViewController+NJFind.m */ = {isa = PBXFileReference; lastKnownFileType = sourcecode.c.objc; path = "UIViewController+NJFind.m"; sourceTree = "<group>"; };
		BFB53CC32E23D77D0052AAA7 /* NJDynamicAd.mm */ = {isa = PBXFileReference; lastKnownFileType = sourcecode.cpp.objcpp; path = NJDynamicAd.mm; sourceTree = "<group>"; };
		BFB53CC42E23D77D0052AAA7 /* NJDynamicAd.xm */ = {isa = PBXFileReference; lastKnownFileType = text; path = NJDynamicAd.xm; sourceTree = "<group>"; };
		BFB53CC62E23D77D0052AAA7 /* NJAnimeChannelBannerEntity.h */ = {isa = PBXFileReference; lastKnownFileType = sourcecode.c.h; path = NJAnimeChannelBannerEntity.h; sourceTree = "<group>"; };
		BFB53CC72E23D77D0052AAA7 /* NJAnimeChannelBannerEntity.m */ = {isa = PBXFileReference; lastKnownFileType = sourcecode.c.objc; path = NJAnimeChannelBannerEntity.m; sourceTree = "<group>"; };
		BFB53CC82E23D77D0052AAA7 /* NJAnimeChannelCardEntity.h */ = {isa = PBXFileReference; lastKnownFileType = sourcecode.c.h; path = NJAnimeChannelCardEntity.h; sourceTree = "<group>"; };
		BFB53CC92E23D77D0052AAA7 /* NJAnimeChannelCardEntity.m */ = {isa = PBXFileReference; lastKnownFileType = sourcecode.c.objc; path = NJAnimeChannelCardEntity.m; sourceTree = "<group>"; };
		BFB53CCA2E23D77D0052AAA7 /* NJAnimeChannelCardHandler.h */ = {isa = PBXFileReference; lastKnownFileType = sourcecode.c.h; path = NJAnimeChannelCardHandler.h; sourceTree = "<group>"; };
		BFB53CCB2E23D77D0052AAA7 /* NJAnimeChannelCardHandler.m */ = {isa = PBXFileReference; lastKnownFileType = sourcecode.c.objc; path = NJAnimeChannelCardHandler.m; sourceTree = "<group>"; };
		BFB53CCD2E23D77D0052AAA7 /* NJAnimeChannelDataItem.h */ = {isa = PBXFileReference; lastKnownFileType = sourcecode.c.h; path = NJAnimeChannelDataItem.h; sourceTree = "<group>"; };
		BFB53CCE2E23D77D0052AAA7 /* NJAnimeChannelDataItem.m */ = {isa = PBXFileReference; lastKnownFileType = sourcecode.c.objc; path = NJAnimeChannelDataItem.m; sourceTree = "<group>"; };
		BFB53CD02E23D77D0052AAA7 /* NJHotTopicAd.mm */ = {isa = PBXFileReference; lastKnownFileType = sourcecode.cpp.objcpp; path = NJHotTopicAd.mm; sourceTree = "<group>"; };
		BFB53CD12E23D77D0052AAA7 /* NJHotTopicAd.xm */ = {isa = PBXFileReference; lastKnownFileType = text; path = NJHotTopicAd.xm; sourceTree = "<group>"; };
		BFB53CD32E23D77D0052AAA7 /* NJLiveIndexFeedActivityCardV1Entity.h */ = {isa = PBXFileReference; lastKnownFileType = sourcecode.c.h; path = NJLiveIndexFeedActivityCardV1Entity.h; sourceTree = "<group>"; };
		BFB53CD42E23D77D0052AAA7 /* NJLiveIndexFeedActivityCardV1Entity.m */ = {isa = PBXFileReference; lastKnownFileType = sourcecode.c.objc; path = NJLiveIndexFeedActivityCardV1Entity.m; sourceTree = "<group>"; };
		BFB53CD52E23D77D0052AAA7 /* NJLiveIndexFeedBannerV1Entity.h */ = {isa = PBXFileReference; lastKnownFileType = sourcecode.c.h; path = NJLiveIndexFeedBannerV1Entity.h; sourceTree = "<group>"; };
		BFB53CD62E23D77D0052AAA7 /* NJLiveIndexFeedBannerV1Entity.m */ = {isa = PBXFileReference; lastKnownFileType = sourcecode.c.objc; path = NJLiveIndexFeedBannerV1Entity.m; sourceTree = "<group>"; };
		BFB53CD72E23D77D0052AAA7 /* NJLiveIndexFeedBannerV2Entity.h */ = {isa = PBXFileReference; lastKnownFileType = sourcecode.c.h; path = NJLiveIndexFeedBannerV2Entity.h; sourceTree = "<group>"; };
		BFB53CD82E23D77D0052AAA7 /* NJLiveIndexFeedBannerV2Entity.m */ = {isa = PBXFileReference; lastKnownFileType = sourcecode.c.objc; path = NJLiveIndexFeedBannerV2Entity.m; sourceTree = "<group>"; };
		BFB53CD92E23D77D0052AAA7 /* NJLiveIndexFeedCardEntity.h */ = {isa = PBXFileReference; lastKnownFileType = sourcecode.c.h; path = NJLiveIndexFeedCardEntity.h; sourceTree = "<group>"; };
		BFB53CDA2E23D77D0052AAA7 /* NJLiveIndexFeedCardEntity.m */ = {isa = PBXFileReference; lastKnownFileType = sourcecode.c.objc; path = NJLiveIndexFeedCardEntity.m; sourceTree = "<group>"; };
		BFB53CDB2E23D77D0052AAA7 /* NJLiveIndexFeedCardHandler.h */ = {isa = PBXFileReference; lastKnownFileType = sourcecode.c.h; path = NJLiveIndexFeedCardHandler.h; sourceTree = "<group>"; };
		BFB53CDC2E23D77D0052AAA7 /* NJLiveIndexFeedCardHandler.m */ = {isa = PBXFileReference; lastKnownFileType = sourcecode.c.objc; path = NJLiveIndexFeedCardHandler.m; sourceTree = "<group>"; };
		BFB53CDE2E23D77D0052AAA7 /* NJLiveIndexFeedDataItem.h */ = {isa = PBXFileReference; lastKnownFileType = sourcecode.c.h; path = NJLiveIndexFeedDataItem.h; sourceTree = "<group>"; };
		BFB53CDF2E23D77D0052AAA7 /* NJLiveIndexFeedDataItem.m */ = {isa = PBXFileReference; lastKnownFileType = sourcecode.c.objc; path = NJLiveIndexFeedDataItem.m; sourceTree = "<group>"; };
		BFB53CE12E23D77D0052AAA7 /* NJLiveSecondGetListDataItem.h */ = {isa = PBXFileReference; lastKnownFileType = sourcecode.c.h; path = NJLiveSecondGetListDataItem.h; sourceTree = "<group>"; };
		BFB53CE22E23D77D0052AAA7 /* NJLiveSecondGetListDataItem.m */ = {isa = PBXFileReference; lastKnownFileType = sourcecode.c.objc; path = NJLiveSecondGetListDataItem.m; sourceTree = "<group>"; };
		BFB53CE42E23D77D0052AAA7 /* NJLiveDetailAd.mm */ = {isa = PBXFileReference; lastKnownFileType = sourcecode.cpp.objcpp; path = NJLiveDetailAd.mm; sourceTree = "<group>"; };
		BFB53CE52E23D77D0052AAA7 /* NJLiveDetailAd.xm */ = {isa = PBXFileReference; lastKnownFileType = text; path = NJLiveDetailAd.xm; sourceTree = "<group>"; };
		BFB53CE72E23D77D0052AAA7 /* NJRcmdBannerV8Entry.h */ = {isa = PBXFileReference; lastKnownFileType = sourcecode.c.h; path = NJRcmdBannerV8Entry.h; sourceTree = "<group>"; };
		BFB53CE82E23D77D0052AAA7 /* NJRcmdBannerV8Entry.m */ = {isa = PBXFileReference; lastKnownFileType = sourcecode.c.objc; path = NJRcmdBannerV8Entry.m; sourceTree = "<group>"; };
		BFB53CE92E23D77D0052AAA7 /* NJRcmdCardEntry.h */ = {isa = PBXFileReference; lastKnownFileType = sourcecode.c.h; path = NJRcmdCardEntry.h; sourceTree = "<group>"; };
		BFB53CEA2E23D77D0052AAA7 /* NJRcmdCardEntry.m */ = {isa = PBXFileReference; lastKnownFileType = sourcecode.c.objc; path = NJRcmdCardEntry.m; sourceTree = "<group>"; };
		BFB53CEB2E23D77D0052AAA7 /* NJRcmdCardHandler.h */ = {isa = PBXFileReference; lastKnownFileType = sourcecode.c.h; path = NJRcmdCardHandler.h; sourceTree = "<group>"; };
		BFB53CEC2E23D77D0052AAA7 /* NJRcmdCardHandler.m */ = {isa = PBXFileReference; lastKnownFileType = sourcecode.c.objc; path = NJRcmdCardHandler.m; sourceTree = "<group>"; };
		BFB53CED2E23D77D0052AAA7 /* NJRcmdCmDoubleV9Entry.h */ = {isa = PBXFileReference; lastKnownFileType = sourcecode.c.h; path = NJRcmdCmDoubleV9Entry.h; sourceTree = "<group>"; };
		BFB53CEE2E23D77D0052AAA7 /* NJRcmdCmDoubleV9Entry.m */ = {isa = PBXFileReference; lastKnownFileType = sourcecode.c.objc; path = NJRcmdCmDoubleV9Entry.m; sourceTree = "<group>"; };
		BFB53CEF2E23D77D0052AAA7 /* NJRcmdCmV2Entry.h */ = {isa = PBXFileReference; lastKnownFileType = sourcecode.c.h; path = NJRcmdCmV2Entry.h; sourceTree = "<group>"; };
		BFB53CF02E23D77D0052AAA7 /* NJRcmdCmV2Entry.m */ = {isa = PBXFileReference; lastKnownFileType = sourcecode.c.objc; path = NJRcmdCmV2Entry.m; sourceTree = "<group>"; };
		BFB53CF12E23D77D0052AAA7 /* NJRcmdSmallCoverV2Entry.h */ = {isa = PBXFileReference; lastKnownFileType = sourcecode.c.h; path = NJRcmdSmallCoverV2Entry.h; sourceTree = "<group>"; };
		BFB53CF22E23D77D0052AAA7 /* NJRcmdSmallCoverV2Entry.m */ = {isa = PBXFileReference; lastKnownFileType = sourcecode.c.objc; path = NJRcmdSmallCoverV2Entry.m; sourceTree = "<group>"; };
		BFB53CF42E23D77D0052AAA7 /* NJRcmdAd.mm */ = {isa = PBXFileReference; lastKnownFileType = sourcecode.cpp.objcpp; path = NJRcmdAd.mm; sourceTree = "<group>"; };
		BFB53CF52E23D77D0052AAA7 /* NJRcmdAd.xm */ = {isa = PBXFileReference; lastKnownFileType = text; path = NJRcmdAd.xm; sourceTree = "<group>"; };
		BFB53CF62E23D77D0052AAA7 /* NJRcmdCardDataItem.h */ = {isa = PBXFileReference; lastKnownFileType = sourcecode.c.h; path = NJRcmdCardDataItem.h; sourceTree = "<group>"; };
		BFB53CF72E23D77D0052AAA7 /* NJRcmdCardDataItem.m */ = {isa = PBXFileReference; lastKnownFileType = sourcecode.c.objc; path = NJRcmdCardDataItem.m; sourceTree = "<group>"; };
		BFB53CFA2E23D77D0052AAA7 /* NJApiDataItem.h */ = {isa = PBXFileReference; lastKnownFileType = sourcecode.c.h; path = NJApiDataItem.h; sourceTree = "<group>"; };
		BFB53CFB2E23D77D0052AAA7 /* NJApiDataItem.m */ = {isa = PBXFileReference; lastKnownFileType = sourcecode.c.objc; path = NJApiDataItem.m; sourceTree = "<group>"; };
		BFB53CFC2E23D77D0052AAA7 /* NJApiDataManger.h */ = {isa = PBXFileReference; lastKnownFileType = sourcecode.c.h; path = NJApiDataManger.h; sourceTree = "<group>"; };
		BFB53CFD2E23D77D0052AAA7 /* NJApiDataManger.m */ = {isa = PBXFileReference; lastKnownFileType = sourcecode.c.objc; path = NJApiDataManger.m; sourceTree = "<group>"; };
		BFB53CFE2E23D77D0052AAA7 /* NJNetworkService.mm */ = {isa = PBXFileReference; lastKnownFileType = sourcecode.cpp.objcpp; path = NJNetworkService.mm; sourceTree = "<group>"; };
		BFB53CFF2E23D77D0052AAA7 /* NJNetworkService.xm */ = {isa = PBXFileReference; lastKnownFileType = text; path = NJNetworkService.xm; sourceTree = "<group>"; };
		BFB53D012E23D77D0052AAA7 /* NJCommonDefine.h */ = {isa = PBXFileReference; lastKnownFileType = sourcecode.c.h; path = NJCommonDefine.h; sourceTree = "<group>"; };
		BFB53D022E23D77D0052AAA7 /* NJCommonDefine.m */ = {isa = PBXFileReference; lastKnownFileType = sourcecode.c.objc; path = NJCommonDefine.m; sourceTree = "<group>"; };
		BFB53D032E23D77D0052AAA7 /* NJDebug.mm */ = {isa = PBXFileReference; lastKnownFileType = sourcecode.cpp.objcpp; path = NJDebug.mm; sourceTree = "<group>"; };
		BFB53D042E23D77D0052AAA7 /* NJDebug.xm */ = {isa = PBXFileReference; explicitFileType = sourcecode.cpp.objcpp; path = NJDebug.xm; sourceTree = "<group>"; };
		BFB53D052E23D77D0052AAA7 /* NJDetailAd.mm */ = {isa = PBXFileReference; lastKnownFileType = sourcecode.cpp.objcpp; path = NJDetailAd.mm; sourceTree = "<group>"; };
		BFB53D062E23D77D0052AAA7 /* NJDetailAd.xm */ = {isa = PBXFileReference; explicitFileType = sourcecode.cpp.objcpp; path = NJDetailAd.xm; sourceTree = "<group>"; };
		BFB53D072E23D77D0052AAA7 /* NJLaunchAd.m */ = {isa = PBXFileReference; lastKnownFileType = sourcecode.c.objc; path = NJLaunchAd.m; sourceTree = "<group>"; };
		BFB53D082E23D77D0052AAA7 /* NJLaunchAd.x */ = {isa = PBXFileReference; explicitFileType = sourcecode.c.objc; path = NJLaunchAd.x; sourceTree = "<group>"; };
		BFB53D092E23D77D0052AAA7 /* NJSearchSquareCardEntity.h */ = {isa = PBXFileReference; lastKnownFileType = sourcecode.c.h; path = NJSearchSquareCardEntity.h; sourceTree = "<group>"; };
		BFB53D0A2E23D77D0052AAA7 /* NJSearchSquareCardEntity.m */ = {isa = PBXFileReference; lastKnownFileType = sourcecode.c.objc; path = NJSearchSquareCardEntity.m; sourceTree = "<group>"; };
		BFB53D0B2E23D77D0052AAA7 /* NJSearchSquareCardHandler.h */ = {isa = PBXFileReference; lastKnownFileType = sourcecode.c.h; path = NJSearchSquareCardHandler.h; sourceTree = "<group>"; };
		BFB53D0C2E23D77D0052AAA7 /* NJSearchSquareCardHandler.m */ = {isa = PBXFileReference; lastKnownFileType = sourcecode.c.objc; path = NJSearchSquareCardHandler.m; sourceTree = "<group>"; };
		BFB53D0D2E23D77D0052AAA7 /* NJSearchSquareDataItem.h */ = {isa = PBXFileReference; lastKnownFileType = sourcecode.c.h; path = NJSearchSquareDataItem.h; sourceTree = "<group>"; };
		BFB53D0E2E23D77D0052AAA7 /* NJSearchSquareDataItem.m */ = {isa = PBXFileReference; lastKnownFileType = sourcecode.c.objc; path = NJSearchSquareDataItem.m; sourceTree = "<group>"; };
		BFB53D0F2E23D77D0052AAA7 /* NJSearchSquareRecommendEntity.h */ = {isa = PBXFileReference; lastKnownFileType = sourcecode.c.h; path = NJSearchSquareRecommendEntity.h; sourceTree = "<group>"; };
		BFB53D102E23D77D0052AAA7 /* NJSearchSquareRecommendEntity.m */ = {isa = PBXFileReference; lastKnownFileType = sourcecode.c.objc; path = NJSearchSquareRecommendEntity.m; sourceTree = "<group>"; };
		BFB53D122E23D77D0052AAA7 /* NJSearchResultAd.mm */ = {isa = PBXFileReference; lastKnownFileType = sourcecode.cpp.objcpp; path = NJSearchResultAd.mm; sourceTree = "<group>"; };
		BFB53D132E23D77D0052AAA7 /* NJSearchResultAd.xm */ = {isa = PBXFileReference; lastKnownFileType = text; path = NJSearchResultAd.xm; sourceTree = "<group>"; };
/* End PBXFileReference section */

/* Begin PBXFileSystemSynchronizedBuildFileExceptionSet section */
		BF0D03632DEDA95900115365 /* Exceptions for "BiliBiliMD" folder in "BiliBiliMD" target */ = {
			isa = PBXFileSystemSynchronizedBuildFileExceptionSet;
			membershipExceptions = (
				icon.png,
				Info.plist,
				"Scripts/quick-resign.sh",
				"TargetApp/put ipa or app here",
			);
			target = BF0D03092DEDA95900115365 /* BiliBiliMD */;
		};
/* End PBXFileSystemSynchronizedBuildFileExceptionSet section */

/* Begin PBXFileSystemSynchronizedRootGroup section */
		BF0D030C2DEDA95900115365 /* BiliBiliMD */ = {
			isa = PBXFileSystemSynchronizedRootGroup;
			exceptions = (
				BF0D03632DEDA95900115365 /* Exceptions for "BiliBiliMD" folder in "BiliBiliMD" target */,
			);
			path = BiliBiliMD;
			sourceTree = "<group>";
		};
/* End PBXFileSystemSynchronizedRootGroup section */

/* Begin PBXFrameworksBuildPhase section */
		BF0D03042DEDA95900115365 /* Frameworks */ = {
			isa = PBXFrameworksBuildPhase;
			buildActionMask = 2147483647;
			files = (
			);
			runOnlyForDeploymentPostprocessing = 0;
		};
		BF0D03182DEDA95900115365 /* Frameworks */ = {
			isa = PBXFrameworksBuildPhase;
			buildActionMask = 2147483647;
			files = (
				BF0D03212DEDA95900115365 /* JavaScriptCore.framework in Frameworks */,
				BF0D03252DEDA95900115365 /* UIKit.framework in Frameworks */,
				BF0D03232DEDA95900115365 /* Foundation.framework in Frameworks */,
			);
			runOnlyForDeploymentPostprocessing = 0;
		};
/* End PBXFrameworksBuildPhase section */

/* Begin PBXGroup section */
		BF0D02FE2DEDA95900115365 = {
			isa = PBXGroup;
			children = (
				BF0D030C2DEDA95900115365 /* BiliBiliMD */,
				BF0D03262DEDA95900115365 /* BiliBiliMDDylib */,
				BF0D031F2DEDA95900115365 /* Frameworks */,
				BF0D030B2DEDA95900115365 /* Products */,
			);
			sourceTree = "<group>";
		};
		BF0D030B2DEDA95900115365 /* Products */ = {
			isa = PBXGroup;
			children = (
				BF0D030A2DEDA95900115365 /* BiliBiliMD.app */,
				BF0D031B2DEDA95900115365 /* libBiliBiliMDDylib.dylib */,
			);
			name = Products;
			sourceTree = "<group>";
		};
		BF0D031F2DEDA95900115365 /* Frameworks */ = {
			isa = PBXGroup;
			children = (
				BF0D03202DEDA95900115365 /* JavaScriptCore.framework */,
				BF0D03222DEDA95900115365 /* Foundation.framework */,
				BF0D03242DEDA95900115365 /* UIKit.framework */,
			);
			name = Frameworks;
			sourceTree = "<group>";
		};
		BF0D03262DEDA95900115365 /* BiliBiliMDDylib */ = {
			isa = PBXGroup;
			children = (
				BF0D035F2DEDA95900115365 /* BiliBiliMDDylib.h */,
				BF0D03612DEDA95900115365 /* BiliBiliMDDylib.m */,
				BF0D03272DEDA95900115365 /* Logos */,
				BF0D032B2DEDA95900115365 /* Config */,
				BF0D03382DEDA95900115365 /* Trace */,
				BF0D03502DEDA95900115365 /* Tools */,
				BF0D03572DEDA95900115365 /* AntiAntiDebug */,
				BF0D035A2DEDA95900115365 /* fishhook */,
				BF0D03552DEDA95900115365 /* Supporting Files */,
			);
			path = BiliBiliMDDylib;
			sourceTree = "<group>";
		};
		BF0D03272DEDA95900115365 /* Logos */ = {
			isa = PBXGroup;
			children = (
				BFB53CC22E23D77D0052AAA7 /* Category */,
				BFB53CC52E23D77D0052AAA7 /* Dynamic */,
				BFB53CF92E23D77D0052AAA7 /* Home */,
				BFB53D002E23D77D0052AAA7 /* Network */,
				BFB53D012E23D77D0052AAA7 /* NJCommonDefine.h */,
				BFB53D022E23D77D0052AAA7 /* NJCommonDefine.m */,
				BFB53D032E23D77D0052AAA7 /* NJDebug.mm */,
				BFB53D042E23D77D0052AAA7 /* NJDebug.xm */,
				BFB53D052E23D77D0052AAA7 /* NJDetailAd.mm */,
				BFB53D062E23D77D0052AAA7 /* NJDetailAd.xm */,
				BFB53D072E23D77D0052AAA7 /* NJLaunchAd.m */,
				BFB53D082E23D77D0052AAA7 /* NJLaunchAd.x */,
				BFB53D142E23D77D0052AAA7 /* Search */,
			);
			path = Logos;
			sourceTree = "<group>";
		};
		BF0D032B2DEDA95900115365 /* Config */ = {
			isa = PBXGroup;
			children = (
				BF0D032C2DEDA95900115365 /* MDConfigManager.h */,
				BF0D032E2DEDA95900115365 /* MDConfigManager.m */,
				BF0D03302DEDA95900115365 /* MDCycriptManager.h */,
				BF0D03322DEDA95900115365 /* MDCycriptManager.m */,
				BF0D03342DEDA95900115365 /* MDMethodTrace.h */,
				BF0D03362DEDA95900115365 /* MDMethodTrace.m */,
			);
			path = Config;
			sourceTree = "<group>";
		};
		BF0D03382DEDA95900115365 /* Trace */ = {
			isa = PBXGroup;
			children = (
				BF0D03392DEDA95900115365 /* a1a2-selectortramps-arm.s */,
				BF0D033B2DEDA95900115365 /* a1a2-selectortramps-arm64.s */,
				BF0D033D2DEDA95900115365 /* a1a2-selectortramps-i386.s */,
				BF0D033F2DEDA95900115365 /* a1a2-selectortramps-x86_64.s */,
				BF0D03412DEDA95900115365 /* a2a3-selectortramps-arm.s */,
				BF0D03432DEDA95900115365 /* a2a3-selectortramps-i386.s */,
				BF0D03452DEDA95900115365 /* a2a3-selectortramps-x86_64.s */,
				BF0D03472DEDA95900115365 /* OCMethodTrace.h */,
				BF0D03492DEDA95900115365 /* OCMethodTrace.m */,
				BF0D034B2DEDA95900115365 /* OCSelectorTrampolines.h */,
				BF0D034D2DEDA95900115365 /* OCSelectorTrampolines.mm */,
				BF0D034F2DEDA95900115365 /* selectortramps.mac */,
			);
			path = Trace;
			sourceTree = "<group>";
		};
		BF0D03502DEDA95900115365 /* Tools */ = {
			isa = PBXGroup;
			children = (
				BF0D03512DEDA95900115365 /* LLDBTools.h */,
				BF0D03532DEDA95900115365 /* LLDBTools.mm */,
			);
			path = Tools;
			sourceTree = "<group>";
		};
		BF0D03552DEDA95900115365 /* Supporting Files */ = {
			isa = PBXGroup;
			children = (
				BF0D03562DEDA95900115365 /* BiliBiliMDDylib-Prefix.pch */,
			);
			path = "Supporting Files";
			sourceTree = "<group>";
		};
		BF0D03572DEDA95900115365 /* AntiAntiDebug */ = {
			isa = PBXGroup;
			children = (
				BF0D03582DEDA95900115365 /* AntiAntiDebug.m */,
			);
			path = AntiAntiDebug;
			sourceTree = "<group>";
		};
		BF0D035A2DEDA95900115365 /* fishhook */ = {
			isa = PBXGroup;
			children = (
				BF0D035B2DEDA95900115365 /* fishhook.c */,
				BF0D035D2DEDA95900115365 /* fishhook.h */,
			);
			path = fishhook;
			sourceTree = "<group>";
		};
		BFB53CC22E23D77D0052AAA7 /* Category */ = {
			isa = PBXGroup;
			children = (
				BFB53CBC2E23D77D0052AAA7 /* NSURL+NJPath.h */,
				BFB53CBD2E23D77D0052AAA7 /* NSURL+NJPath.m */,
				BFB53CBE2E23D77D0052AAA7 /* UIApplication+NJCategory.h */,
				BFB53CBF2E23D77D0052AAA7 /* UIApplication+NJCategory.m */,
				BFB53CC02E23D77D0052AAA7 /* UIViewController+NJFind.h */,
				BFB53CC12E23D77D0052AAA7 /* UIViewController+NJFind.m */,
			);
			path = Category;
			sourceTree = "<group>";
		};
		BFB53CC52E23D77D0052AAA7 /* Dynamic */ = {
			isa = PBXGroup;
			children = (
				BFB53CC32E23D77D0052AAA7 /* NJDynamicAd.mm */,
				BFB53CC42E23D77D0052AAA7 /* NJDynamicAd.xm */,
			);
			path = Dynamic;
			sourceTree = "<group>";
		};
		BFB53CCC2E23D77D0052AAA7 /* Entity */ = {
			isa = PBXGroup;
			children = (
				BFB53CC62E23D77D0052AAA7 /* NJAnimeChannelBannerEntity.h */,
				BFB53CC72E23D77D0052AAA7 /* NJAnimeChannelBannerEntity.m */,
				BFB53CC82E23D77D0052AAA7 /* NJAnimeChannelCardEntity.h */,
				BFB53CC92E23D77D0052AAA7 /* NJAnimeChannelCardEntity.m */,
				BFB53CCA2E23D77D0052AAA7 /* NJAnimeChannelCardHandler.h */,
				BFB53CCB2E23D77D0052AAA7 /* NJAnimeChannelCardHandler.m */,
			);
			path = Entity;
			sourceTree = "<group>";
		};
		BFB53CCF2E23D77D0052AAA7 /* Anime */ = {
			isa = PBXGroup;
			children = (
				BFB53CCC2E23D77D0052AAA7 /* Entity */,
				BFB53CCD2E23D77D0052AAA7 /* NJAnimeChannelDataItem.h */,
				BFB53CCE2E23D77D0052AAA7 /* NJAnimeChannelDataItem.m */,
			);
			path = Anime;
			sourceTree = "<group>";
		};
		BFB53CD22E23D77D0052AAA7 /* HotTopic */ = {
			isa = PBXGroup;
			children = (
				BFB53CD02E23D77D0052AAA7 /* NJHotTopicAd.mm */,
				BFB53CD12E23D77D0052AAA7 /* NJHotTopicAd.xm */,
			);
			path = HotTopic;
			sourceTree = "<group>";
		};
		BFB53CDD2E23D77D0052AAA7 /* Entity */ = {
			isa = PBXGroup;
			children = (
				BFB53CD32E23D77D0052AAA7 /* NJLiveIndexFeedActivityCardV1Entity.h */,
				BFB53CD42E23D77D0052AAA7 /* NJLiveIndexFeedActivityCardV1Entity.m */,
				BFB53CD52E23D77D0052AAA7 /* NJLiveIndexFeedBannerV1Entity.h */,
				BFB53CD62E23D77D0052AAA7 /* NJLiveIndexFeedBannerV1Entity.m */,
				BFB53CD72E23D77D0052AAA7 /* NJLiveIndexFeedBannerV2Entity.h */,
				BFB53CD82E23D77D0052AAA7 /* NJLiveIndexFeedBannerV2Entity.m */,
				BFB53CD92E23D77D0052AAA7 /* NJLiveIndexFeedCardEntity.h */,
				BFB53CDA2E23D77D0052AAA7 /* NJLiveIndexFeedCardEntity.m */,
				BFB53CDB2E23D77D0052AAA7 /* NJLiveIndexFeedCardHandler.h */,
				BFB53CDC2E23D77D0052AAA7 /* NJLiveIndexFeedCardHandler.m */,
			);
			path = Entity;
			sourceTree = "<group>";
		};
		BFB53CE02E23D77D0052AAA7 /* IndexFeed */ = {
			isa = PBXGroup;
			children = (
				BFB53CDD2E23D77D0052AAA7 /* Entity */,
				BFB53CDE2E23D77D0052AAA7 /* NJLiveIndexFeedDataItem.h */,
				BFB53CDF2E23D77D0052AAA7 /* NJLiveIndexFeedDataItem.m */,
			);
			path = IndexFeed;
			sourceTree = "<group>";
		};
		BFB53CE32E23D77D0052AAA7 /* SecondGetList */ = {
			isa = PBXGroup;
			children = (
				BFB53CE12E23D77D0052AAA7 /* NJLiveSecondGetListDataItem.h */,
				BFB53CE22E23D77D0052AAA7 /* NJLiveSecondGetListDataItem.m */,
			);
			path = SecondGetList;
			sourceTree = "<group>";
		};
		BFB53CE62E23D77D0052AAA7 /* Live */ = {
			isa = PBXGroup;
			children = (
				BFB53CE02E23D77D0052AAA7 /* IndexFeed */,
				BFB53CE32E23D77D0052AAA7 /* SecondGetList */,
				BFB53CE42E23D77D0052AAA7 /* NJLiveDetailAd.mm */,
				BFB53CE52E23D77D0052AAA7 /* NJLiveDetailAd.xm */,
			);
			path = Live;
			sourceTree = "<group>";
		};
		BFB53CF32E23D77D0052AAA7 /* Entry */ = {
			isa = PBXGroup;
			children = (
				BFB53CE72E23D77D0052AAA7 /* NJRcmdBannerV8Entry.h */,
				BFB53CE82E23D77D0052AAA7 /* NJRcmdBannerV8Entry.m */,
				BFB53CE92E23D77D0052AAA7 /* NJRcmdCardEntry.h */,
				BFB53CEA2E23D77D0052AAA7 /* NJRcmdCardEntry.m */,
				BFB53CEB2E23D77D0052AAA7 /* NJRcmdCardHandler.h */,
				BFB53CEC2E23D77D0052AAA7 /* NJRcmdCardHandler.m */,
				BFB53CED2E23D77D0052AAA7 /* NJRcmdCmDoubleV9Entry.h */,
				BFB53CEE2E23D77D0052AAA7 /* NJRcmdCmDoubleV9Entry.m */,
				BFB53CEF2E23D77D0052AAA7 /* NJRcmdCmV2Entry.h */,
				BFB53CF02E23D77D0052AAA7 /* NJRcmdCmV2Entry.m */,
				BFB53CF12E23D77D0052AAA7 /* NJRcmdSmallCoverV2Entry.h */,
				BFB53CF22E23D77D0052AAA7 /* NJRcmdSmallCoverV2Entry.m */,
			);
			path = Entry;
			sourceTree = "<group>";
		};
		BFB53CF82E23D77D0052AAA7 /* Rcmd */ = {
			isa = PBXGroup;
			children = (
				BFB53CF32E23D77D0052AAA7 /* Entry */,
				BFB53CF42E23D77D0052AAA7 /* NJRcmdAd.mm */,
				BFB53CF52E23D77D0052AAA7 /* NJRcmdAd.xm */,
				BFB53CF62E23D77D0052AAA7 /* NJRcmdCardDataItem.h */,
				BFB53CF72E23D77D0052AAA7 /* NJRcmdCardDataItem.m */,
			);
			path = Rcmd;
			sourceTree = "<group>";
		};
		BFB53CF92E23D77D0052AAA7 /* Home */ = {
			isa = PBXGroup;
			children = (
				BFB53CCF2E23D77D0052AAA7 /* Anime */,
				BFB53CD22E23D77D0052AAA7 /* HotTopic */,
				BFB53CE62E23D77D0052AAA7 /* Live */,
				BFB53CF82E23D77D0052AAA7 /* Rcmd */,
			);
			path = Home;
			sourceTree = "<group>";
		};
		BFB53D002E23D77D0052AAA7 /* Network */ = {
			isa = PBXGroup;
			children = (
				BFB53CFA2E23D77D0052AAA7 /* NJApiDataItem.h */,
				BFB53CFB2E23D77D0052AAA7 /* NJApiDataItem.m */,
				BFB53CFC2E23D77D0052AAA7 /* NJApiDataManger.h */,
				BFB53CFD2E23D77D0052AAA7 /* NJApiDataManger.m */,
				BFB53CFE2E23D77D0052AAA7 /* NJNetworkService.mm */,
				BFB53CFF2E23D77D0052AAA7 /* NJNetworkService.xm */,
			);
			path = Network;
			sourceTree = "<group>";
		};
		BFB53D112E23D77D0052AAA7 /* SearchSquare */ = {
			isa = PBXGroup;
			children = (
				BFB53D092E23D77D0052AAA7 /* NJSearchSquareCardEntity.h */,
				BFB53D0A2E23D77D0052AAA7 /* NJSearchSquareCardEntity.m */,
				BFB53D0B2E23D77D0052AAA7 /* NJSearchSquareCardHandler.h */,
				BFB53D0C2E23D77D0052AAA7 /* NJSearchSquareCardHandler.m */,
				BFB53D0D2E23D77D0052AAA7 /* NJSearchSquareDataItem.h */,
				BFB53D0E2E23D77D0052AAA7 /* NJSearchSquareDataItem.m */,
				BFB53D0F2E23D77D0052AAA7 /* NJSearchSquareRecommendEntity.h */,
				BFB53D102E23D77D0052AAA7 /* NJSearchSquareRecommendEntity.m */,
			);
			path = SearchSquare;
			sourceTree = "<group>";
		};
		BFB53D142E23D77D0052AAA7 /* Search */ = {
			isa = PBXGroup;
			children = (
				BFB53D112E23D77D0052AAA7 /* SearchSquare */,
				BFB53D122E23D77D0052AAA7 /* NJSearchResultAd.mm */,
				BFB53D132E23D77D0052AAA7 /* NJSearchResultAd.xm */,
			);
			path = Search;
			sourceTree = "<group>";
		};
/* End PBXGroup section */

/* Begin PBXHeadersBuildPhase section */
		BF0D03192DEDA95900115365 /* Headers */ = {
			isa = PBXHeadersBuildPhase;
			buildActionMask = 2147483647;
			files = (
				BFB53D152E23D77D0052AAA7 /* NJAnimeChannelCardEntity.h in Headers */,
				BFB53D162E23D77D0052AAA7 /* NJRcmdCardHandler.h in Headers */,
				BFB53D172E23D77D0052AAA7 /* NJRcmdSmallCoverV2Entry.h in Headers */,
				BFB53D182E23D77D0052AAA7 /* NJRcmdCardDataItem.h in Headers */,
				BFB53D192E23D77D0052AAA7 /* NJSearchSquareRecommendEntity.h in Headers */,
				BFB53D1A2E23D77D0052AAA7 /* NJSearchSquareCardEntity.h in Headers */,
				BFB53D1B2E23D77D0052AAA7 /* NJLiveIndexFeedCardHandler.h in Headers */,
				BFB53D1C2E23D77D0052AAA7 /* NJLiveIndexFeedBannerV2Entity.h in Headers */,
				BFB53D1D2E23D77D0052AAA7 /* NJApiDataItem.h in Headers */,
				BFB53D1E2E23D77D0052AAA7 /* NJRcmdCardEntry.h in Headers */,
				BFB53D1F2E23D77D0052AAA7 /* NJAnimeChannelCardHandler.h in Headers */,
				BFB53D202E23D77D0052AAA7 /* NJLiveIndexFeedActivityCardV1Entity.h in Headers */,
				BFB53D212E23D77D0052AAA7 /* NJSearchSquareCardHandler.h in Headers */,
				BFB53D222E23D77D0052AAA7 /* NSURL+NJPath.h in Headers */,
				BFB53D232E23D77D0052AAA7 /* NJAnimeChannelDataItem.h in Headers */,
				BFB53D242E23D77D0052AAA7 /* NJLiveIndexFeedDataItem.h in Headers */,
				BFB53D252E23D77D0052AAA7 /* NJApiDataManger.h in Headers */,
				BFB53D262E23D77D0052AAA7 /* NJAnimeChannelBannerEntity.h in Headers */,
				BFB53D272E23D77D0052AAA7 /* NJLiveSecondGetListDataItem.h in Headers */,
				BFB53D282E23D77D0052AAA7 /* UIViewController+NJFind.h in Headers */,
				BFB53D292E23D77D0052AAA7 /* NJLiveIndexFeedCardEntity.h in Headers */,
				BFB53D2A2E23D77D0052AAA7 /* NJRcmdBannerV8Entry.h in Headers */,
				BFB53D2B2E23D77D0052AAA7 /* NJSearchSquareDataItem.h in Headers */,
				BFB53D2C2E23D77D0052AAA7 /* NJRcmdCmDoubleV9Entry.h in Headers */,
				BFB53D2D2E23D77D0052AAA7 /* NJCommonDefine.h in Headers */,
				BFB53D2E2E23D77D0052AAA7 /* NJRcmdCmV2Entry.h in Headers */,
				BFB53D2F2E23D77D0052AAA7 /* NJLiveIndexFeedBannerV1Entity.h in Headers */,
				BFB53D302E23D77D0052AAA7 /* UIApplication+NJCategory.h in Headers */,
				BF0D03312DEDA95900115365 /* MDCycriptManager.h in Headers */,
				BF0D03352DEDA95900115365 /* MDMethodTrace.h in Headers */,
				BF0D035E2DEDA95900115365 /* fishhook.h in Headers */,
				BF0D03522DEDA95900115365 /* LLDBTools.h in Headers */,
				BF0D03602DEDA95900115365 /* BiliBiliMDDylib.h in Headers */,
				BF0D032D2DEDA95900115365 /* MDConfigManager.h in Headers */,
				BF0D034C2DEDA95900115365 /* OCSelectorTrampolines.h in Headers */,
				BF0D03482DEDA95900115365 /* OCMethodTrace.h in Headers */,
			);
			runOnlyForDeploymentPostprocessing = 0;
		};
/* End PBXHeadersBuildPhase section */

/* Begin PBXNativeTarget section */
		BF0D03092DEDA95900115365 /* BiliBiliMD */ = {
			isa = PBXNativeTarget;
			buildConfigurationList = BF0D03672DEDA95900115365 /* Build configuration list for PBXNativeTarget "BiliBiliMD" */;
			buildPhases = (
				BF0D03032DEDA95900115365 /* Sources */,
				BF0D03042DEDA95900115365 /* Frameworks */,
				BF0D03052DEDA95900115365 /* ShellScript */,
				BF0D03062DEDA95900115365 /* Resources */,
				BF0D03072DEDA95900115365 /* Copy Files */,
				BF0D03082DEDA95900115365 /* ShellScript */,
			);
			buildRules = (
			);
			dependencies = (
				BF0D031E2DEDA95900115365 /* PBXTargetDependency */,
			);
			fileSystemSynchronizedGroups = (
				BF0D030C2DEDA95900115365 /* BiliBiliMD */,
			);
			name = BiliBiliMD;
			packageProductDependencies = (
			);
			productName = BiliBiliMD;
			productReference = BF0D030A2DEDA95900115365 /* BiliBiliMD.app */;
			productType = "com.apple.product-type.application";
		};
		BF0D031A2DEDA95900115365 /* BiliBiliMDDylib */ = {
			isa = PBXNativeTarget;
			buildConfigurationList = BF0D03642DEDA95900115365 /* Build configuration list for PBXNativeTarget "BiliBiliMDDylib" */;
			buildPhases = (
				BF0D03162DEDA95900115365 /* ShellScript */,
				BF0D03172DEDA95900115365 /* Sources */,
				BF0D03182DEDA95900115365 /* Frameworks */,
				BF0D03192DEDA95900115365 /* Headers */,
			);
			buildRules = (
			);
			dependencies = (
			);
			name = BiliBiliMDDylib;
			packageProductDependencies = (
			);
			productName = BiliBiliMDDylib;
			productReference = BF0D031B2DEDA95900115365 /* libBiliBiliMDDylib.dylib */;
			productType = "com.apple.product-type.library.dynamic";
		};
/* End PBXNativeTarget section */

/* Begin PBXProject section */
		BF0D02FF2DEDA95900115365 /* Project object */ = {
			isa = PBXProject;
			attributes = {
				BuildIndependentTargetsInParallel = 1;
				LastUpgradeCheck = 1620;
				TargetAttributes = {
					BF0D03092DEDA95900115365 = {
						CreatedOnToolsVersion = 16.2;
					};
					BF0D031A2DEDA95900115365 = {
						CreatedOnToolsVersion = 16.2;
					};
				};
			};
			buildConfigurationList = BF0D03022DEDA95900115365 /* Build configuration list for PBXProject "BiliBiliMD" */;
			developmentRegion = en;
			hasScannedForEncodings = 0;
			knownRegions = (
				en,
				Base,
			);
			mainGroup = BF0D02FE2DEDA95900115365;
			minimizedProjectReferenceProxies = 1;
			preferredProjectObjectVersion = 77;
			productRefGroup = BF0D030B2DEDA95900115365 /* Products */;
			projectDirPath = "";
			projectRoot = "";
			targets = (
				BF0D03092DEDA95900115365 /* BiliBiliMD */,
				BF0D031A2DEDA95900115365 /* BiliBiliMDDylib */,
			);
		};
/* End PBXProject section */

/* Begin PBXResourcesBuildPhase section */
		BF0D03062DEDA95900115365 /* Resources */ = {
			isa = PBXResourcesBuildPhase;
			buildActionMask = 2147483647;
			files = (
			);
			runOnlyForDeploymentPostprocessing = 0;
		};
/* End PBXResourcesBuildPhase section */

/* Begin PBXShellScriptBuildPhase section */
		BF0D03052DEDA95900115365 /* ShellScript */ = {
			isa = PBXShellScriptBuildPhase;
			buildActionMask = 2147483647;
			files = (
			);
			inputFileListPaths = (
			);
			inputPaths = (
			);
			outputFileListPaths = (
			);
			outputPaths = (
			);
			runOnlyForDeploymentPostprocessing = 0;
			shellPath = /bin/sh;
			shellScript = "/opt/MonkeyDev/Tools/pack.sh\n";
		};
		BF0D03082DEDA95900115365 /* ShellScript */ = {
			isa = PBXShellScriptBuildPhase;
			buildActionMask = 2147483647;
			files = (
			);
			inputFileListPaths = (
			);
			inputPaths = (
			);
			outputFileListPaths = (
			);
			outputPaths = (
			);
			runOnlyForDeploymentPostprocessing = 0;
			shellPath = /bin/sh;
			shellScript = "/opt/MonkeyDev/Tools/pack.sh codesign\n";
		};
		BF0D03162DEDA95900115365 /* ShellScript */ = {
			isa = PBXShellScriptBuildPhase;
			buildActionMask = 2147483647;
			files = (
			);
			inputFileListPaths = (
			);
			inputPaths = (
			);
			outputFileListPaths = (
			);
			outputPaths = (
			);
			runOnlyForDeploymentPostprocessing = 0;
			shellPath = /bin/sh;
			shellScript = "/opt/MonkeyDev/bin/md --xcbp-logos";
		};
/* End PBXShellScriptBuildPhase section */

/* Begin PBXSourcesBuildPhase section */
		BF0D03032DEDA95900115365 /* Sources */ = {
			isa = PBXSourcesBuildPhase;
			buildActionMask = 2147483647;
			files = (
			);
			runOnlyForDeploymentPostprocessing = 0;
		};
		BF0D03172DEDA95900115365 /* Sources */ = {
			isa = PBXSourcesBuildPhase;
			buildActionMask = 2147483647;
			files = (
				BF0D03622DEDA95900115365 /* BiliBiliMDDylib.m in Sources */,
				BF0D03332DEDA95900115365 /* MDCycriptManager.m in Sources */,
				BF0D033C2DEDA95900115365 /* a1a2-selectortramps-arm64.s in Sources */,
				BF0D033A2DEDA95900115365 /* a1a2-selectortramps-arm.s in Sources */,
				BF0D03402DEDA95900115365 /* a1a2-selectortramps-x86_64.s in Sources */,
				BF0D034A2DEDA95900115365 /* OCMethodTrace.m in Sources */,
				BF0D032F2DEDA95900115365 /* MDConfigManager.m in Sources */,
				BF0D035C2DEDA95900115365 /* fishhook.c in Sources */,
				BFB53D312E23D77D0052AAA7 /* NJRcmdCmDoubleV9Entry.m in Sources */,
				BFB53D322E23D77D0052AAA7 /* NJAnimeChannelBannerEntity.m in Sources */,
				BFB53D332E23D77D0052AAA7 /* NJRcmdCardDataItem.m in Sources */,
				BFB53D342E23D77D0052AAA7 /* NJLiveSecondGetListDataItem.m in Sources */,
				BFB53D352E23D77D0052AAA7 /* NJDetailAd.mm in Sources */,
				BFB53D362E23D77D0052AAA7 /* NJNetworkService.mm in Sources */,
				BFB53D372E23D77D0052AAA7 /* NJLiveIndexFeedCardEntity.m in Sources */,
				BFB53D382E23D77D0052AAA7 /* NJApiDataManger.m in Sources */,
				BFB53D392E23D77D0052AAA7 /* NJDynamicAd.mm in Sources */,
				BFB53D3A2E23D77D0052AAA7 /* NJCommonDefine.m in Sources */,
				BFB53D3B2E23D77D0052AAA7 /* NJAnimeChannelCardHandler.m in Sources */,
				BFB53D3C2E23D77D0052AAA7 /* UIViewController+NJFind.m in Sources */,
				BFB53D3D2E23D77D0052AAA7 /* NJRcmdCardEntry.m in Sources */,
				BFB53D3E2E23D77D0052AAA7 /* NJSearchSquareCardEntity.m in Sources */,
				BFB53D3F2E23D77D0052AAA7 /* NJSearchResultAd.mm in Sources */,
				BFB53D402E23D77D0052AAA7 /* NJLiveIndexFeedActivityCardV1Entity.m in Sources */,
				BFB53D412E23D77D0052AAA7 /* NJLiveDetailAd.mm in Sources */,
				BFB53D422E23D77D0052AAA7 /* NJSearchSquareRecommendEntity.m in Sources */,
				BFB53D432E23D77D0052AAA7 /* NJLiveIndexFeedDataItem.m in Sources */,
				BFB53D442E23D77D0052AAA7 /* NJLiveIndexFeedCardHandler.m in Sources */,
				BFB53D452E23D77D0052AAA7 /* NJLiveIndexFeedBannerV1Entity.m in Sources */,
				BFB53D462E23D77D0052AAA7 /* NJRcmdCmV2Entry.m in Sources */,
				BFB53D472E23D77D0052AAA7 /* NJHotTopicAd.mm in Sources */,
				BFB53D482E23D77D0052AAA7 /* UIApplication+NJCategory.m in Sources */,
				BFB53D492E23D77D0052AAA7 /* NJLiveIndexFeedBannerV2Entity.m in Sources */,
				BFB53D4A2E23D77D0052AAA7 /* NJAnimeChannelCardEntity.m in Sources */,
				BFB53D4B2E23D77D0052AAA7 /* NJRcmdAd.mm in Sources */,
				BFB53D4C2E23D77D0052AAA7 /* NJLaunchAd.m in Sources */,
				BFB53D4D2E23D77D0052AAA7 /* NJDebug.mm in Sources */,
				BFB53D4E2E23D77D0052AAA7 /* NJRcmdBannerV8Entry.m in Sources */,
				BFB53D4F2E23D77D0052AAA7 /* NJRcmdCardHandler.m in Sources */,
				BFB53D502E23D77D0052AAA7 /* NJAnimeChannelDataItem.m in Sources */,
				BFB53D512E23D77D0052AAA7 /* NJSearchSquareDataItem.m in Sources */,
				BFB53D522E23D77D0052AAA7 /* NSURL+NJPath.m in Sources */,
				BFB53D532E23D77D0052AAA7 /* NJRcmdSmallCoverV2Entry.m in Sources */,
				BFB53D542E23D77D0052AAA7 /* NJSearchSquareCardHandler.m in Sources */,
				BFB53D552E23D77D0052AAA7 /* NJApiDataItem.m in Sources */,
				BF0D03592DEDA95900115365 /* AntiAntiDebug.m in Sources */,
				BF0D034E2DEDA95900115365 /* OCSelectorTrampolines.mm in Sources */,
				BF0D033E2DEDA95900115365 /* a1a2-selectortramps-i386.s in Sources */,
				BF0D03442DEDA95900115365 /* a2a3-selectortramps-i386.s in Sources */,
				BF0D03422DEDA95900115365 /* a2a3-selectortramps-arm.s in Sources */,
				BF0D03542DEDA95900115365 /* LLDBTools.mm in Sources */,
				BF0D03462DEDA95900115365 /* a2a3-selectortramps-x86_64.s in Sources */,
				BF0D03372DEDA95900115365 /* MDMethodTrace.m in Sources */,
			);
			runOnlyForDeploymentPostprocessing = 0;
		};
/* End PBXSourcesBuildPhase section */

/* Begin PBXTargetDependency section */
		BF0D031E2DEDA95900115365 /* PBXTargetDependency */ = {
			isa = PBXTargetDependency;
			target = BF0D031A2DEDA95900115365 /* BiliBiliMDDylib */;
			targetProxy = BF0D031D2DEDA95900115365 /* PBXContainerItemProxy */;
		};
/* End PBXTargetDependency section */

/* Begin XCBuildConfiguration section */
		BF0D03652DEDA95900115365 /* Debug */ = {
			isa = XCBuildConfiguration;
			buildSettings = {
				CODE_SIGN_STYLE = Automatic;
				DEVELOPMENT_TEAM = E435LNP339;
				DYLIB_COMPATIBILITY_VERSION = 1;
				DYLIB_CURRENT_VERSION = 1;
				ENABLE_BITCODE = NO;
				ENABLE_USER_SCRIPT_SANDBOXING = NO;
				EXCLUDED_RECURSIVE_SEARCH_PATH_SUBDIRECTORIES = "*.nib *.lproj *.gch (*) .DS_Store CVS .svn .git .hg *.xcodeproj *.xcode *.pbproj *.pbxproj";
				EXECUTABLE_PREFIX = lib;
				FRAMEWORK_SEARCH_PATHS = (
					"$(inherited)",
					"$(MonkeyDevPath)/Frameworks/**",
					"$(MonkeyDevPath)/Librarys/**",
					"$(MonkeyDevTheosPath)/vendor/lib",
				);
				GCC_C_LANGUAGE_STANDARD = gnu99;
				GCC_PRECOMPILE_PREFIX_HEADER = YES;
				GCC_PREFIX_HEADER = "BiliBiliMDDylib/BiliBiliMDDylib-Prefix.pch";
				GCC_SYMBOLS_PRIVATE_EXTERN = NO;
				GCC_WARN_ABOUT_MISSING_PROTOTYPES = YES;
				GCC_WARN_ABOUT_RETURN_TYPE = YES;
				HEADER_SEARCH_PATHS = (
					"$(inherited)",
					"$(MonkeyDevPath)/include",
					"$(MonkeyDevTheosPath)/vendor/include/**",
				);
				INSTALL_PATH = "@executable_path/Frameworks/libBiliBiliMDDylib.dylib";
				LD_RUNPATH_SEARCH_PATHS = (
					"$(inherited)",
					"@executable_path/Frameworks",
				);
				LIBRARY_SEARCH_PATHS = (
					"$(inherited)",
					"$(MonkeyDevPath)/Frameworks",
					"$(MonkeyDevTheosPath)/vendor/lib/**",
				);
				MonkeyDevPath = /opt/MonkeyDev;
				MonkeyDevTheosPath = /opt/theos;
				OTHER_CFLAGS = (
					"$(inherited)",
					"-DTHEOS_INSTANCE_NAME=\"\\\"BiliBiliMDDylib\\\"\"",
				);
				OTHER_LDFLAGS = (
					"$(inherited)",
					"-weak_library",
					"$(MonkeyDevPath)/Frameworks/libsubstrate.dylib",
					"-lcycript",
					"-framework",
					RevealServer,
				);
				PRODUCT_NAME = "$(TARGET_NAME)";
				TARGETED_DEVICE_FAMILY = "1,2";
				VALIDATE_PRODUCT = NO;
			};
			name = Debug;
		};
		BF0D03662DEDA95900115365 /* Release */ = {
			isa = XCBuildConfiguration;
			buildSettings = {
				CODE_SIGN_STYLE = Automatic;
				COPY_PHASE_STRIP = YES;
				DEVELOPMENT_TEAM = E435LNP339;
				DYLIB_COMPATIBILITY_VERSION = 1;
				DYLIB_CURRENT_VERSION = 1;
				ENABLE_BITCODE = NO;
				ENABLE_USER_SCRIPT_SANDBOXING = NO;
				EXCLUDED_RECURSIVE_SEARCH_PATH_SUBDIRECTORIES = "*.nib *.lproj *.gch (*) .DS_Store CVS .svn .git .hg *.xcodeproj *.xcode *.pbproj *.pbxproj";
				EXECUTABLE_PREFIX = lib;
				FRAMEWORK_SEARCH_PATHS = (
					"$(inherited)",
					"$(MonkeyDevPath)/Frameworks/**",
					"$(MonkeyDevPath)/Librarys/**",
					"$(MonkeyDevTheosPath)/vendor/lib",
				);
				GCC_C_LANGUAGE_STANDARD = gnu99;
				GCC_PRECOMPILE_PREFIX_HEADER = YES;
				GCC_PREFIX_HEADER = "BiliBiliMDDylib/BiliBiliMDDylib-Prefix.pch";
				GCC_WARN_ABOUT_MISSING_PROTOTYPES = YES;
				GCC_WARN_ABOUT_RETURN_TYPE = YES;
				HEADER_SEARCH_PATHS = (
					"$(inherited)",
					"$(MonkeyDevPath)/include",
					"$(MonkeyDevTheosPath)/vendor/include/**",
				);
				INSTALL_PATH = "@executable_path/Frameworks/libBiliBiliMDDylib.dylib";
				LD_RUNPATH_SEARCH_PATHS = (
					"$(inherited)",
					"@executable_path/Frameworks",
				);
				LIBRARY_SEARCH_PATHS = (
					"$(inherited)",
					"$(MonkeyDevPath)/Frameworks",
					"$(MonkeyDevTheosPath)/vendor/lib/**",
				);
				MonkeyDevPath = /opt/MonkeyDev;
				MonkeyDevTheosPath = /opt/theos;
				OTHER_CFLAGS = (
					"$(inherited)",
					"-DTHEOS_INSTANCE_NAME=\"\\\"BiliBiliMDDylib\\\"\"",
				);
				OTHER_LDFLAGS = (
					"$(inherited)",
					"-weak_library",
					"$(MonkeyDevPath)/Frameworks/libsubstrate.dylib",
				);
				PRODUCT_NAME = "$(TARGET_NAME)";
				TARGETED_DEVICE_FAMILY = "1,2";
			};
			name = Release;
		};
		BF0D03682DEDA95900115365 /* Debug */ = {
			isa = XCBuildConfiguration;
			buildSettings = {
				CODE_SIGN_STYLE = Automatic;
				CURRENT_PROJECT_VERSION = 1;
				DEVELOPMENT_TEAM = E435LNP339;
				ENABLE_BITCODE = NO;
				ENABLE_USER_SCRIPT_SANDBOXING = NO;
				GENERATE_INFOPLIST_FILE = YES;
				MARKETING_VERSION = 1.0;
				MONKEYDEV_ADD_SUBSTRATE = YES;
				MONKEYDEV_CLASS_DUMP = NO;
				MONKEYDEV_DEFAULT_BUNDLEID = NO;
				MONKEYDEV_INSERT_DYLIB = YES;
				MONKEYDEV_RESTORE_SYMBOL = NO;
				MONKEYDEV_TARGET_APP = "哔哩哔哩";
				PODS_CONFIGURATION_BUILD_DIR = "$BUILD_DIR/$(CONFIGURATION)$(EFFECTIVE_PLATFORM_NAME)";
				PODS_ROOT = "${SRCROOT}/Pods";
				PRODUCT_BUNDLE_IDENTIFIER = com.cxz.test.BiliBiliMD;
				PRODUCT_NAME = "$(TARGET_NAME)";
				SWIFT_EMIT_LOC_STRINGS = YES;
				TARGETED_DEVICE_FAMILY = "1,2";
			};
			name = Debug;
		};
		BF0D03692DEDA95900115365 /* Release */ = {
			isa = XCBuildConfiguration;
			buildSettings = {
				CODE_SIGN_STYLE = Automatic;
				CURRENT_PROJECT_VERSION = 1;
				DEVELOPMENT_TEAM = E435LNP339;
				ENABLE_BITCODE = NO;
				ENABLE_USER_SCRIPT_SANDBOXING = NO;
				GENERATE_INFOPLIST_FILE = YES;
				MARKETING_VERSION = 1.0;
				MONKEYDEV_ADD_SUBSTRATE = YES;
				MONKEYDEV_CLASS_DUMP = NO;
				MONKEYDEV_DEFAULT_BUNDLEID = NO;
				MONKEYDEV_INSERT_DYLIB = YES;
				MONKEYDEV_RESTORE_SYMBOL = NO;
				MONKEYDEV_TARGET_APP = "哔哩哔哩";
				PODS_CONFIGURATION_BUILD_DIR = "$BUILD_DIR/$(CONFIGURATION)$(EFFECTIVE_PLATFORM_NAME)";
				PODS_ROOT = "${SRCROOT}/Pods";
				PRODUCT_BUNDLE_IDENTIFIER = com.cxz.test.BiliBiliMD;
				PRODUCT_NAME = "$(TARGET_NAME)";
				SWIFT_EMIT_LOC_STRINGS = YES;
				TARGETED_DEVICE_FAMILY = "1,2";
			};
			name = Release;
		};
		BF0D036A2DEDA95900115365 /* Debug */ = {
			isa = XCBuildConfiguration;
			buildSettings = {
				ALWAYS_SEARCH_USER_PATHS = NO;
				ASSETCATALOG_COMPILER_GENERATE_SWIFT_ASSET_SYMBOL_EXTENSIONS = YES;
				CLANG_ANALYZER_NONNULL = YES;
				CLANG_ANALYZER_NUMBER_OBJECT_CONVERSION = YES_AGGRESSIVE;
				CLANG_CXX_LANGUAGE_STANDARD = "gnu++20";
				CLANG_ENABLE_MODULES = YES;
				CLANG_ENABLE_OBJC_ARC = YES;
				CLANG_ENABLE_OBJC_WEAK = YES;
				CLANG_WARN_BLOCK_CAPTURE_AUTORELEASING = YES;
				CLANG_WARN_BOOL_CONVERSION = YES;
				CLANG_WARN_COMMA = YES;
				CLANG_WARN_CONSTANT_CONVERSION = YES;
				CLANG_WARN_DEPRECATED_OBJC_IMPLEMENTATIONS = YES;
				CLANG_WARN_DIRECT_OBJC_ISA_USAGE = YES_ERROR;
				CLANG_WARN_DOCUMENTATION_COMMENTS = YES;
				CLANG_WARN_EMPTY_BODY = YES;
				CLANG_WARN_ENUM_CONVERSION = YES;
				CLANG_WARN_INFINITE_RECURSION = YES;
				CLANG_WARN_INT_CONVERSION = YES;
				CLANG_WARN_NON_LITERAL_NULL_CONVERSION = YES;
				CLANG_WARN_OBJC_IMPLICIT_RETAIN_SELF = YES;
				CLANG_WARN_OBJC_LITERAL_CONVERSION = YES;
				CLANG_WARN_OBJC_ROOT_CLASS = YES_ERROR;
				CLANG_WARN_QUOTED_INCLUDE_IN_FRAMEWORK_HEADER = YES;
				CLANG_WARN_RANGE_LOOP_ANALYSIS = YES;
				CLANG_WARN_STRICT_PROTOTYPES = YES;
				CLANG_WARN_SUSPICIOUS_MOVE = YES;
				CLANG_WARN_UNGUARDED_AVAILABILITY = YES_AGGRESSIVE;
				CLANG_WARN_UNREACHABLE_CODE = YES;
				CLANG_WARN__DUPLICATE_METHOD_MATCH = YES;
				COPY_PHASE_STRIP = NO;
				DEBUG_INFORMATION_FORMAT = dwarf;
				ENABLE_STRICT_OBJC_MSGSEND = YES;
				ENABLE_TESTABILITY = YES;
				ENABLE_USER_SCRIPT_SANDBOXING = YES;
				GCC_C_LANGUAGE_STANDARD = gnu17;
				GCC_DYNAMIC_NO_PIC = NO;
				GCC_NO_COMMON_BLOCKS = YES;
				GCC_OPTIMIZATION_LEVEL = 0;
				GCC_PREPROCESSOR_DEFINITIONS = (
					"DEBUG=1",
					"$(inherited)",
				);
				GCC_WARN_64_TO_32_BIT_CONVERSION = YES;
				GCC_WARN_ABOUT_RETURN_TYPE = YES_ERROR;
				GCC_WARN_UNDECLARED_SELECTOR = YES;
				GCC_WARN_UNINITIALIZED_AUTOS = YES_AGGRESSIVE;
				GCC_WARN_UNUSED_FUNCTION = YES;
				GCC_WARN_UNUSED_VARIABLE = YES;
				IPHONEOS_DEPLOYMENT_TARGET = 13.0;
				LOCALIZATION_PREFERS_STRING_CATALOGS = YES;
				MTL_ENABLE_DEBUG_INFO = INCLUDE_SOURCE;
				MTL_FAST_MATH = YES;
				ONLY_ACTIVE_ARCH = YES;
				SDKROOT = iphoneos;
			};
			name = Debug;
		};
		BF0D036B2DEDA95900115365 /* Release */ = {
			isa = XCBuildConfiguration;
			buildSettings = {
				ALWAYS_SEARCH_USER_PATHS = NO;
				ASSETCATALOG_COMPILER_GENERATE_SWIFT_ASSET_SYMBOL_EXTENSIONS = YES;
				CLANG_ANALYZER_NONNULL = YES;
				CLANG_ANALYZER_NUMBER_OBJECT_CONVERSION = YES_AGGRESSIVE;
				CLANG_CXX_LANGUAGE_STANDARD = "gnu++20";
				CLANG_ENABLE_MODULES = YES;
				CLANG_ENABLE_OBJC_ARC = YES;
				CLANG_ENABLE_OBJC_WEAK = YES;
				CLANG_WARN_BLOCK_CAPTURE_AUTORELEASING = YES;
				CLANG_WARN_BOOL_CONVERSION = YES;
				CLANG_WARN_COMMA = YES;
				CLANG_WARN_CONSTANT_CONVERSION = YES;
				CLANG_WARN_DEPRECATED_OBJC_IMPLEMENTATIONS = YES;
				CLANG_WARN_DIRECT_OBJC_ISA_USAGE = YES_ERROR;
				CLANG_WARN_DOCUMENTATION_COMMENTS = YES;
				CLANG_WARN_EMPTY_BODY = YES;
				CLANG_WARN_ENUM_CONVERSION = YES;
				CLANG_WARN_INFINITE_RECURSION = YES;
				CLANG_WARN_INT_CONVERSION = YES;
				CLANG_WARN_NON_LITERAL_NULL_CONVERSION = YES;
				CLANG_WARN_OBJC_IMPLICIT_RETAIN_SELF = YES;
				CLANG_WARN_OBJC_LITERAL_CONVERSION = YES;
				CLANG_WARN_OBJC_ROOT_CLASS = YES_ERROR;
				CLANG_WARN_QUOTED_INCLUDE_IN_FRAMEWORK_HEADER = YES;
				CLANG_WARN_RANGE_LOOP_ANALYSIS = YES;
				CLANG_WARN_STRICT_PROTOTYPES = YES;
				CLANG_WARN_SUSPICIOUS_MOVE = YES;
				CLANG_WARN_UNGUARDED_AVAILABILITY = YES_AGGRESSIVE;
				CLANG_WARN_UNREACHABLE_CODE = YES;
				CLANG_WARN__DUPLICATE_METHOD_MATCH = YES;
				COPY_PHASE_STRIP = NO;
				DEBUG_INFORMATION_FORMAT = "dwarf-with-dsym";
				ENABLE_NS_ASSERTIONS = NO;
				ENABLE_STRICT_OBJC_MSGSEND = YES;
				ENABLE_USER_SCRIPT_SANDBOXING = YES;
				GCC_C_LANGUAGE_STANDARD = gnu17;
				GCC_NO_COMMON_BLOCKS = YES;
				GCC_WARN_64_TO_32_BIT_CONVERSION = YES;
				GCC_WARN_ABOUT_RETURN_TYPE = YES_ERROR;
				GCC_WARN_UNDECLARED_SELECTOR = YES;
				GCC_WARN_UNINITIALIZED_AUTOS = YES_AGGRESSIVE;
				GCC_WARN_UNUSED_FUNCTION = YES;
				GCC_WARN_UNUSED_VARIABLE = YES;
				IPHONEOS_DEPLOYMENT_TARGET = 13.0;
				LOCALIZATION_PREFERS_STRING_CATALOGS = YES;
				MTL_ENABLE_DEBUG_INFO = NO;
				MTL_FAST_MATH = YES;
				SDKROOT = iphoneos;
				VALIDATE_PRODUCT = YES;
			};
			name = Release;
		};
/* End XCBuildConfiguration section */

/* Begin XCConfigurationList section */
		BF0D03022DEDA95900115365 /* Build configuration list for PBXProject "BiliBiliMD" */ = {
			isa = XCConfigurationList;
			buildConfigurations = (
				BF0D036A2DEDA95900115365 /* Debug */,
				BF0D036B2DEDA95900115365 /* Release */,
			);
			defaultConfigurationIsVisible = 0;
			defaultConfigurationName = Release;
		};
		BF0D03642DEDA95900115365 /* Build configuration list for PBXNativeTarget "BiliBiliMDDylib" */ = {
			isa = XCConfigurationList;
			buildConfigurations = (
				BF0D03652DEDA95900115365 /* Debug */,
				BF0D03662DEDA95900115365 /* Release */,
			);
			defaultConfigurationIsVisible = 0;
			defaultConfigurationName = Release;
		};
		BF0D03672DEDA95900115365 /* Build configuration list for PBXNativeTarget "BiliBiliMD" */ = {
			isa = XCConfigurationList;
			buildConfigurations = (
				BF0D03682DEDA95900115365 /* Debug */,
				BF0D03692DEDA95900115365 /* Release */,
			);
			defaultConfigurationIsVisible = 0;
			defaultConfigurationName = Release;
		};
/* End XCConfigurationList section */
	};
	rootObject = BF0D02FF2DEDA95900115365 /* Project object */;
}
